
Microsoft Visual Studio Solution File, Format Version 12.00
# Visual Studio 14
VisualStudioVersion = 14.0.25420.1
MinimumVisualStudioVersion = 10.0.40219.1
Project("{FAE04EC0-301F-11D3-BF4B-00C04F79EFBC}") = "zxing.net4.5", "Source\lib\zxing.net4.5.csproj", "{24074395-0196-4204-B516-CB6DBA2FC4B9}"
EndProject
Project("{2150E333-8FDC-42A3-9474-1A3956D46DE8}") = "Clients", "Clients", "{5D107164-A3D8-44DB-B4DD-34F1C39D2C56}"
EndProject
Project("{2150E333-8FDC-42A3-9474-1A3956D46DE8}") = "Icons", "Icons", "{AF72F45B-8305-4B44-A28A-5F477E6E8533}"
	ProjectSection(SolutionItems) = preProject
		Icons\logo.ai = Icons\logo.ai
		Icons\logo.jpg = Icons\logo.jpg
		Icons\logo_logo with text.svg = Icons\logo_logo with text.svg
		Icons\logo_logo without text.svg = Icons\logo_logo without text.svg
	EndProjectSection
EndProject
Project("{2150E333-8FDC-42A3-9474-1A3956D46DE8}") = "Solution Items", "Solution Items", "{5AD503BD-3437-42CA-9FBA-BDEC10D7908F}"
	ProjectSection(SolutionItems) = preProject
		global.json = global.json
	EndProjectSection
EndProject
Project("{FAE04EC0-301F-11D3-BF4B-00C04F79EFBC}") = "zxing.net4.5.presentation", "Source\lib\zxing.net4.5.presentation.csproj", "{D038EDF8-2DB4-4E21-B369-12C115583A81}"
EndProject
Project("{FAE04EC0-301F-11D3-BF4B-00C04F79EFBC}") = "zxing.net4.6", "Source\lib\zxing.net4.6.csproj", "{E028CBEC-BD08-4A0F-B4BB-C7EC413A16C1}"
EndProject
Project("{FAE04EC0-301F-11D3-BF4B-00C04F79EFBC}") = "zxing.net4.6.presentation", "Source\lib\zxing.net4.6.presentation.csproj", "{2C7ED1D1-AE0E-4244-87A3-C3CC13DD0659}"
EndProject
Project("{2150E333-8FDC-42A3-9474-1A3956D46DE8}") = "Documentation", "Documentation", "{6F514258-1261-4466-9FFD-11B74056BF6C}"
EndProject
Project("{FAE04EC0-301F-11D3-BF4B-00C04F79EFBC}") = "zxing.net2.0", "Source\lib\zxing.net2.0.csproj", "{41B69545-AAB6-42A6-96A0-6F6817E654A3}"
EndProject
Project("{FAE04EC0-301F-11D3-BF4B-00C04F79EFBC}") = "zxing.net3.5", "Source\lib\zxing.net3.5.csproj", "{E9498F6A-0FA7-4E34-BD38-9C54DC800941}"
EndProject
Project("{FAE04EC0-301F-11D3-BF4B-00C04F79EFBC}") = "zxing.net4.0", "Source\lib\zxing.net4.0.csproj", "{6431CF13-7A7B-4602-B96A-47CDA6F0B008}"
EndProject
Project("{FAE04EC0-301F-11D3-BF4B-00C04F79EFBC}") = "zxing.net4.0.presentation", "Source\lib\zxing.net4.0.presentation.csproj", "{EA513204-63F3-4C50-992D-08FF430B6F70}"
EndProject
Project("{FAE04EC0-301F-11D3-BF4B-00C04F79EFBC}") = "zxing.test", "Source\test\src\zxing.test.csproj", "{D90C151C-5F70-4890-9B10-97955EC809ED}"
EndProject
Project("{FAE04EC0-301F-11D3-BF4B-00C04F79EFBC}") = "zxing.uwp", "Source\lib\uwp\zxing.uwp.csproj", "{54DA849E-B814-40D9-BB71-DA74D78441A4}"
EndProject
Project("{FAE04EC0-301F-11D3-BF4B-00C04F79EFBC}") = "zxing.unity", "Source\lib\zxing.unity.csproj", "{FD386CF5-E9CD-442C-A44C-B7D996E68CCC}"
EndProject
Project("{FAE04EC0-301F-11D3-BF4B-00C04F79EFBC}") = "zxing.interop", "Source\interop\zxing.interop.csproj", "{3955595F-CB1E-4947-B741-9F305605298D}"
EndProject
Project("{FAE04EC0-301F-11D3-BF4B-00C04F79EFBC}") = "zxing.sl5", "Source\lib\zxing.sl5.csproj", "{A3D48B9C-42A0-4FC8-BB58-D368F239DEBF}"
EndProject
Project("{8BB2217D-0F2D-49D1-97BC-3654ED321F3B}") = "zxing.netcore", "Source\lib\netstandard\zxing.netcore.xproj", "{302FE042-CE2F-4367-A834-8C0492294BF9}"
EndProject
Project("{2150E333-8FDC-42A3-9474-1A3956D46DE8}") = "Bindings", "Bindings", "{0ED9FFA0-3269-47C1-8A1C-60D894163352}"
EndProject
Project("{8BB2217D-0F2D-49D1-97BC-3654ED321F3B}") = "ZXing.ImageSharp", "Source\adapters\ZXing.ImageSharp\ZXing.ImageSharp.xproj", "{698281F7-355D-4146-B7FC-3A2DF2963122}"
EndProject
Project("{8BB2217D-0F2D-49D1-97BC-3654ED321F3B}") = "ZXing.OpenCV", "Source\adapters\ZXing.OpenCV\ZXing.OpenCV.xproj", "{48ABA685-11FE-4C9D-A9CA-A5EA8A67FA0B}"
EndProject
Project("{8BB2217D-0F2D-49D1-97BC-3654ED321F3B}") = "ZXing.CoreCompat.System.Drawing", "Source\adapters\ZXing.CoreCompat.System.Drawing\ZXing.CoreCompat.System.Drawing.xproj", "{AD35609D-D9B2-4690-A478-27C9022BBF7D}"
EndProject
Project("{8BB2217D-0F2D-49D1-97BC-3654ED321F3B}") = "ZXing.Magick", "Source\adapters\ZXing.Magick\ZXing.Magick.xproj", "{E1D874E4-4E0F-4427-99D8-4B408F0F8DB0}"
EndProject
Project("{FAE04EC0-301F-11D3-BF4B-00C04F79EFBC}") = "WindowsFormsDemo", "Clients\WindowsFormsDemo\WindowsFormsDemo.csproj", "{D21445EE-13AF-418B-9576-83414990B3A7}"
EndProject
Project("{8BB2217D-0F2D-49D1-97BC-3654ED321F3B}") = "ZXing.SkiaSharp", "Source\adapters\ZXing.SkiaSharp\ZXing.SkiaSharp.xproj", "{E5DF444D-D8B3-49D3-801B-59B6B1E90901}"
EndProject
Global
	GlobalSection(SolutionConfigurationPlatforms) = preSolution
		Debug|Any CPU = Debug|Any CPU
		Debug|ARM = Debug|ARM
		Debug|x64 = Debug|x64
		Debug|x86 = Debug|x86
		Release with Documentation|Any CPU = Release with Documentation|Any CPU
		Release with Documentation|ARM = Release with Documentation|ARM
		Release with Documentation|x64 = Release with Documentation|x64
		Release with Documentation|x86 = Release with Documentation|x86
		Release|Any CPU = Release|Any CPU
		Release|ARM = Release|ARM
		Release|x64 = Release|x64
		Release|x86 = Release|x86
	EndGlobalSection
	GlobalSection(ProjectConfigurationPlatforms) = postSolution
		{24074395-0196-4204-B516-CB6DBA2FC4B9}.Debug|Any CPU.ActiveCfg = Debug|Any CPU
		{24074395-0196-4204-B516-CB6DBA2FC4B9}.Debug|Any CPU.Build.0 = Debug|Any CPU
		{24074395-0196-4204-B516-CB6DBA2FC4B9}.Debug|ARM.ActiveCfg = Debug|Any CPU
		{24074395-0196-4204-B516-CB6DBA2FC4B9}.Debug|x64.ActiveCfg = Debug|Any CPU
		{24074395-0196-4204-B516-CB6DBA2FC4B9}.Debug|x86.ActiveCfg = Debug|Any CPU
		{24074395-0196-4204-B516-CB6DBA2FC4B9}.Release with Documentation|Any CPU.ActiveCfg = Release|Any CPU
		{24074395-0196-4204-B516-CB6DBA2FC4B9}.Release with Documentation|Any CPU.Build.0 = Release|Any CPU
		{24074395-0196-4204-B516-CB6DBA2FC4B9}.Release with Documentation|ARM.ActiveCfg = Release|Any CPU
		{24074395-0196-4204-B516-CB6DBA2FC4B9}.Release with Documentation|x64.ActiveCfg = Release|Any CPU
		{24074395-0196-4204-B516-CB6DBA2FC4B9}.Release with Documentation|x86.ActiveCfg = Release|Any CPU
		{24074395-0196-4204-B516-CB6DBA2FC4B9}.Release|Any CPU.ActiveCfg = Release|Any CPU
		{24074395-0196-4204-B516-CB6DBA2FC4B9}.Release|Any CPU.Build.0 = Release|Any CPU
		{24074395-0196-4204-B516-CB6DBA2FC4B9}.Release|ARM.ActiveCfg = Release|Any CPU
		{24074395-0196-4204-B516-CB6DBA2FC4B9}.Release|x64.ActiveCfg = Release|Any CPU
		{24074395-0196-4204-B516-CB6DBA2FC4B9}.Release|x86.ActiveCfg = Release|Any CPU
		{D038EDF8-2DB4-4E21-B369-12C115583A81}.Debug|Any CPU.ActiveCfg = Debug|Any CPU
		{D038EDF8-2DB4-4E21-B369-12C115583A81}.Debug|Any CPU.Build.0 = Debug|Any CPU
		{D038EDF8-2DB4-4E21-B369-12C115583A81}.Debug|ARM.ActiveCfg = Debug|Any CPU
		{D038EDF8-2DB4-4E21-B369-12C115583A81}.Debug|x64.ActiveCfg = Debug|Any CPU
		{D038EDF8-2DB4-4E21-B369-12C115583A81}.Debug|x86.ActiveCfg = Debug|Any CPU
		{D038EDF8-2DB4-4E21-B369-12C115583A81}.Release with Documentation|Any CPU.ActiveCfg = Release|Any CPU
		{D038EDF8-2DB4-4E21-B369-12C115583A81}.Release with Documentation|Any CPU.Build.0 = Release|Any CPU
		{D038EDF8-2DB4-4E21-B369-12C115583A81}.Release with Documentation|ARM.ActiveCfg = Release|Any CPU
		{D038EDF8-2DB4-4E21-B369-12C115583A81}.Release with Documentation|x64.ActiveCfg = Release|Any CPU
		{D038EDF8-2DB4-4E21-B369-12C115583A81}.Release with Documentation|x86.ActiveCfg = Release|Any CPU
		{D038EDF8-2DB4-4E21-B369-12C115583A81}.Release|Any CPU.ActiveCfg = Release|Any CPU
		{D038EDF8-2DB4-4E21-B369-12C115583A81}.Release|Any CPU.Build.0 = Release|Any CPU
		{D038EDF8-2DB4-4E21-B369-12C115583A81}.Release|ARM.ActiveCfg = Release|Any CPU
		{D038EDF8-2DB4-4E21-B369-12C115583A81}.Release|x64.ActiveCfg = Release|Any CPU
		{D038EDF8-2DB4-4E21-B369-12C115583A81}.Release|x86.ActiveCfg = Release|Any CPU
		{E028CBEC-BD08-4A0F-B4BB-C7EC413A16C1}.Debug|Any CPU.ActiveCfg = Debug|Any CPU
		{E028CBEC-BD08-4A0F-B4BB-C7EC413A16C1}.Debug|Any CPU.Build.0 = Debug|Any CPU
		{E028CBEC-BD08-4A0F-B4BB-C7EC413A16C1}.Debug|ARM.ActiveCfg = Debug|Any CPU
		{E028CBEC-BD08-4A0F-B4BB-C7EC413A16C1}.Debug|x64.ActiveCfg = Debug|Any CPU
		{E028CBEC-BD08-4A0F-B4BB-C7EC413A16C1}.Debug|x86.ActiveCfg = Debug|Any CPU
		{E028CBEC-BD08-4A0F-B4BB-C7EC413A16C1}.Release with Documentation|Any CPU.ActiveCfg = Release|Any CPU
		{E028CBEC-BD08-4A0F-B4BB-C7EC413A16C1}.Release with Documentation|Any CPU.Build.0 = Release|Any CPU
		{E028CBEC-BD08-4A0F-B4BB-C7EC413A16C1}.Release with Documentation|ARM.ActiveCfg = Release|Any CPU
		{E028CBEC-BD08-4A0F-B4BB-C7EC413A16C1}.Release with Documentation|x64.ActiveCfg = Release|Any CPU
		{E028CBEC-BD08-4A0F-B4BB-C7EC413A16C1}.Release with Documentation|x86.ActiveCfg = Release|Any CPU
		{E028CBEC-BD08-4A0F-B4BB-C7EC413A16C1}.Release|Any CPU.ActiveCfg = Release|Any CPU
		{E028CBEC-BD08-4A0F-B4BB-C7EC413A16C1}.Release|Any CPU.Build.0 = Release|Any CPU
		{E028CBEC-BD08-4A0F-B4BB-C7EC413A16C1}.Release|ARM.ActiveCfg = Release|Any CPU
		{E028CBEC-BD08-4A0F-B4BB-C7EC413A16C1}.Release|x64.ActiveCfg = Release|Any CPU
		{E028CBEC-BD08-4A0F-B4BB-C7EC413A16C1}.Release|x86.ActiveCfg = Release|Any CPU
		{2C7ED1D1-AE0E-4244-87A3-C3CC13DD0659}.Debug|Any CPU.ActiveCfg = Debug|Any CPU
		{2C7ED1D1-AE0E-4244-87A3-C3CC13DD0659}.Debug|Any CPU.Build.0 = Debug|Any CPU
		{2C7ED1D1-AE0E-4244-87A3-C3CC13DD0659}.Debug|ARM.ActiveCfg = Debug|Any CPU
		{2C7ED1D1-AE0E-4244-87A3-C3CC13DD0659}.Debug|x64.ActiveCfg = Debug|Any CPU
		{2C7ED1D1-AE0E-4244-87A3-C3CC13DD0659}.Debug|x86.ActiveCfg = Debug|Any CPU
		{2C7ED1D1-AE0E-4244-87A3-C3CC13DD0659}.Release with Documentation|Any CPU.ActiveCfg = Release|Any CPU
		{2C7ED1D1-AE0E-4244-87A3-C3CC13DD0659}.Release with Documentation|Any CPU.Build.0 = Release|Any CPU
		{2C7ED1D1-AE0E-4244-87A3-C3CC13DD0659}.Release with Documentation|ARM.ActiveCfg = Release|Any CPU
		{2C7ED1D1-AE0E-4244-87A3-C3CC13DD0659}.Release with Documentation|x64.ActiveCfg = Release|Any CPU
		{2C7ED1D1-AE0E-4244-87A3-C3CC13DD0659}.Release with Documentation|x86.ActiveCfg = Release|Any CPU
		{2C7ED1D1-AE0E-4244-87A3-C3CC13DD0659}.Release|Any CPU.ActiveCfg = Release|Any CPU
		{2C7ED1D1-AE0E-4244-87A3-C3CC13DD0659}.Release|Any CPU.Build.0 = Release|Any CPU
		{2C7ED1D1-AE0E-4244-87A3-C3CC13DD0659}.Release|ARM.ActiveCfg = Release|Any CPU
		{2C7ED1D1-AE0E-4244-87A3-C3CC13DD0659}.Release|x64.ActiveCfg = Release|Any CPU
		{2C7ED1D1-AE0E-4244-87A3-C3CC13DD0659}.Release|x86.ActiveCfg = Release|Any CPU
		{41B69545-AAB6-42A6-96A0-6F6817E654A3}.Debug|Any CPU.ActiveCfg = Debug|Any CPU
		{41B69545-AAB6-42A6-96A0-6F6817E654A3}.Debug|Any CPU.Build.0 = Debug|Any CPU
		{41B69545-AAB6-42A6-96A0-6F6817E654A3}.Debug|ARM.ActiveCfg = Debug|Any CPU
		{41B69545-AAB6-42A6-96A0-6F6817E654A3}.Debug|ARM.Build.0 = Debug|Any CPU
		{41B69545-AAB6-42A6-96A0-6F6817E654A3}.Debug|x64.ActiveCfg = Debug|Any CPU
		{41B69545-AAB6-42A6-96A0-6F6817E654A3}.Debug|x64.Build.0 = Debug|Any CPU
		{41B69545-AAB6-42A6-96A0-6F6817E654A3}.Debug|x86.ActiveCfg = Debug|Any CPU
		{41B69545-AAB6-42A6-96A0-6F6817E654A3}.Debug|x86.Build.0 = Debug|Any CPU
		{41B69545-AAB6-42A6-96A0-6F6817E654A3}.Release with Documentation|Any CPU.ActiveCfg = Release|Any CPU
		{41B69545-AAB6-42A6-96A0-6F6817E654A3}.Release with Documentation|Any CPU.Build.0 = Release|Any CPU
		{41B69545-AAB6-42A6-96A0-6F6817E654A3}.Release with Documentation|ARM.ActiveCfg = Release|Any CPU
		{41B69545-AAB6-42A6-96A0-6F6817E654A3}.Release with Documentation|ARM.Build.0 = Release|Any CPU
		{41B69545-AAB6-42A6-96A0-6F6817E654A3}.Release with Documentation|x64.ActiveCfg = Release|Any CPU
		{41B69545-AAB6-42A6-96A0-6F6817E654A3}.Release with Documentation|x64.Build.0 = Release|Any CPU
		{41B69545-AAB6-42A6-96A0-6F6817E654A3}.Release with Documentation|x86.ActiveCfg = Release|Any CPU
		{41B69545-AAB6-42A6-96A0-6F6817E654A3}.Release with Documentation|x86.Build.0 = Release|Any CPU
		{41B69545-AAB6-42A6-96A0-6F6817E654A3}.Release|Any CPU.ActiveCfg = Release|Any CPU
		{41B69545-AAB6-42A6-96A0-6F6817E654A3}.Release|Any CPU.Build.0 = Release|Any CPU
		{41B69545-AAB6-42A6-96A0-6F6817E654A3}.Release|ARM.ActiveCfg = Release|Any CPU
		{41B69545-AAB6-42A6-96A0-6F6817E654A3}.Release|ARM.Build.0 = Release|Any CPU
		{41B69545-AAB6-42A6-96A0-6F6817E654A3}.Release|x64.ActiveCfg = Release|Any CPU
		{41B69545-AAB6-42A6-96A0-6F6817E654A3}.Release|x64.Build.0 = Release|Any CPU
		{41B69545-AAB6-42A6-96A0-6F6817E654A3}.Release|x86.ActiveCfg = Release|Any CPU
		{41B69545-AAB6-42A6-96A0-6F6817E654A3}.Release|x86.Build.0 = Release|Any CPU
		{E9498F6A-0FA7-4E34-BD38-9C54DC800941}.Debug|Any CPU.ActiveCfg = Debug|Any CPU
		{E9498F6A-0FA7-4E34-BD38-9C54DC800941}.Debug|Any CPU.Build.0 = Debug|Any CPU
		{E9498F6A-0FA7-4E34-BD38-9C54DC800941}.Debug|ARM.ActiveCfg = Debug|Any CPU
		{E9498F6A-0FA7-4E34-BD38-9C54DC800941}.Debug|ARM.Build.0 = Debug|Any CPU
		{E9498F6A-0FA7-4E34-BD38-9C54DC800941}.Debug|x64.ActiveCfg = Debug|Any CPU
		{E9498F6A-0FA7-4E34-BD38-9C54DC800941}.Debug|x64.Build.0 = Debug|Any CPU
		{E9498F6A-0FA7-4E34-BD38-9C54DC800941}.Debug|x86.ActiveCfg = Debug|Any CPU
		{E9498F6A-0FA7-4E34-BD38-9C54DC800941}.Debug|x86.Build.0 = Debug|Any CPU
		{E9498F6A-0FA7-4E34-BD38-9C54DC800941}.Release with Documentation|Any CPU.ActiveCfg = Release|Any CPU
		{E9498F6A-0FA7-4E34-BD38-9C54DC800941}.Release with Documentation|Any CPU.Build.0 = Release|Any CPU
		{E9498F6A-0FA7-4E34-BD38-9C54DC800941}.Release with Documentation|ARM.ActiveCfg = Release|Any CPU
		{E9498F6A-0FA7-4E34-BD38-9C54DC800941}.Release with Documentation|ARM.Build.0 = Release|Any CPU
		{E9498F6A-0FA7-4E34-BD38-9C54DC800941}.Release with Documentation|x64.ActiveCfg = Release|Any CPU
		{E9498F6A-0FA7-4E34-BD38-9C54DC800941}.Release with Documentation|x64.Build.0 = Release|Any CPU
		{E9498F6A-0FA7-4E34-BD38-9C54DC800941}.Release with Documentation|x86.ActiveCfg = Release|Any CPU
		{E9498F6A-0FA7-4E34-BD38-9C54DC800941}.Release with Documentation|x86.Build.0 = Release|Any CPU
		{E9498F6A-0FA7-4E34-BD38-9C54DC800941}.Release|Any CPU.ActiveCfg = Release|Any CPU
		{E9498F6A-0FA7-4E34-BD38-9C54DC800941}.Release|Any CPU.Build.0 = Release|Any CPU
		{E9498F6A-0FA7-4E34-BD38-9C54DC800941}.Release|ARM.ActiveCfg = Release|Any CPU
		{E9498F6A-0FA7-4E34-BD38-9C54DC800941}.Release|ARM.Build.0 = Release|Any CPU
		{E9498F6A-0FA7-4E34-BD38-9C54DC800941}.Release|x64.ActiveCfg = Release|Any CPU
		{E9498F6A-0FA7-4E34-BD38-9C54DC800941}.Release|x64.Build.0 = Release|Any CPU
		{E9498F6A-0FA7-4E34-BD38-9C54DC800941}.Release|x86.ActiveCfg = Release|Any CPU
		{E9498F6A-0FA7-4E34-BD38-9C54DC800941}.Release|x86.Build.0 = Release|Any CPU
		{6431CF13-7A7B-4602-B96A-47CDA6F0B008}.Debug|Any CPU.ActiveCfg = Debug|Any CPU
		{6431CF13-7A7B-4602-B96A-47CDA6F0B008}.Debug|Any CPU.Build.0 = Debug|Any CPU
		{6431CF13-7A7B-4602-B96A-47CDA6F0B008}.Debug|ARM.ActiveCfg = Debug|Any CPU
		{6431CF13-7A7B-4602-B96A-47CDA6F0B008}.Debug|ARM.Build.0 = Debug|Any CPU
		{6431CF13-7A7B-4602-B96A-47CDA6F0B008}.Debug|x64.ActiveCfg = Debug|Any CPU
		{6431CF13-7A7B-4602-B96A-47CDA6F0B008}.Debug|x64.Build.0 = Debug|Any CPU
		{6431CF13-7A7B-4602-B96A-47CDA6F0B008}.Debug|x86.ActiveCfg = Debug|Any CPU
		{6431CF13-7A7B-4602-B96A-47CDA6F0B008}.Debug|x86.Build.0 = Debug|Any CPU
		{6431CF13-7A7B-4602-B96A-47CDA6F0B008}.Release with Documentation|Any CPU.ActiveCfg = Release|Any CPU
		{6431CF13-7A7B-4602-B96A-47CDA6F0B008}.Release with Documentation|Any CPU.Build.0 = Release|Any CPU
		{6431CF13-7A7B-4602-B96A-47CDA6F0B008}.Release with Documentation|ARM.ActiveCfg = Release|Any CPU
		{6431CF13-7A7B-4602-B96A-47CDA6F0B008}.Release with Documentation|ARM.Build.0 = Release|Any CPU
		{6431CF13-7A7B-4602-B96A-47CDA6F0B008}.Release with Documentation|x64.ActiveCfg = Release|Any CPU
		{6431CF13-7A7B-4602-B96A-47CDA6F0B008}.Release with Documentation|x64.Build.0 = Release|Any CPU
		{6431CF13-7A7B-4602-B96A-47CDA6F0B008}.Release with Documentation|x86.ActiveCfg = Release|Any CPU
		{6431CF13-7A7B-4602-B96A-47CDA6F0B008}.Release with Documentation|x86.Build.0 = Release|Any CPU
		{6431CF13-7A7B-4602-B96A-47CDA6F0B008}.Release|Any CPU.ActiveCfg = Release|Any CPU
		{6431CF13-7A7B-4602-B96A-47CDA6F0B008}.Release|Any CPU.Build.0 = Release|Any CPU
		{6431CF13-7A7B-4602-B96A-47CDA6F0B008}.Release|ARM.ActiveCfg = Release|Any CPU
		{6431CF13-7A7B-4602-B96A-47CDA6F0B008}.Release|ARM.Build.0 = Release|Any CPU
		{6431CF13-7A7B-4602-B96A-47CDA6F0B008}.Release|x64.ActiveCfg = Release|Any CPU
		{6431CF13-7A7B-4602-B96A-47CDA6F0B008}.Release|x64.Build.0 = Release|Any CPU
		{6431CF13-7A7B-4602-B96A-47CDA6F0B008}.Release|x86.ActiveCfg = Release|Any CPU
		{6431CF13-7A7B-4602-B96A-47CDA6F0B008}.Release|x86.Build.0 = Release|Any CPU
		{EA513204-63F3-4C50-992D-08FF430B6F70}.Debug|Any CPU.ActiveCfg = Debug|Any CPU
		{EA513204-63F3-4C50-992D-08FF430B6F70}.Debug|Any CPU.Build.0 = Debug|Any CPU
		{EA513204-63F3-4C50-992D-08FF430B6F70}.Debug|ARM.ActiveCfg = Debug|Any CPU
		{EA513204-63F3-4C50-992D-08FF430B6F70}.Debug|ARM.Build.0 = Debug|Any CPU
		{EA513204-63F3-4C50-992D-08FF430B6F70}.Debug|x64.ActiveCfg = Debug|Any CPU
		{EA513204-63F3-4C50-992D-08FF430B6F70}.Debug|x64.Build.0 = Debug|Any CPU
		{EA513204-63F3-4C50-992D-08FF430B6F70}.Debug|x86.ActiveCfg = Debug|Any CPU
		{EA513204-63F3-4C50-992D-08FF430B6F70}.Debug|x86.Build.0 = Debug|Any CPU
		{EA513204-63F3-4C50-992D-08FF430B6F70}.Release with Documentation|Any CPU.ActiveCfg = Release|Any CPU
		{EA513204-63F3-4C50-992D-08FF430B6F70}.Release with Documentation|Any CPU.Build.0 = Release|Any CPU
		{EA513204-63F3-4C50-992D-08FF430B6F70}.Release with Documentation|ARM.ActiveCfg = Release|Any CPU
		{EA513204-63F3-4C50-992D-08FF430B6F70}.Release with Documentation|ARM.Build.0 = Release|Any CPU
		{EA513204-63F3-4C50-992D-08FF430B6F70}.Release with Documentation|x64.ActiveCfg = Release|Any CPU
		{EA513204-63F3-4C50-992D-08FF430B6F70}.Release with Documentation|x64.Build.0 = Release|Any CPU
		{EA513204-63F3-4C50-992D-08FF430B6F70}.Release with Documentation|x86.ActiveCfg = Release|Any CPU
		{EA513204-63F3-4C50-992D-08FF430B6F70}.Release with Documentation|x86.Build.0 = Release|Any CPU
		{EA513204-63F3-4C50-992D-08FF430B6F70}.Release|Any CPU.ActiveCfg = Release|Any CPU
		{EA513204-63F3-4C50-992D-08FF430B6F70}.Release|Any CPU.Build.0 = Release|Any CPU
		{EA513204-63F3-4C50-992D-08FF430B6F70}.Release|ARM.ActiveCfg = Release|Any CPU
		{EA513204-63F3-4C50-992D-08FF430B6F70}.Release|ARM.Build.0 = Release|Any CPU
		{EA513204-63F3-4C50-992D-08FF430B6F70}.Release|x64.ActiveCfg = Release|Any CPU
		{EA513204-63F3-4C50-992D-08FF430B6F70}.Release|x64.Build.0 = Release|Any CPU
		{EA513204-63F3-4C50-992D-08FF430B6F70}.Release|x86.ActiveCfg = Release|Any CPU
		{EA513204-63F3-4C50-992D-08FF430B6F70}.Release|x86.Build.0 = Release|Any CPU
		{D90C151C-5F70-4890-9B10-97955EC809ED}.Debug|Any CPU.ActiveCfg = Debug|Any CPU
		{D90C151C-5F70-4890-9B10-97955EC809ED}.Debug|Any CPU.Build.0 = Debug|Any CPU
		{D90C151C-5F70-4890-9B10-97955EC809ED}.Debug|ARM.ActiveCfg = Debug|Any CPU
		{D90C151C-5F70-4890-9B10-97955EC809ED}.Debug|ARM.Build.0 = Debug|Any CPU
		{D90C151C-5F70-4890-9B10-97955EC809ED}.Debug|x64.ActiveCfg = Debug|Any CPU
		{D90C151C-5F70-4890-9B10-97955EC809ED}.Debug|x64.Build.0 = Debug|Any CPU
		{D90C151C-5F70-4890-9B10-97955EC809ED}.Debug|x86.ActiveCfg = Debug|Any CPU
		{D90C151C-5F70-4890-9B10-97955EC809ED}.Debug|x86.Build.0 = Debug|Any CPU
		{D90C151C-5F70-4890-9B10-97955EC809ED}.Release with Documentation|Any CPU.ActiveCfg = Release|Any CPU
		{D90C151C-5F70-4890-9B10-97955EC809ED}.Release with Documentation|Any CPU.Build.0 = Release|Any CPU
		{D90C151C-5F70-4890-9B10-97955EC809ED}.Release with Documentation|ARM.ActiveCfg = Release|Any CPU
		{D90C151C-5F70-4890-9B10-97955EC809ED}.Release with Documentation|ARM.Build.0 = Release|Any CPU
		{D90C151C-5F70-4890-9B10-97955EC809ED}.Release with Documentation|x64.ActiveCfg = Release|Any CPU
		{D90C151C-5F70-4890-9B10-97955EC809ED}.Release with Documentation|x64.Build.0 = Release|Any CPU
		{D90C151C-5F70-4890-9B10-97955EC809ED}.Release with Documentation|x86.ActiveCfg = Release|Any CPU
		{D90C151C-5F70-4890-9B10-97955EC809ED}.Release with Documentation|x86.Build.0 = Release|Any CPU
		{D90C151C-5F70-4890-9B10-97955EC809ED}.Release|Any CPU.ActiveCfg = Release|Any CPU
		{D90C151C-5F70-4890-9B10-97955EC809ED}.Release|Any CPU.Build.0 = Release|Any CPU
		{D90C151C-5F70-4890-9B10-97955EC809ED}.Release|ARM.ActiveCfg = Release|Any CPU
		{D90C151C-5F70-4890-9B10-97955EC809ED}.Release|ARM.Build.0 = Release|Any CPU
		{D90C151C-5F70-4890-9B10-97955EC809ED}.Release|x64.ActiveCfg = Release|Any CPU
		{D90C151C-5F70-4890-9B10-97955EC809ED}.Release|x64.Build.0 = Release|Any CPU
		{D90C151C-5F70-4890-9B10-97955EC809ED}.Release|x86.ActiveCfg = Release|Any CPU
		{D90C151C-5F70-4890-9B10-97955EC809ED}.Release|x86.Build.0 = Release|Any CPU
		{54DA849E-B814-40D9-BB71-DA74D78441A4}.Debug|Any CPU.ActiveCfg = Debug|Any CPU
		{54DA849E-B814-40D9-BB71-DA74D78441A4}.Debug|Any CPU.Build.0 = Debug|Any CPU
		{54DA849E-B814-40D9-BB71-DA74D78441A4}.Debug|ARM.ActiveCfg = Debug|ARM
		{54DA849E-B814-40D9-BB71-DA74D78441A4}.Debug|ARM.Build.0 = Debug|ARM
		{54DA849E-B814-40D9-BB71-DA74D78441A4}.Debug|x64.ActiveCfg = Debug|x64
		{54DA849E-B814-40D9-BB71-DA74D78441A4}.Debug|x64.Build.0 = Debug|x64
		{54DA849E-B814-40D9-BB71-DA74D78441A4}.Debug|x86.ActiveCfg = Debug|x86
		{54DA849E-B814-40D9-BB71-DA74D78441A4}.Debug|x86.Build.0 = Debug|x86
		{54DA849E-B814-40D9-BB71-DA74D78441A4}.Release with Documentation|Any CPU.ActiveCfg = Release|Any CPU
		{54DA849E-B814-40D9-BB71-DA74D78441A4}.Release with Documentation|Any CPU.Build.0 = Release|Any CPU
		{54DA849E-B814-40D9-BB71-DA74D78441A4}.Release with Documentation|ARM.ActiveCfg = Release|ARM
		{54DA849E-B814-40D9-BB71-DA74D78441A4}.Release with Documentation|ARM.Build.0 = Release|ARM
		{54DA849E-B814-40D9-BB71-DA74D78441A4}.Release with Documentation|x64.ActiveCfg = Release|x64
		{54DA849E-B814-40D9-BB71-DA74D78441A4}.Release with Documentation|x64.Build.0 = Release|x64
		{54DA849E-B814-40D9-BB71-DA74D78441A4}.Release with Documentation|x86.ActiveCfg = Release|x86
		{54DA849E-B814-40D9-BB71-DA74D78441A4}.Release with Documentation|x86.Build.0 = Release|x86
		{54DA849E-B814-40D9-BB71-DA74D78441A4}.Release|Any CPU.ActiveCfg = Release|Any CPU
		{54DA849E-B814-40D9-BB71-DA74D78441A4}.Release|Any CPU.Build.0 = Release|Any CPU
		{54DA849E-B814-40D9-BB71-DA74D78441A4}.Release|ARM.ActiveCfg = Release|ARM
		{54DA849E-B814-40D9-BB71-DA74D78441A4}.Release|ARM.Build.0 = Release|ARM
		{54DA849E-B814-40D9-BB71-DA74D78441A4}.Release|x64.ActiveCfg = Release|x64
		{54DA849E-B814-40D9-BB71-DA74D78441A4}.Release|x64.Build.0 = Release|x64
		{54DA849E-B814-40D9-BB71-DA74D78441A4}.Release|x86.ActiveCfg = Release|x86
		{54DA849E-B814-40D9-BB71-DA74D78441A4}.Release|x86.Build.0 = Release|x86
		{FD386CF5-E9CD-442C-A44C-B7D996E68CCC}.Debug|Any CPU.ActiveCfg = Debug|Any CPU
		{FD386CF5-E9CD-442C-A44C-B7D996E68CCC}.Debug|Any CPU.Build.0 = Debug|Any CPU
		{FD386CF5-E9CD-442C-A44C-B7D996E68CCC}.Debug|ARM.ActiveCfg = Debug|Any CPU
		{FD386CF5-E9CD-442C-A44C-B7D996E68CCC}.Debug|ARM.Build.0 = Debug|Any CPU
		{FD386CF5-E9CD-442C-A44C-B7D996E68CCC}.Debug|x64.ActiveCfg = Debug|Any CPU
		{FD386CF5-E9CD-442C-A44C-B7D996E68CCC}.Debug|x64.Build.0 = Debug|Any CPU
		{FD386CF5-E9CD-442C-A44C-B7D996E68CCC}.Debug|x86.ActiveCfg = Debug|Any CPU
		{FD386CF5-E9CD-442C-A44C-B7D996E68CCC}.Debug|x86.Build.0 = Debug|Any CPU
		{FD386CF5-E9CD-442C-A44C-B7D996E68CCC}.Release with Documentation|Any CPU.ActiveCfg = Release|Any CPU
		{FD386CF5-E9CD-442C-A44C-B7D996E68CCC}.Release with Documentation|Any CPU.Build.0 = Release|Any CPU
		{FD386CF5-E9CD-442C-A44C-B7D996E68CCC}.Release with Documentation|ARM.ActiveCfg = Release|Any CPU
		{FD386CF5-E9CD-442C-A44C-B7D996E68CCC}.Release with Documentation|ARM.Build.0 = Release|Any CPU
		{FD386CF5-E9CD-442C-A44C-B7D996E68CCC}.Release with Documentation|x64.ActiveCfg = Release|Any CPU
		{FD386CF5-E9CD-442C-A44C-B7D996E68CCC}.Release with Documentation|x64.Build.0 = Release|Any CPU
		{FD386CF5-E9CD-442C-A44C-B7D996E68CCC}.Release with Documentation|x86.ActiveCfg = Release|Any CPU
		{FD386CF5-E9CD-442C-A44C-B7D996E68CCC}.Release with Documentation|x86.Build.0 = Release|Any CPU
		{FD386CF5-E9CD-442C-A44C-B7D996E68CCC}.Release|Any CPU.ActiveCfg = Release|Any CPU
		{FD386CF5-E9CD-442C-A44C-B7D996E68CCC}.Release|Any CPU.Build.0 = Release|Any CPU
		{FD386CF5-E9CD-442C-A44C-B7D996E68CCC}.Release|ARM.ActiveCfg = Release|Any CPU
		{FD386CF5-E9CD-442C-A44C-B7D996E68CCC}.Release|ARM.Build.0 = Release|Any CPU
		{FD386CF5-E9CD-442C-A44C-B7D996E68CCC}.Release|x64.ActiveCfg = Release|Any CPU
		{FD386CF5-E9CD-442C-A44C-B7D996E68CCC}.Release|x64.Build.0 = Release|Any CPU
		{FD386CF5-E9CD-442C-A44C-B7D996E68CCC}.Release|x86.ActiveCfg = Release|Any CPU
		{FD386CF5-E9CD-442C-A44C-B7D996E68CCC}.Release|x86.Build.0 = Release|Any CPU
		{3955595F-CB1E-4947-B741-9F305605298D}.Debug|Any CPU.ActiveCfg = Debug|Any CPU
		{3955595F-CB1E-4947-B741-9F305605298D}.Debug|Any CPU.Build.0 = Debug|Any CPU
		{3955595F-CB1E-4947-B741-9F305605298D}.Debug|ARM.ActiveCfg = Debug|Any CPU
		{3955595F-CB1E-4947-B741-9F305605298D}.Debug|ARM.Build.0 = Debug|Any CPU
		{3955595F-CB1E-4947-B741-9F305605298D}.Debug|x64.ActiveCfg = Debug|Any CPU
		{3955595F-CB1E-4947-B741-9F305605298D}.Debug|x64.Build.0 = Debug|Any CPU
		{3955595F-CB1E-4947-B741-9F305605298D}.Debug|x86.ActiveCfg = Debug|Any CPU
		{3955595F-CB1E-4947-B741-9F305605298D}.Debug|x86.Build.0 = Debug|Any CPU
		{3955595F-CB1E-4947-B741-9F305605298D}.Release with Documentation|Any CPU.ActiveCfg = Release|Any CPU
		{3955595F-CB1E-4947-B741-9F305605298D}.Release with Documentation|Any CPU.Build.0 = Release|Any CPU
		{3955595F-CB1E-4947-B741-9F305605298D}.Release with Documentation|ARM.ActiveCfg = Release|Any CPU
		{3955595F-CB1E-4947-B741-9F305605298D}.Release with Documentation|ARM.Build.0 = Release|Any CPU
		{3955595F-CB1E-4947-B741-9F305605298D}.Release with Documentation|x64.ActiveCfg = Release|Any CPU
		{3955595F-CB1E-4947-B741-9F305605298D}.Release with Documentation|x64.Build.0 = Release|Any CPU
		{3955595F-CB1E-4947-B741-9F305605298D}.Release with Documentation|x86.ActiveCfg = Release|Any CPU
		{3955595F-CB1E-4947-B741-9F305605298D}.Release with Documentation|x86.Build.0 = Release|Any CPU
		{3955595F-CB1E-4947-B741-9F305605298D}.Release|Any CPU.ActiveCfg = Release|Any CPU
		{3955595F-CB1E-4947-B741-9F305605298D}.Release|Any CPU.Build.0 = Release|Any CPU
		{3955595F-CB1E-4947-B741-9F305605298D}.Release|ARM.ActiveCfg = Release|Any CPU
		{3955595F-CB1E-4947-B741-9F305605298D}.Release|ARM.Build.0 = Release|Any CPU
		{3955595F-CB1E-4947-B741-9F305605298D}.Release|x64.ActiveCfg = Release|Any CPU
		{3955595F-CB1E-4947-B741-9F305605298D}.Release|x64.Build.0 = Release|Any CPU
		{3955595F-CB1E-4947-B741-9F305605298D}.Release|x86.ActiveCfg = Release|Any CPU
		{3955595F-CB1E-4947-B741-9F305605298D}.Release|x86.Build.0 = Release|Any CPU
		{A3D48B9C-42A0-4FC8-BB58-D368F239DEBF}.Debug|Any CPU.ActiveCfg = Debug|Any CPU
		{A3D48B9C-42A0-4FC8-BB58-D368F239DEBF}.Debug|Any CPU.Build.0 = Debug|Any CPU
		{A3D48B9C-42A0-4FC8-BB58-D368F239DEBF}.Debug|ARM.ActiveCfg = Debug|Any CPU
		{A3D48B9C-42A0-4FC8-BB58-D368F239DEBF}.Debug|ARM.Build.0 = Debug|Any CPU
		{A3D48B9C-42A0-4FC8-BB58-D368F239DEBF}.Debug|x64.ActiveCfg = Debug|Any CPU
		{A3D48B9C-42A0-4FC8-BB58-D368F239DEBF}.Debug|x64.Build.0 = Debug|Any CPU
		{A3D48B9C-42A0-4FC8-BB58-D368F239DEBF}.Debug|x86.ActiveCfg = Debug|Any CPU
		{A3D48B9C-42A0-4FC8-BB58-D368F239DEBF}.Debug|x86.Build.0 = Debug|Any CPU
		{A3D48B9C-42A0-4FC8-BB58-D368F239DEBF}.Release with Documentation|Any CPU.ActiveCfg = Release|Any CPU
		{A3D48B9C-42A0-4FC8-BB58-D368F239DEBF}.Release with Documentation|Any CPU.Build.0 = Release|Any CPU
		{A3D48B9C-42A0-4FC8-BB58-D368F239DEBF}.Release with Documentation|ARM.ActiveCfg = Release|Any CPU
		{A3D48B9C-42A0-4FC8-BB58-D368F239DEBF}.Release with Documentation|ARM.Build.0 = Release|Any CPU
		{A3D48B9C-42A0-4FC8-BB58-D368F239DEBF}.Release with Documentation|x64.ActiveCfg = Release|Any CPU
		{A3D48B9C-42A0-4FC8-BB58-D368F239DEBF}.Release with Documentation|x64.Build.0 = Release|Any CPU
		{A3D48B9C-42A0-4FC8-BB58-D368F239DEBF}.Release with Documentation|x86.ActiveCfg = Release|Any CPU
		{A3D48B9C-42A0-4FC8-BB58-D368F239DEBF}.Release with Documentation|x86.Build.0 = Release|Any CPU
		{A3D48B9C-42A0-4FC8-BB58-D368F239DEBF}.Release|Any CPU.ActiveCfg = Release|Any CPU
		{A3D48B9C-42A0-4FC8-BB58-D368F239DEBF}.Release|Any CPU.Build.0 = Release|Any CPU
		{A3D48B9C-42A0-4FC8-BB58-D368F239DEBF}.Release|ARM.ActiveCfg = Release|Any CPU
		{A3D48B9C-42A0-4FC8-BB58-D368F239DEBF}.Release|ARM.Build.0 = Release|Any CPU
		{A3D48B9C-42A0-4FC8-BB58-D368F239DEBF}.Release|x64.ActiveCfg = Release|Any CPU
		{A3D48B9C-42A0-4FC8-BB58-D368F239DEBF}.Release|x64.Build.0 = Release|Any CPU
		{A3D48B9C-42A0-4FC8-BB58-D368F239DEBF}.Release|x86.ActiveCfg = Release|Any CPU
		{A3D48B9C-42A0-4FC8-BB58-D368F239DEBF}.Release|x86.Build.0 = Release|Any CPU
		{302FE042-CE2F-4367-A834-8C0492294BF9}.Debug|Any CPU.ActiveCfg = Debug|Any CPU
		{302FE042-CE2F-4367-A834-8C0492294BF9}.Debug|Any CPU.Build.0 = Debug|Any CPU
		{302FE042-CE2F-4367-A834-8C0492294BF9}.Debug|ARM.ActiveCfg = Debug|Any CPU
		{302FE042-CE2F-4367-A834-8C0492294BF9}.Debug|ARM.Build.0 = Debug|Any CPU
		{302FE042-CE2F-4367-A834-8C0492294BF9}.Debug|x64.ActiveCfg = Debug|Any CPU
		{302FE042-CE2F-4367-A834-8C0492294BF9}.Debug|x64.Build.0 = Debug|Any CPU
		{302FE042-CE2F-4367-A834-8C0492294BF9}.Debug|x86.ActiveCfg = Debug|Any CPU
		{302FE042-CE2F-4367-A834-8C0492294BF9}.Debug|x86.Build.0 = Debug|Any CPU
		{302FE042-CE2F-4367-A834-8C0492294BF9}.Release with Documentation|Any CPU.ActiveCfg = Release|Any CPU
		{302FE042-CE2F-4367-A834-8C0492294BF9}.Release with Documentation|Any CPU.Build.0 = Release|Any CPU
		{302FE042-CE2F-4367-A834-8C0492294BF9}.Release with Documentation|ARM.ActiveCfg = Release|Any CPU
		{302FE042-CE2F-4367-A834-8C0492294BF9}.Release with Documentation|ARM.Build.0 = Release|Any CPU
		{302FE042-CE2F-4367-A834-8C0492294BF9}.Release with Documentation|x64.ActiveCfg = Release|Any CPU
		{302FE042-CE2F-4367-A834-8C0492294BF9}.Release with Documentation|x64.Build.0 = Release|Any CPU
		{302FE042-CE2F-4367-A834-8C0492294BF9}.Release with Documentation|x86.ActiveCfg = Release|Any CPU
		{302FE042-CE2F-4367-A834-8C0492294BF9}.Release with Documentation|x86.Build.0 = Release|Any CPU
		{302FE042-CE2F-4367-A834-8C0492294BF9}.Release|Any CPU.ActiveCfg = Release|Any CPU
		{302FE042-CE2F-4367-A834-8C0492294BF9}.Release|Any CPU.Build.0 = Release|Any CPU
		{302FE042-CE2F-4367-A834-8C0492294BF9}.Release|ARM.ActiveCfg = Release|Any CPU
		{302FE042-CE2F-4367-A834-8C0492294BF9}.Release|ARM.Build.0 = Release|Any CPU
		{302FE042-CE2F-4367-A834-8C0492294BF9}.Release|x64.ActiveCfg = Release|Any CPU
		{302FE042-CE2F-4367-A834-8C0492294BF9}.Release|x64.Build.0 = Release|Any CPU
		{302FE042-CE2F-4367-A834-8C0492294BF9}.Release|x86.ActiveCfg = Release|Any CPU
		{302FE042-CE2F-4367-A834-8C0492294BF9}.Release|x86.Build.0 = Release|Any CPU
		{698281F7-355D-4146-B7FC-3A2DF2963122}.Debug|Any CPU.ActiveCfg = Debug|Any CPU
		{698281F7-355D-4146-B7FC-3A2DF2963122}.Debug|Any CPU.Build.0 = Debug|Any CPU
		{698281F7-355D-4146-B7FC-3A2DF2963122}.Debug|ARM.ActiveCfg = Debug|Any CPU
		{698281F7-355D-4146-B7FC-3A2DF2963122}.Debug|ARM.Build.0 = Debug|Any CPU
		{698281F7-355D-4146-B7FC-3A2DF2963122}.Debug|x64.ActiveCfg = Debug|Any CPU
		{698281F7-355D-4146-B7FC-3A2DF2963122}.Debug|x64.Build.0 = Debug|Any CPU
		{698281F7-355D-4146-B7FC-3A2DF2963122}.Debug|x86.ActiveCfg = Debug|Any CPU
		{698281F7-355D-4146-B7FC-3A2DF2963122}.Debug|x86.Build.0 = Debug|Any CPU
		{698281F7-355D-4146-B7FC-3A2DF2963122}.Release with Documentation|Any CPU.ActiveCfg = Release|Any CPU
		{698281F7-355D-4146-B7FC-3A2DF2963122}.Release with Documentation|Any CPU.Build.0 = Release|Any CPU
		{698281F7-355D-4146-B7FC-3A2DF2963122}.Release with Documentation|ARM.ActiveCfg = Release|Any CPU
		{698281F7-355D-4146-B7FC-3A2DF2963122}.Release with Documentation|ARM.Build.0 = Release|Any CPU
		{698281F7-355D-4146-B7FC-3A2DF2963122}.Release with Documentation|x64.ActiveCfg = Release|Any CPU
		{698281F7-355D-4146-B7FC-3A2DF2963122}.Release with Documentation|x64.Build.0 = Release|Any CPU
		{698281F7-355D-4146-B7FC-3A2DF2963122}.Release with Documentation|x86.ActiveCfg = Release|Any CPU
		{698281F7-355D-4146-B7FC-3A2DF2963122}.Release with Documentation|x86.Build.0 = Release|Any CPU
		{698281F7-355D-4146-B7FC-3A2DF2963122}.Release|Any CPU.ActiveCfg = Release|Any CPU
		{698281F7-355D-4146-B7FC-3A2DF2963122}.Release|Any CPU.Build.0 = Release|Any CPU
		{698281F7-355D-4146-B7FC-3A2DF2963122}.Release|ARM.ActiveCfg = Release|Any CPU
		{698281F7-355D-4146-B7FC-3A2DF2963122}.Release|ARM.Build.0 = Release|Any CPU
		{698281F7-355D-4146-B7FC-3A2DF2963122}.Release|x64.ActiveCfg = Release|Any CPU
		{698281F7-355D-4146-B7FC-3A2DF2963122}.Release|x64.Build.0 = Release|Any CPU
		{698281F7-355D-4146-B7FC-3A2DF2963122}.Release|x86.ActiveCfg = Release|Any CPU
		{698281F7-355D-4146-B7FC-3A2DF2963122}.Release|x86.Build.0 = Release|Any CPU
		{48ABA685-11FE-4C9D-A9CA-A5EA8A67FA0B}.Debug|Any CPU.ActiveCfg = Debug|Any CPU
		{48ABA685-11FE-4C9D-A9CA-A5EA8A67FA0B}.Debug|Any CPU.Build.0 = Debug|Any CPU
		{48ABA685-11FE-4C9D-A9CA-A5EA8A67FA0B}.Debug|ARM.ActiveCfg = Debug|Any CPU
		{48ABA685-11FE-4C9D-A9CA-A5EA8A67FA0B}.Debug|ARM.Build.0 = Debug|Any CPU
		{48ABA685-11FE-4C9D-A9CA-A5EA8A67FA0B}.Debug|x64.ActiveCfg = Debug|Any CPU
		{48ABA685-11FE-4C9D-A9CA-A5EA8A67FA0B}.Debug|x64.Build.0 = Debug|Any CPU
		{48ABA685-11FE-4C9D-A9CA-A5EA8A67FA0B}.Debug|x86.ActiveCfg = Debug|Any CPU
		{48ABA685-11FE-4C9D-A9CA-A5EA8A67FA0B}.Debug|x86.Build.0 = Debug|Any CPU
		{48ABA685-11FE-4C9D-A9CA-A5EA8A67FA0B}.Release with Documentation|Any CPU.ActiveCfg = Release|Any CPU
		{48ABA685-11FE-4C9D-A9CA-A5EA8A67FA0B}.Release with Documentation|Any CPU.Build.0 = Release|Any CPU
		{48ABA685-11FE-4C9D-A9CA-A5EA8A67FA0B}.Release with Documentation|ARM.ActiveCfg = Release|Any CPU
		{48ABA685-11FE-4C9D-A9CA-A5EA8A67FA0B}.Release with Documentation|ARM.Build.0 = Release|Any CPU
		{48ABA685-11FE-4C9D-A9CA-A5EA8A67FA0B}.Release with Documentation|x64.ActiveCfg = Release|Any CPU
		{48ABA685-11FE-4C9D-A9CA-A5EA8A67FA0B}.Release with Documentation|x64.Build.0 = Release|Any CPU
		{48ABA685-11FE-4C9D-A9CA-A5EA8A67FA0B}.Release with Documentation|x86.ActiveCfg = Release|Any CPU
		{48ABA685-11FE-4C9D-A9CA-A5EA8A67FA0B}.Release with Documentation|x86.Build.0 = Release|Any CPU
		{48ABA685-11FE-4C9D-A9CA-A5EA8A67FA0B}.Release|Any CPU.ActiveCfg = Release|Any CPU
		{48ABA685-11FE-4C9D-A9CA-A5EA8A67FA0B}.Release|Any CPU.Build.0 = Release|Any CPU
		{48ABA685-11FE-4C9D-A9CA-A5EA8A67FA0B}.Release|ARM.ActiveCfg = Release|Any CPU
		{48ABA685-11FE-4C9D-A9CA-A5EA8A67FA0B}.Release|ARM.Build.0 = Release|Any CPU
		{48ABA685-11FE-4C9D-A9CA-A5EA8A67FA0B}.Release|x64.ActiveCfg = Release|Any CPU
		{48ABA685-11FE-4C9D-A9CA-A5EA8A67FA0B}.Release|x64.Build.0 = Release|Any CPU
		{48ABA685-11FE-4C9D-A9CA-A5EA8A67FA0B}.Release|x86.ActiveCfg = Release|Any CPU
		{48ABA685-11FE-4C9D-A9CA-A5EA8A67FA0B}.Release|x86.Build.0 = Release|Any CPU
		{AD35609D-D9B2-4690-A478-27C9022BBF7D}.Debug|Any CPU.ActiveCfg = Debug|Any CPU
		{AD35609D-D9B2-4690-A478-27C9022BBF7D}.Debug|Any CPU.Build.0 = Debug|Any CPU
		{AD35609D-D9B2-4690-A478-27C9022BBF7D}.Debug|ARM.ActiveCfg = Debug|Any CPU
		{AD35609D-D9B2-4690-A478-27C9022BBF7D}.Debug|ARM.Build.0 = Debug|Any CPU
		{AD35609D-D9B2-4690-A478-27C9022BBF7D}.Debug|x64.ActiveCfg = Debug|Any CPU
		{AD35609D-D9B2-4690-A478-27C9022BBF7D}.Debug|x64.Build.0 = Debug|Any CPU
		{AD35609D-D9B2-4690-A478-27C9022BBF7D}.Debug|x86.ActiveCfg = Debug|Any CPU
		{AD35609D-D9B2-4690-A478-27C9022BBF7D}.Debug|x86.Build.0 = Debug|Any CPU
		{AD35609D-D9B2-4690-A478-27C9022BBF7D}.Release with Documentation|Any CPU.ActiveCfg = Release|Any CPU
		{AD35609D-D9B2-4690-A478-27C9022BBF7D}.Release with Documentation|Any CPU.Build.0 = Release|Any CPU
		{AD35609D-D9B2-4690-A478-27C9022BBF7D}.Release with Documentation|ARM.ActiveCfg = Release|Any CPU
		{AD35609D-D9B2-4690-A478-27C9022BBF7D}.Release with Documentation|ARM.Build.0 = Release|Any CPU
		{AD35609D-D9B2-4690-A478-27C9022BBF7D}.Release with Documentation|x64.ActiveCfg = Release|Any CPU
		{AD35609D-D9B2-4690-A478-27C9022BBF7D}.Release with Documentation|x64.Build.0 = Release|Any CPU
		{AD35609D-D9B2-4690-A478-27C9022BBF7D}.Release with Documentation|x86.ActiveCfg = Release|Any CPU
		{AD35609D-D9B2-4690-A478-27C9022BBF7D}.Release with Documentation|x86.Build.0 = Release|Any CPU
		{AD35609D-D9B2-4690-A478-27C9022BBF7D}.Release|Any CPU.ActiveCfg = Release|Any CPU
		{AD35609D-D9B2-4690-A478-27C9022BBF7D}.Release|Any CPU.Build.0 = Release|Any CPU
		{AD35609D-D9B2-4690-A478-27C9022BBF7D}.Release|ARM.ActiveCfg = Release|Any CPU
		{AD35609D-D9B2-4690-A478-27C9022BBF7D}.Release|ARM.Build.0 = Release|Any CPU
		{AD35609D-D9B2-4690-A478-27C9022BBF7D}.Release|x64.ActiveCfg = Release|Any CPU
		{AD35609D-D9B2-4690-A478-27C9022BBF7D}.Release|x64.Build.0 = Release|Any CPU
		{AD35609D-D9B2-4690-A478-27C9022BBF7D}.Release|x86.ActiveCfg = Release|Any CPU
		{AD35609D-D9B2-4690-A478-27C9022BBF7D}.Release|x86.Build.0 = Release|Any CPU
		{E1D874E4-4E0F-4427-99D8-4B408F0F8DB0}.Debug|Any CPU.ActiveCfg = Debug|Any CPU
		{E1D874E4-4E0F-4427-99D8-4B408F0F8DB0}.Debug|Any CPU.Build.0 = Debug|Any CPU
		{E1D874E4-4E0F-4427-99D8-4B408F0F8DB0}.Debug|ARM.ActiveCfg = Debug|Any CPU
		{E1D874E4-4E0F-4427-99D8-4B408F0F8DB0}.Debug|ARM.Build.0 = Debug|Any CPU
		{E1D874E4-4E0F-4427-99D8-4B408F0F8DB0}.Debug|x64.ActiveCfg = Debug|Any CPU
		{E1D874E4-4E0F-4427-99D8-4B408F0F8DB0}.Debug|x64.Build.0 = Debug|Any CPU
		{E1D874E4-4E0F-4427-99D8-4B408F0F8DB0}.Debug|x86.ActiveCfg = Debug|Any CPU
		{E1D874E4-4E0F-4427-99D8-4B408F0F8DB0}.Debug|x86.Build.0 = Debug|Any CPU
		{E1D874E4-4E0F-4427-99D8-4B408F0F8DB0}.Release with Documentation|Any CPU.ActiveCfg = Release|Any CPU
		{E1D874E4-4E0F-4427-99D8-4B408F0F8DB0}.Release with Documentation|Any CPU.Build.0 = Release|Any CPU
		{E1D874E4-4E0F-4427-99D8-4B408F0F8DB0}.Release with Documentation|ARM.ActiveCfg = Release|Any CPU
		{E1D874E4-4E0F-4427-99D8-4B408F0F8DB0}.Release with Documentation|ARM.Build.0 = Release|Any CPU
		{E1D874E4-4E0F-4427-99D8-4B408F0F8DB0}.Release with Documentation|x64.ActiveCfg = Release|Any CPU
		{E1D874E4-4E0F-4427-99D8-4B408F0F8DB0}.Release with Documentation|x64.Build.0 = Release|Any CPU
		{E1D874E4-4E0F-4427-99D8-4B408F0F8DB0}.Release with Documentation|x86.ActiveCfg = Release|Any CPU
		{E1D874E4-4E0F-4427-99D8-4B408F0F8DB0}.Release with Documentation|x86.Build.0 = Release|Any CPU
		{E1D874E4-4E0F-4427-99D8-4B408F0F8DB0}.Release|Any CPU.ActiveCfg = Release|Any CPU
		{E1D874E4-4E0F-4427-99D8-4B408F0F8DB0}.Release|Any CPU.Build.0 = Release|Any CPU
		{E1D874E4-4E0F-4427-99D8-4B408F0F8DB0}.Release|ARM.ActiveCfg = Release|Any CPU
		{E1D874E4-4E0F-4427-99D8-4B408F0F8DB0}.Release|ARM.Build.0 = Release|Any CPU
		{E1D874E4-4E0F-4427-99D8-4B408F0F8DB0}.Release|x64.ActiveCfg = Release|Any CPU
		{E1D874E4-4E0F-4427-99D8-4B408F0F8DB0}.Release|x64.Build.0 = Release|Any CPU
		{E1D874E4-4E0F-4427-99D8-4B408F0F8DB0}.Release|x86.ActiveCfg = Release|Any CPU
		{E1D874E4-4E0F-4427-99D8-4B408F0F8DB0}.Release|x86.Build.0 = Release|Any CPU
		{D21445EE-13AF-418B-9576-83414990B3A7}.Debug|Any CPU.ActiveCfg = Debug|Any CPU
		{D21445EE-13AF-418B-9576-83414990B3A7}.Debug|Any CPU.Build.0 = Debug|Any CPU
		{D21445EE-13AF-418B-9576-83414990B3A7}.Debug|ARM.ActiveCfg = Debug|Any CPU
		{D21445EE-13AF-418B-9576-83414990B3A7}.Debug|ARM.Build.0 = Debug|Any CPU
		{D21445EE-13AF-418B-9576-83414990B3A7}.Debug|x64.ActiveCfg = Debug|Any CPU
		{D21445EE-13AF-418B-9576-83414990B3A7}.Debug|x64.Build.0 = Debug|Any CPU
		{D21445EE-13AF-418B-9576-83414990B3A7}.Debug|x86.ActiveCfg = Debug|Any CPU
		{D21445EE-13AF-418B-9576-83414990B3A7}.Debug|x86.Build.0 = Debug|Any CPU
		{D21445EE-13AF-418B-9576-83414990B3A7}.Release with Documentation|Any CPU.ActiveCfg = Release with Documentation|Any CPU
		{D21445EE-13AF-418B-9576-83414990B3A7}.Release with Documentation|Any CPU.Build.0 = Release with Documentation|Any CPU
		{D21445EE-13AF-418B-9576-83414990B3A7}.Release with Documentation|ARM.ActiveCfg = Release with Documentation|Any CPU
		{D21445EE-13AF-418B-9576-83414990B3A7}.Release with Documentation|ARM.Build.0 = Release with Documentation|Any CPU
		{D21445EE-13AF-418B-9576-83414990B3A7}.Release with Documentation|x64.ActiveCfg = Release with Documentation|Any CPU
		{D21445EE-13AF-418B-9576-83414990B3A7}.Release with Documentation|x64.Build.0 = Release with Documentation|Any CPU
		{D21445EE-13AF-418B-9576-83414990B3A7}.Release with Documentation|x86.ActiveCfg = Release with Documentation|Any CPU
		{D21445EE-13AF-418B-9576-83414990B3A7}.Release with Documentation|x86.Build.0 = Release with Documentation|Any CPU
		{D21445EE-13AF-418B-9576-83414990B3A7}.Release|Any CPU.ActiveCfg = Release|Any CPU
		{D21445EE-13AF-418B-9576-83414990B3A7}.Release|Any CPU.Build.0 = Release|Any CPU
		{D21445EE-13AF-418B-9576-83414990B3A7}.Release|ARM.ActiveCfg = Release|Any CPU
		{D21445EE-13AF-418B-9576-83414990B3A7}.Release|ARM.Build.0 = Release|Any CPU
		{D21445EE-13AF-418B-9576-83414990B3A7}.Release|x64.ActiveCfg = Release|Any CPU
		{D21445EE-13AF-418B-9576-83414990B3A7}.Release|x64.Build.0 = Release|Any CPU
		{D21445EE-13AF-418B-9576-83414990B3A7}.Release|x86.ActiveCfg = Release|Any CPU
		{D21445EE-13AF-418B-9576-83414990B3A7}.Release|x86.Build.0 = Release|Any CPU
		{E5DF444D-D8B3-49D3-801B-59B6B1E90901}.Debug|Any CPU.ActiveCfg = Debug|Any CPU
		{E5DF444D-D8B3-49D3-801B-59B6B1E90901}.Debug|Any CPU.Build.0 = Debug|Any CPU
		{E5DF444D-D8B3-49D3-801B-59B6B1E90901}.Debug|ARM.ActiveCfg = Debug|Any CPU
		{E5DF444D-D8B3-49D3-801B-59B6B1E90901}.Debug|ARM.Build.0 = Debug|Any CPU
		{E5DF444D-D8B3-49D3-801B-59B6B1E90901}.Debug|x64.ActiveCfg = Debug|Any CPU
		{E5DF444D-D8B3-49D3-801B-59B6B1E90901}.Debug|x64.Build.0 = Debug|Any CPU
		{E5DF444D-D8B3-49D3-801B-59B6B1E90901}.Debug|x86.ActiveCfg = Debug|Any CPU
		{E5DF444D-D8B3-49D3-801B-59B6B1E90901}.Debug|x86.Build.0 = Debug|Any CPU
		{E5DF444D-D8B3-49D3-801B-59B6B1E90901}.Release with Documentation|Any CPU.ActiveCfg = Release|Any CPU
		{E5DF444D-D8B3-49D3-801B-59B6B1E90901}.Release with Documentation|Any CPU.Build.0 = Release|Any CPU
		{E5DF444D-D8B3-49D3-801B-59B6B1E90901}.Release with Documentation|ARM.ActiveCfg = Release|Any CPU
		{E5DF444D-D8B3-49D3-801B-59B6B1E90901}.Release with Documentation|ARM.Build.0 = Release|Any CPU
		{E5DF444D-D8B3-49D3-801B-59B6B1E90901}.Release with Documentation|x64.ActiveCfg = Release|Any CPU
		{E5DF444D-D8B3-49D3-801B-59B6B1E90901}.Release with Documentation|x64.Build.0 = Release|Any CPU
		{E5DF444D-D8B3-49D3-801B-59B6B1E90901}.Release with Documentation|x86.ActiveCfg = Release|Any CPU
		{E5DF444D-D8B3-49D3-801B-59B6B1E90901}.Release with Documentation|x86.Build.0 = Release|Any CPU
		{E5DF444D-D8B3-49D3-801B-59B6B1E90901}.Release|Any CPU.ActiveCfg = Release|Any CPU
		{E5DF444D-D8B3-49D3-801B-59B6B1E90901}.Release|Any CPU.Build.0 = Release|Any CPU
		{E5DF444D-D8B3-49D3-801B-59B6B1E90901}.Release|ARM.ActiveCfg = Release|Any CPU
		{E5DF444D-D8B3-49D3-801B-59B6B1E90901}.Release|ARM.Build.0 = Release|Any CPU
		{E5DF444D-D8B3-49D3-801B-59B6B1E90901}.Release|x64.ActiveCfg = Release|Any CPU
		{E5DF444D-D8B3-49D3-801B-59B6B1E90901}.Release|x64.Build.0 = Release|Any CPU
		{E5DF444D-D8B3-49D3-801B-59B6B1E90901}.Release|x86.ActiveCfg = Release|Any CPU
		{E5DF444D-D8B3-49D3-801B-59B6B1E90901}.Release|x86.Build.0 = Release|Any CPU
	EndGlobalSection
	GlobalSection(SolutionProperties) = preSolution
		HideSolutionNode = FALSE
	EndGlobalSection
	GlobalSection(NestedProjects) = preSolution
		{698281F7-355D-4146-B7FC-3A2DF2963122} = {0ED9FFA0-3269-47C1-8A1C-60D894163352}
		{48ABA685-11FE-4C9D-A9CA-A5EA8A67FA0B} = {0ED9FFA0-3269-47C1-8A1C-60D894163352}
		{AD35609D-D9B2-4690-A478-27C9022BBF7D} = {0ED9FFA0-3269-47C1-8A1C-60D894163352}
		{E1D874E4-4E0F-4427-99D8-4B408F0F8DB0} = {0ED9FFA0-3269-47C1-8A1C-60D894163352}
		{D21445EE-13AF-418B-9576-83414990B3A7} = {5D107164-A3D8-44DB-B4DD-34F1C39D2C56}
		{E5DF444D-D8B3-49D3-801B-59B6B1E90901} = {0ED9FFA0-3269-47C1-8A1C-60D894163352}
	EndGlobalSection
EndGlobal
