
Microsoft Visual Studio Solution File, Format Version 11.00
# Visual Studio 2010
Project("{FAE04EC0-301F-11D3-BF4B-00C04F79EFBC}") = "zxing", "Source\zxing.csproj", "{6431CF13-7A7B-4602-B96A-47CDA6F0B008}"
EndProject
Project("{FAE04EC0-301F-11D3-BF4B-00C04F79EFBC}") = "zxing.sl4", "Source\zxing.sl4.csproj", "{03B962BB-7A24-4589-89E5-C42A17DDC376}"
EndProject
Project("{FAE04EC0-301F-11D3-BF4B-00C04F79EFBC}") = "zxing.net2.0", "Source\zxing.net2.0.csproj", "{41B69545-AAB6-42A6-96A0-6F6817E654A3}"
EndProject
Project("{FAE04EC0-301F-11D3-BF4B-00C04F79EFBC}") = "zxing.wp7.0", "Source\zxing.wp7.0.csproj", "{7144C757-8CA7-4433-8C6F-072C24C43C62}"
EndProject
Project("{FAE04EC0-301F-11D3-BF4B-00C04F79EFBC}") = "zxing.wp7.1", "Source\zxing.wp7.1.csproj", "{EC6F52B8-AF75-4FA2-85C1-82BF77861FFF}"
EndProject
Global
	GlobalSection(SolutionConfigurationPlatforms) = preSolution
		Debug|Any CPU = Debug|Any CPU
		Release|Any CPU = Release|Any CPU
	EndGlobalSection
	GlobalSection(ProjectConfigurationPlatforms) = postSolution
		{6431CF13-7A7B-4602-B96A-47CDA6F0B008}.Debug|Any CPU.ActiveCfg = Debug|Any CPU
		{6431CF13-7A7B-4602-B96A-47CDA6F0B008}.Debug|Any CPU.Build.0 = Debug|Any CPU
		{6431CF13-7A7B-4602-B96A-47CDA6F0B008}.Release|Any CPU.ActiveCfg = Release|Any CPU
		{6431CF13-7A7B-4602-B96A-47CDA6F0B008}.Release|Any CPU.Build.0 = Release|Any CPU
		{03B962BB-7A24-4589-89E5-C42A17DDC376}.Debug|Any CPU.ActiveCfg = Debug|Any CPU
		{03B962BB-7A24-4589-89E5-C42A17DDC376}.Release|Any CPU.ActiveCfg = Release|Any CPU
		{03B962BB-7A24-4589-89E5-C42A17DDC376}.Release|Any CPU.Build.0 = Release|Any CPU
		{41B69545-AAB6-42A6-96A0-6F6817E654A3}.Debug|Any CPU.ActiveCfg = Debug|Any CPU
		{41B69545-AAB6-42A6-96A0-6F6817E654A3}.Release|Any CPU.ActiveCfg = Release|Any CPU
		{41B69545-AAB6-42A6-96A0-6F6817E654A3}.Release|Any CPU.Build.0 = Release|Any CPU
		{7144C757-8CA7-4433-8C6F-072C24C43C62}.Debug|Any CPU.ActiveCfg = Debug|Any CPU
		{7144C757-8CA7-4433-8C6F-072C24C43C62}.Release|Any CPU.ActiveCfg = Release|Any CPU
		{7144C757-8CA7-4433-8C6F-072C24C43C62}.Release|Any CPU.Build.0 = Release|Any CPU
		{EC6F52B8-AF75-4FA2-85C1-82BF77861FFF}.Debug|Any CPU.ActiveCfg = Debug|Any CPU
		{EC6F52B8-AF75-4FA2-85C1-82BF77861FFF}.Release|Any CPU.ActiveCfg = Release|Any CPU
		{EC6F52B8-AF75-4FA2-85C1-82BF77861FFF}.Release|Any CPU.Build.0 = Release|Any CPU
	EndGlobalSection
	GlobalSection(SolutionProperties) = preSolution
		HideSolutionNode = FALSE
	EndGlobalSection
EndGlobal
