
Microsoft Visual Studio Solution File, Format Version 11.00
# Visual Studio 2010
Project("{2150E333-8FDC-42A3-9474-1A3956D46DE8}") = "Solution", "Solution", "{2D5E0A30-FC6C-493C-A756-D5E889809407}"
	ProjectSection(SolutionItems) = preProject
		THANKS = THANKS
		TODO.txt = TODO.txt
		zxing.nunit = zxing.nunit
	EndProjectSection
EndProject
Project("{2150E333-8FDC-42A3-9474-1A3956D46DE8}") = "Clients", "Clients", "{DE3B6078-DB3E-4A14-9AD6-5CC97E4A67ED}"
EndProject
Project("{2150E333-8FDC-42A3-9474-1A3956D46DE8}") = "Documentation", "Documentation", "{A91C1873-C7D0-41BC-86B1-9DAB76AFE9E5}"
EndProject
Project("{FAE04EC0-301F-11D3-BF4B-00C04F79EFBC}") = "zxing.sl4", "Source\lib\zxing.sl4.csproj", "{03B962BB-7A24-4589-89E5-C42A17DDC376}"
EndProject
Project("{FAE04EC0-301F-11D3-BF4B-00C04F79EFBC}") = "zxing.wp7.0", "Source\lib\zxing.wp7.0.csproj", "{7144C757-8CA7-4433-8C6F-072C24C43C62}"
EndProject
Project("{FAE04EC0-301F-11D3-BF4B-00C04F79EFBC}") = "zxing.wp7.1", "Source\lib\zxing.wp7.1.csproj", "{EC6F52B8-AF75-4FA2-85C1-82BF77861FFF}"
EndProject
Project("{FAE04EC0-301F-11D3-BF4B-00C04F79EFBC}") = "WindowsPhoneDemo", "Clients\WindowsPhoneDemo\WindowsPhoneDemo.csproj", "{5D7A75D4-21D5-4690-947F-D0578E9FF757}"
EndProject
Project("{FAE04EC0-301F-11D3-BF4B-00C04F79EFBC}") = "zxing.sl4.test", "Source\test\src\zxing.sl4.test.csproj", "{903D3C02-924C-4117-BB2B-91FAB4C87B7A}"
EndProject
Project("{7CF6DF6D-3B04-46F8-A40B-537D21BCA0B4}") = "zxing.wp7.1.doc", "Source\lib\documentation\zxing.wp7.1.doc.shfbproj", "{13ADDABA-9D04-4503-A9FF-C39E96B6E6B4}"
EndProject
Project("{7CF6DF6D-3B04-46F8-A40B-537D21BCA0B4}") = "zxing.wp7.0.doc", "Source\lib\documentation\zxing.wp7.0.doc.shfbproj", "{5FBC3F17-7792-46CE-B974-14753D605A18}"
EndProject
Project("{7CF6DF6D-3B04-46F8-A40B-537D21BCA0B4}") = "zxing.sl4.doc", "Source\lib\documentation\zxing.sl4.doc.shfbproj", "{F983B572-DCD7-4AB4-B9D5-D218A22BA5FE}"
EndProject
Project("{FAE04EC0-301F-11D3-BF4B-00C04F79EFBC}") = "zxing.portable", "Source\lib\zxing.portable.csproj", "{24B441F2-CBE9-4405-9FD0-72EBCBEA0EC3}"
EndProject
Project("{7CF6DF6D-3B04-46F8-A40B-537D21BCA0B4}") = "zxing.portable.doc", "Source\lib\documentation\zxing.portable.doc.shfbproj", "{B95B1194-0D6A-4121-A629-695B1F8EF0A7}"
	ProjectSection(ProjectDependencies) = postProject
		{24B441F2-CBE9-4405-9FD0-72EBCBEA0EC3} = {24B441F2-CBE9-4405-9FD0-72EBCBEA0EC3}
	EndProjectSection
EndProject
Global
	GlobalSection(SolutionConfigurationPlatforms) = preSolution
		Debug|Any CPU = Debug|Any CPU
		Debug|Mixed Platforms = Debug|Mixed Platforms
		Debug|x86 = Debug|x86
		Release with Documentation|Any CPU = Release with Documentation|Any CPU
		Release with Documentation|Mixed Platforms = Release with Documentation|Mixed Platforms
		Release with Documentation|x86 = Release with Documentation|x86
		Release|Any CPU = Release|Any CPU
		Release|Mixed Platforms = Release|Mixed Platforms
		Release|x86 = Release|x86
	EndGlobalSection
	GlobalSection(ProjectConfigurationPlatforms) = postSolution
		{03B962BB-7A24-4589-89E5-C42A17DDC376}.Debug|Any CPU.ActiveCfg = Debug|Any CPU
		{03B962BB-7A24-4589-89E5-C42A17DDC376}.Debug|Any CPU.Build.0 = Debug|Any CPU
		{03B962BB-7A24-4589-89E5-C42A17DDC376}.Debug|Mixed Platforms.ActiveCfg = Debug|Any CPU
		{03B962BB-7A24-4589-89E5-C42A17DDC376}.Debug|Mixed Platforms.Build.0 = Debug|Any CPU
		{03B962BB-7A24-4589-89E5-C42A17DDC376}.Debug|x86.ActiveCfg = Debug|Any CPU
		{03B962BB-7A24-4589-89E5-C42A17DDC376}.Release with Documentation|Any CPU.ActiveCfg = Release|Any CPU
		{03B962BB-7A24-4589-89E5-C42A17DDC376}.Release with Documentation|Any CPU.Build.0 = Release|Any CPU
		{03B962BB-7A24-4589-89E5-C42A17DDC376}.Release with Documentation|Mixed Platforms.ActiveCfg = Release|Any CPU
		{03B962BB-7A24-4589-89E5-C42A17DDC376}.Release with Documentation|Mixed Platforms.Build.0 = Release|Any CPU
		{03B962BB-7A24-4589-89E5-C42A17DDC376}.Release with Documentation|x86.ActiveCfg = Release|Any CPU
		{03B962BB-7A24-4589-89E5-C42A17DDC376}.Release|Any CPU.ActiveCfg = Release|Any CPU
		{03B962BB-7A24-4589-89E5-C42A17DDC376}.Release|Any CPU.Build.0 = Release|Any CPU
		{03B962BB-7A24-4589-89E5-C42A17DDC376}.Release|Mixed Platforms.ActiveCfg = Release|Any CPU
		{03B962BB-7A24-4589-89E5-C42A17DDC376}.Release|Mixed Platforms.Build.0 = Release|Any CPU
		{03B962BB-7A24-4589-89E5-C42A17DDC376}.Release|x86.ActiveCfg = Release|Any CPU
		{7144C757-8CA7-4433-8C6F-072C24C43C62}.Debug|Any CPU.ActiveCfg = Debug|Any CPU
		{7144C757-8CA7-4433-8C6F-072C24C43C62}.Debug|Any CPU.Build.0 = Debug|Any CPU
		{7144C757-8CA7-4433-8C6F-072C24C43C62}.Debug|Mixed Platforms.ActiveCfg = Debug|Any CPU
		{7144C757-8CA7-4433-8C6F-072C24C43C62}.Debug|Mixed Platforms.Build.0 = Debug|Any CPU
		{7144C757-8CA7-4433-8C6F-072C24C43C62}.Debug|x86.ActiveCfg = Debug|Any CPU
		{7144C757-8CA7-4433-8C6F-072C24C43C62}.Release with Documentation|Any CPU.ActiveCfg = Release|Any CPU
		{7144C757-8CA7-4433-8C6F-072C24C43C62}.Release with Documentation|Any CPU.Build.0 = Release|Any CPU
		{7144C757-8CA7-4433-8C6F-072C24C43C62}.Release with Documentation|Mixed Platforms.ActiveCfg = Release|Any CPU
		{7144C757-8CA7-4433-8C6F-072C24C43C62}.Release with Documentation|Mixed Platforms.Build.0 = Release|Any CPU
		{7144C757-8CA7-4433-8C6F-072C24C43C62}.Release with Documentation|x86.ActiveCfg = Release|Any CPU
		{7144C757-8CA7-4433-8C6F-072C24C43C62}.Release|Any CPU.ActiveCfg = Release|Any CPU
		{7144C757-8CA7-4433-8C6F-072C24C43C62}.Release|Any CPU.Build.0 = Release|Any CPU
		{7144C757-8CA7-4433-8C6F-072C24C43C62}.Release|Mixed Platforms.ActiveCfg = Release|Any CPU
		{7144C757-8CA7-4433-8C6F-072C24C43C62}.Release|Mixed Platforms.Build.0 = Release|Any CPU
		{7144C757-8CA7-4433-8C6F-072C24C43C62}.Release|x86.ActiveCfg = Release|Any CPU
		{EC6F52B8-AF75-4FA2-85C1-82BF77861FFF}.Debug|Any CPU.ActiveCfg = Debug|Any CPU
		{EC6F52B8-AF75-4FA2-85C1-82BF77861FFF}.Debug|Any CPU.Build.0 = Debug|Any CPU
		{EC6F52B8-AF75-4FA2-85C1-82BF77861FFF}.Debug|Mixed Platforms.ActiveCfg = Debug|Any CPU
		{EC6F52B8-AF75-4FA2-85C1-82BF77861FFF}.Debug|Mixed Platforms.Build.0 = Debug|Any CPU
		{EC6F52B8-AF75-4FA2-85C1-82BF77861FFF}.Debug|x86.ActiveCfg = Debug|Any CPU
		{EC6F52B8-AF75-4FA2-85C1-82BF77861FFF}.Release with Documentation|Any CPU.ActiveCfg = Release|Any CPU
		{EC6F52B8-AF75-4FA2-85C1-82BF77861FFF}.Release with Documentation|Any CPU.Build.0 = Release|Any CPU
		{EC6F52B8-AF75-4FA2-85C1-82BF77861FFF}.Release with Documentation|Mixed Platforms.ActiveCfg = Release|Any CPU
		{EC6F52B8-AF75-4FA2-85C1-82BF77861FFF}.Release with Documentation|Mixed Platforms.Build.0 = Release|Any CPU
		{EC6F52B8-AF75-4FA2-85C1-82BF77861FFF}.Release with Documentation|x86.ActiveCfg = Release|Any CPU
		{EC6F52B8-AF75-4FA2-85C1-82BF77861FFF}.Release|Any CPU.ActiveCfg = Release|Any CPU
		{EC6F52B8-AF75-4FA2-85C1-82BF77861FFF}.Release|Any CPU.Build.0 = Release|Any CPU
		{EC6F52B8-AF75-4FA2-85C1-82BF77861FFF}.Release|Mixed Platforms.ActiveCfg = Release|Any CPU
		{EC6F52B8-AF75-4FA2-85C1-82BF77861FFF}.Release|Mixed Platforms.Build.0 = Release|Any CPU
		{EC6F52B8-AF75-4FA2-85C1-82BF77861FFF}.Release|x86.ActiveCfg = Release|Any CPU
		{5D7A75D4-21D5-4690-947F-D0578E9FF757}.Debug|Any CPU.ActiveCfg = Debug|Any CPU
		{5D7A75D4-21D5-4690-947F-D0578E9FF757}.Debug|Any CPU.Build.0 = Debug|Any CPU
		{5D7A75D4-21D5-4690-947F-D0578E9FF757}.Debug|Any CPU.Deploy.0 = Debug|Any CPU
		{5D7A75D4-21D5-4690-947F-D0578E9FF757}.Debug|Mixed Platforms.ActiveCfg = Debug|Any CPU
		{5D7A75D4-21D5-4690-947F-D0578E9FF757}.Debug|Mixed Platforms.Build.0 = Debug|Any CPU
		{5D7A75D4-21D5-4690-947F-D0578E9FF757}.Debug|Mixed Platforms.Deploy.0 = Debug|Any CPU
		{5D7A75D4-21D5-4690-947F-D0578E9FF757}.Debug|x86.ActiveCfg = Debug|Any CPU
		{5D7A75D4-21D5-4690-947F-D0578E9FF757}.Release with Documentation|Any CPU.ActiveCfg = Release|Any CPU
		{5D7A75D4-21D5-4690-947F-D0578E9FF757}.Release with Documentation|Any CPU.Build.0 = Release|Any CPU
		{5D7A75D4-21D5-4690-947F-D0578E9FF757}.Release with Documentation|Any CPU.Deploy.0 = Release|Any CPU
		{5D7A75D4-21D5-4690-947F-D0578E9FF757}.Release with Documentation|Mixed Platforms.ActiveCfg = Release|Any CPU
		{5D7A75D4-21D5-4690-947F-D0578E9FF757}.Release with Documentation|Mixed Platforms.Build.0 = Release|Any CPU
		{5D7A75D4-21D5-4690-947F-D0578E9FF757}.Release with Documentation|Mixed Platforms.Deploy.0 = Release|Any CPU
		{5D7A75D4-21D5-4690-947F-D0578E9FF757}.Release with Documentation|x86.ActiveCfg = Release|Any CPU
		{5D7A75D4-21D5-4690-947F-D0578E9FF757}.Release|Any CPU.ActiveCfg = Release|Any CPU
		{5D7A75D4-21D5-4690-947F-D0578E9FF757}.Release|Any CPU.Build.0 = Release|Any CPU
		{5D7A75D4-21D5-4690-947F-D0578E9FF757}.Release|Any CPU.Deploy.0 = Release|Any CPU
		{5D7A75D4-21D5-4690-947F-D0578E9FF757}.Release|Mixed Platforms.ActiveCfg = Release|Any CPU
		{5D7A75D4-21D5-4690-947F-D0578E9FF757}.Release|Mixed Platforms.Build.0 = Release|Any CPU
		{5D7A75D4-21D5-4690-947F-D0578E9FF757}.Release|Mixed Platforms.Deploy.0 = Release|Any CPU
		{5D7A75D4-21D5-4690-947F-D0578E9FF757}.Release|x86.ActiveCfg = Release|Any CPU
		{903D3C02-924C-4117-BB2B-91FAB4C87B7A}.Debug|Any CPU.ActiveCfg = Debug|Any CPU
		{903D3C02-924C-4117-BB2B-91FAB4C87B7A}.Debug|Any CPU.Build.0 = Debug|Any CPU
		{903D3C02-924C-4117-BB2B-91FAB4C87B7A}.Debug|Mixed Platforms.ActiveCfg = Debug|Any CPU
		{903D3C02-924C-4117-BB2B-91FAB4C87B7A}.Debug|Mixed Platforms.Build.0 = Debug|Any CPU
		{903D3C02-924C-4117-BB2B-91FAB4C87B7A}.Debug|x86.ActiveCfg = Debug|Any CPU
		{903D3C02-924C-4117-BB2B-91FAB4C87B7A}.Release with Documentation|Any CPU.ActiveCfg = Release|Any CPU
		{903D3C02-924C-4117-BB2B-91FAB4C87B7A}.Release with Documentation|Any CPU.Build.0 = Release|Any CPU
		{903D3C02-924C-4117-BB2B-91FAB4C87B7A}.Release with Documentation|Mixed Platforms.ActiveCfg = Release|Any CPU
		{903D3C02-924C-4117-BB2B-91FAB4C87B7A}.Release with Documentation|Mixed Platforms.Build.0 = Release|Any CPU
		{903D3C02-924C-4117-BB2B-91FAB4C87B7A}.Release with Documentation|x86.ActiveCfg = Release|Any CPU
		{903D3C02-924C-4117-BB2B-91FAB4C87B7A}.Release|Any CPU.ActiveCfg = Release|Any CPU
		{903D3C02-924C-4117-BB2B-91FAB4C87B7A}.Release|Any CPU.Build.0 = Release|Any CPU
		{903D3C02-924C-4117-BB2B-91FAB4C87B7A}.Release|Mixed Platforms.ActiveCfg = Release|Any CPU
		{903D3C02-924C-4117-BB2B-91FAB4C87B7A}.Release|Mixed Platforms.Build.0 = Release|Any CPU
		{903D3C02-924C-4117-BB2B-91FAB4C87B7A}.Release|x86.ActiveCfg = Release|Any CPU
		{13ADDABA-9D04-4503-A9FF-C39E96B6E6B4}.Debug|Any CPU.ActiveCfg = Debug|Any CPU
		{13ADDABA-9D04-4503-A9FF-C39E96B6E6B4}.Debug|Mixed Platforms.ActiveCfg = Debug|Any CPU
		{13ADDABA-9D04-4503-A9FF-C39E96B6E6B4}.Debug|x86.ActiveCfg = Debug|Any CPU
		{13ADDABA-9D04-4503-A9FF-C39E96B6E6B4}.Release with Documentation|Any CPU.ActiveCfg = Release|Any CPU
		{13ADDABA-9D04-4503-A9FF-C39E96B6E6B4}.Release with Documentation|Any CPU.Build.0 = Release|Any CPU
		{13ADDABA-9D04-4503-A9FF-C39E96B6E6B4}.Release with Documentation|Mixed Platforms.ActiveCfg = Release|Any CPU
		{13ADDABA-9D04-4503-A9FF-C39E96B6E6B4}.Release with Documentation|Mixed Platforms.Build.0 = Release|Any CPU
		{13ADDABA-9D04-4503-A9FF-C39E96B6E6B4}.Release with Documentation|x86.ActiveCfg = Release|Any CPU
		{13ADDABA-9D04-4503-A9FF-C39E96B6E6B4}.Release|Any CPU.ActiveCfg = Release|Any CPU
		{13ADDABA-9D04-4503-A9FF-C39E96B6E6B4}.Release|Mixed Platforms.ActiveCfg = Release|Any CPU
		{13ADDABA-9D04-4503-A9FF-C39E96B6E6B4}.Release|x86.ActiveCfg = Release|Any CPU
		{5FBC3F17-7792-46CE-B974-14753D605A18}.Debug|Any CPU.ActiveCfg = Debug|Any CPU
		{5FBC3F17-7792-46CE-B974-14753D605A18}.Debug|Mixed Platforms.ActiveCfg = Debug|Any CPU
		{5FBC3F17-7792-46CE-B974-14753D605A18}.Debug|x86.ActiveCfg = Debug|Any CPU
		{5FBC3F17-7792-46CE-B974-14753D605A18}.Release with Documentation|Any CPU.ActiveCfg = Release|Any CPU
		{5FBC3F17-7792-46CE-B974-14753D605A18}.Release with Documentation|Any CPU.Build.0 = Release|Any CPU
		{5FBC3F17-7792-46CE-B974-14753D605A18}.Release with Documentation|Mixed Platforms.ActiveCfg = Release|Any CPU
		{5FBC3F17-7792-46CE-B974-14753D605A18}.Release with Documentation|Mixed Platforms.Build.0 = Release|Any CPU
		{5FBC3F17-7792-46CE-B974-14753D605A18}.Release with Documentation|x86.ActiveCfg = Release|Any CPU
		{5FBC3F17-7792-46CE-B974-14753D605A18}.Release|Any CPU.ActiveCfg = Release|Any CPU
		{5FBC3F17-7792-46CE-B974-14753D605A18}.Release|Mixed Platforms.ActiveCfg = Release|Any CPU
		{5FBC3F17-7792-46CE-B974-14753D605A18}.Release|x86.ActiveCfg = Release|Any CPU
		{F983B572-DCD7-4AB4-B9D5-D218A22BA5FE}.Debug|Any CPU.ActiveCfg = Debug|Any CPU
		{F983B572-DCD7-4AB4-B9D5-D218A22BA5FE}.Debug|Mixed Platforms.ActiveCfg = Debug|Any CPU
		{F983B572-DCD7-4AB4-B9D5-D218A22BA5FE}.Debug|x86.ActiveCfg = Debug|Any CPU
		{F983B572-DCD7-4AB4-B9D5-D218A22BA5FE}.Release with Documentation|Any CPU.ActiveCfg = Release|Any CPU
		{F983B572-DCD7-4AB4-B9D5-D218A22BA5FE}.Release with Documentation|Any CPU.Build.0 = Release|Any CPU
		{F983B572-DCD7-4AB4-B9D5-D218A22BA5FE}.Release with Documentation|Mixed Platforms.ActiveCfg = Release|Any CPU
		{F983B572-DCD7-4AB4-B9D5-D218A22BA5FE}.Release with Documentation|Mixed Platforms.Build.0 = Release|Any CPU
		{F983B572-DCD7-4AB4-B9D5-D218A22BA5FE}.Release with Documentation|x86.ActiveCfg = Release|Any CPU
		{F983B572-DCD7-4AB4-B9D5-D218A22BA5FE}.Release|Any CPU.ActiveCfg = Release|Any CPU
		{F983B572-DCD7-4AB4-B9D5-D218A22BA5FE}.Release|Mixed Platforms.ActiveCfg = Release|Any CPU
		{F983B572-DCD7-4AB4-B9D5-D218A22BA5FE}.Release|x86.ActiveCfg = Release|Any CPU
		{24B441F2-CBE9-4405-9FD0-72EBCBEA0EC3}.Debug|Any CPU.ActiveCfg = Debug|Any CPU
		{24B441F2-CBE9-4405-9FD0-72EBCBEA0EC3}.Debug|Any CPU.Build.0 = Debug|Any CPU
		{24B441F2-CBE9-4405-9FD0-72EBCBEA0EC3}.Debug|Mixed Platforms.ActiveCfg = Debug|Any CPU
		{24B441F2-CBE9-4405-9FD0-72EBCBEA0EC3}.Debug|Mixed Platforms.Build.0 = Debug|Any CPU
		{24B441F2-CBE9-4405-9FD0-72EBCBEA0EC3}.Debug|x86.ActiveCfg = Debug|Any CPU
		{24B441F2-CBE9-4405-9FD0-72EBCBEA0EC3}.Release with Documentation|Any CPU.ActiveCfg = Release|Any CPU
		{24B441F2-CBE9-4405-9FD0-72EBCBEA0EC3}.Release with Documentation|Any CPU.Build.0 = Release|Any CPU
		{24B441F2-CBE9-4405-9FD0-72EBCBEA0EC3}.Release with Documentation|Mixed Platforms.ActiveCfg = Release|Any CPU
		{24B441F2-CBE9-4405-9FD0-72EBCBEA0EC3}.Release with Documentation|Mixed Platforms.Build.0 = Release|Any CPU
		{24B441F2-CBE9-4405-9FD0-72EBCBEA0EC3}.Release with Documentation|x86.ActiveCfg = Release|Any CPU
		{24B441F2-CBE9-4405-9FD0-72EBCBEA0EC3}.Release|Any CPU.ActiveCfg = Release|Any CPU
		{24B441F2-CBE9-4405-9FD0-72EBCBEA0EC3}.Release|Any CPU.Build.0 = Release|Any CPU
		{24B441F2-CBE9-4405-9FD0-72EBCBEA0EC3}.Release|Mixed Platforms.ActiveCfg = Release|Any CPU
		{24B441F2-CBE9-4405-9FD0-72EBCBEA0EC3}.Release|Mixed Platforms.Build.0 = Release|Any CPU
		{24B441F2-CBE9-4405-9FD0-72EBCBEA0EC3}.Release|x86.ActiveCfg = Release|Any CPU
		{B95B1194-0D6A-4121-A629-695B1F8EF0A7}.Debug|Any CPU.ActiveCfg = Debug|Any CPU
		{B95B1194-0D6A-4121-A629-695B1F8EF0A7}.Debug|Any CPU.Build.0 = Debug|Any CPU
		{B95B1194-0D6A-4121-A629-695B1F8EF0A7}.Debug|Mixed Platforms.ActiveCfg = Debug|Any CPU
		{B95B1194-0D6A-4121-A629-695B1F8EF0A7}.Debug|x86.ActiveCfg = Debug|Any CPU
		{B95B1194-0D6A-4121-A629-695B1F8EF0A7}.Release with Documentation|Any CPU.ActiveCfg = Release with Documentation|Any CPU
		{B95B1194-0D6A-4121-A629-695B1F8EF0A7}.Release with Documentation|Any CPU.Build.0 = Release with Documentation|Any CPU
		{B95B1194-0D6A-4121-A629-695B1F8EF0A7}.Release with Documentation|Mixed Platforms.ActiveCfg = Release|Any CPU
		{B95B1194-0D6A-4121-A629-695B1F8EF0A7}.Release with Documentation|Mixed Platforms.Build.0 = Release|Any CPU
		{B95B1194-0D6A-4121-A629-695B1F8EF0A7}.Release with Documentation|x86.ActiveCfg = Release with Documentation|Any CPU
		{B95B1194-0D6A-4121-A629-695B1F8EF0A7}.Release|Any CPU.ActiveCfg = Release|Any CPU
		{B95B1194-0D6A-4121-A629-695B1F8EF0A7}.Release|Any CPU.Build.0 = Release|Any CPU
		{B95B1194-0D6A-4121-A629-695B1F8EF0A7}.Release|Mixed Platforms.ActiveCfg = Release|Any CPU
		{B95B1194-0D6A-4121-A629-695B1F8EF0A7}.Release|Mixed Platforms.Build.0 = Release|Any CPU
		{B95B1194-0D6A-4121-A629-695B1F8EF0A7}.Release|x86.ActiveCfg = Release|Any CPU
	EndGlobalSection
	GlobalSection(SolutionProperties) = preSolution
		HideSolutionNode = FALSE
	EndGlobalSection
	GlobalSection(NestedProjects) = preSolution
		{5D7A75D4-21D5-4690-947F-D0578E9FF757} = {DE3B6078-DB3E-4A14-9AD6-5CC97E4A67ED}
		{13ADDABA-9D04-4503-A9FF-C39E96B6E6B4} = {A91C1873-C7D0-41BC-86B1-9DAB76AFE9E5}
		{5FBC3F17-7792-46CE-B974-14753D605A18} = {A91C1873-C7D0-41BC-86B1-9DAB76AFE9E5}
		{F983B572-DCD7-4AB4-B9D5-D218A22BA5FE} = {A91C1873-C7D0-41BC-86B1-9DAB76AFE9E5}
		{B95B1194-0D6A-4121-A629-695B1F8EF0A7} = {A91C1873-C7D0-41BC-86B1-9DAB76AFE9E5}
	EndGlobalSection
EndGlobal
