
Microsoft Visual Studio Solution File, Format Version 12.00
# Visual Studio 2012
Project("{FAE04EC0-301F-11D3-BF4B-00C04F79EFBC}") = "zxing.winrt", "Source\lib\zxing.winrt.csproj", "{1DE71AD0-9E5E-4649-90F7-883E467ACC1A}"
EndProject
Project("{FAE04EC0-301F-11D3-BF4B-00C04F79EFBC}") = "zxing.wp8.0", "Source\lib\zxing.wp8.0.csproj", "{B90C2C94-B895-4C7F-BD20-32135AE5D49B}"
EndProject
Project("{2150E333-8FDC-42A3-9474-1A3956D46DE8}") = "Clients", "Clients", "{5D107164-A3D8-44DB-B4DD-34F1C39D2C56}"
EndProject
Project("{FAE04EC0-301F-11D3-BF4B-00C04F79EFBC}") = "WindowsRTDemo", "Clients\WindowsRTDemo\WindowsRTDemo.csproj", "{6409E0A7-6B09-4928-B03A-2257A391FCBD}"
EndProject
Project("{FAE04EC0-301F-11D3-BF4B-00C04F79EFBC}") = "WindowsPhone8Demo", "Clients\WindowsPhone8Demo\WindowsPhone8Demo.csproj", "{BA46155F-1B44-4DE5-A625-BB351D14AD91}"
EndProject
Project("{2150E333-8FDC-42A3-9474-1A3956D46DE8}") = "Icons", "Icons", "{AF72F45B-8305-4B44-A28A-5F477E6E8533}"
	ProjectSection(SolutionItems) = preProject
		Icons\logo.ai = Icons\logo.ai
		Icons\logo.jpg = Icons\logo.jpg
		Icons\logo_logo with text.svg = Icons\logo_logo with text.svg
		Icons\logo_logo without text.svg = Icons\logo_logo without text.svg
	EndProjectSection
EndProject
Project("{FAE04EC0-301F-11D3-BF4B-00C04F79EFBC}") = "SimpleWindowsPhone8Demo", "Clients\SimpleWindowsPhone8Demo\SimpleWindowsPhone8Demo.csproj", "{A8BFFD15-10E5-42F1-A3C5-E9DC90A47D12}"
EndProject
Project("{2150E333-8FDC-42A3-9474-1A3956D46DE8}") = "Documentation", "Documentation", "{6F514258-1261-4466-9FFD-11B74056BF6C}"
EndProject
Global
	GlobalSection(SolutionConfigurationPlatforms) = preSolution
		Debug|Any CPU = Debug|Any CPU
		Debug|ARM = Debug|ARM
		Debug|x64 = Debug|x64
		Debug|x86 = Debug|x86
		Release with Documentation|Any CPU = Release with Documentation|Any CPU
		Release with Documentation|ARM = Release with Documentation|ARM
		Release with Documentation|x64 = Release with Documentation|x64
		Release with Documentation|x86 = Release with Documentation|x86
		Release|Any CPU = Release|Any CPU
		Release|ARM = Release|ARM
		Release|x64 = Release|x64
		Release|x86 = Release|x86
	EndGlobalSection
	GlobalSection(ProjectConfigurationPlatforms) = postSolution
		{1DE71AD0-9E5E-4649-90F7-883E467ACC1A}.Debug|Any CPU.ActiveCfg = Debug|Any CPU
		{1DE71AD0-9E5E-4649-90F7-883E467ACC1A}.Debug|Any CPU.Build.0 = Debug|Any CPU
		{1DE71AD0-9E5E-4649-90F7-883E467ACC1A}.Debug|ARM.ActiveCfg = Debug|ARM
		{1DE71AD0-9E5E-4649-90F7-883E467ACC1A}.Debug|ARM.Build.0 = Debug|ARM
		{1DE71AD0-9E5E-4649-90F7-883E467ACC1A}.Debug|x64.ActiveCfg = Debug|x64
		{1DE71AD0-9E5E-4649-90F7-883E467ACC1A}.Debug|x64.Build.0 = Debug|x64
		{1DE71AD0-9E5E-4649-90F7-883E467ACC1A}.Debug|x86.ActiveCfg = Debug|x86
		{1DE71AD0-9E5E-4649-90F7-883E467ACC1A}.Debug|x86.Build.0 = Debug|x86
		{1DE71AD0-9E5E-4649-90F7-883E467ACC1A}.Release with Documentation|Any CPU.ActiveCfg = Release|Any CPU
		{1DE71AD0-9E5E-4649-90F7-883E467ACC1A}.Release with Documentation|Any CPU.Build.0 = Release|Any CPU
		{1DE71AD0-9E5E-4649-90F7-883E467ACC1A}.Release with Documentation|ARM.ActiveCfg = Release|ARM
		{1DE71AD0-9E5E-4649-90F7-883E467ACC1A}.Release with Documentation|ARM.Build.0 = Release|ARM
		{1DE71AD0-9E5E-4649-90F7-883E467ACC1A}.Release with Documentation|x64.ActiveCfg = Release|x64
		{1DE71AD0-9E5E-4649-90F7-883E467ACC1A}.Release with Documentation|x64.Build.0 = Release|x64
		{1DE71AD0-9E5E-4649-90F7-883E467ACC1A}.Release with Documentation|x86.ActiveCfg = Release|x86
		{1DE71AD0-9E5E-4649-90F7-883E467ACC1A}.Release with Documentation|x86.Build.0 = Release|x86
		{1DE71AD0-9E5E-4649-90F7-883E467ACC1A}.Release|Any CPU.ActiveCfg = Release|Any CPU
		{1DE71AD0-9E5E-4649-90F7-883E467ACC1A}.Release|Any CPU.Build.0 = Release|Any CPU
		{1DE71AD0-9E5E-4649-90F7-883E467ACC1A}.Release|ARM.ActiveCfg = Release|ARM
		{1DE71AD0-9E5E-4649-90F7-883E467ACC1A}.Release|ARM.Build.0 = Release|ARM
		{1DE71AD0-9E5E-4649-90F7-883E467ACC1A}.Release|x64.ActiveCfg = Release|x64
		{1DE71AD0-9E5E-4649-90F7-883E467ACC1A}.Release|x64.Build.0 = Release|x64
		{1DE71AD0-9E5E-4649-90F7-883E467ACC1A}.Release|x86.ActiveCfg = Release|x86
		{1DE71AD0-9E5E-4649-90F7-883E467ACC1A}.Release|x86.Build.0 = Release|x86
		{B90C2C94-B895-4C7F-BD20-32135AE5D49B}.Debug|Any CPU.ActiveCfg = Debug|Any CPU
		{B90C2C94-B895-4C7F-BD20-32135AE5D49B}.Debug|Any CPU.Build.0 = Debug|Any CPU
		{B90C2C94-B895-4C7F-BD20-32135AE5D49B}.Debug|ARM.ActiveCfg = Debug|ARM
		{B90C2C94-B895-4C7F-BD20-32135AE5D49B}.Debug|ARM.Build.0 = Debug|ARM
		{B90C2C94-B895-4C7F-BD20-32135AE5D49B}.Debug|x64.ActiveCfg = Debug|Any CPU
		{B90C2C94-B895-4C7F-BD20-32135AE5D49B}.Debug|x86.ActiveCfg = Debug|x86
		{B90C2C94-B895-4C7F-BD20-32135AE5D49B}.Debug|x86.Build.0 = Debug|x86
		{B90C2C94-B895-4C7F-BD20-32135AE5D49B}.Release with Documentation|Any CPU.ActiveCfg = Release|Any CPU
		{B90C2C94-B895-4C7F-BD20-32135AE5D49B}.Release with Documentation|Any CPU.Build.0 = Release|Any CPU
		{B90C2C94-B895-4C7F-BD20-32135AE5D49B}.Release with Documentation|ARM.ActiveCfg = Release|ARM
		{B90C2C94-B895-4C7F-BD20-32135AE5D49B}.Release with Documentation|ARM.Build.0 = Release|ARM
		{B90C2C94-B895-4C7F-BD20-32135AE5D49B}.Release with Documentation|x64.ActiveCfg = Release|Any CPU
		{B90C2C94-B895-4C7F-BD20-32135AE5D49B}.Release with Documentation|x86.ActiveCfg = Release|x86
		{B90C2C94-B895-4C7F-BD20-32135AE5D49B}.Release with Documentation|x86.Build.0 = Release|x86
		{B90C2C94-B895-4C7F-BD20-32135AE5D49B}.Release|Any CPU.ActiveCfg = Release|Any CPU
		{B90C2C94-B895-4C7F-BD20-32135AE5D49B}.Release|Any CPU.Build.0 = Release|Any CPU
		{B90C2C94-B895-4C7F-BD20-32135AE5D49B}.Release|ARM.ActiveCfg = Release|ARM
		{B90C2C94-B895-4C7F-BD20-32135AE5D49B}.Release|ARM.Build.0 = Release|ARM
		{B90C2C94-B895-4C7F-BD20-32135AE5D49B}.Release|x64.ActiveCfg = Release|Any CPU
		{B90C2C94-B895-4C7F-BD20-32135AE5D49B}.Release|x86.ActiveCfg = Release|x86
		{B90C2C94-B895-4C7F-BD20-32135AE5D49B}.Release|x86.Build.0 = Release|x86
		{6409E0A7-6B09-4928-B03A-2257A391FCBD}.Debug|Any CPU.ActiveCfg = Debug|Any CPU
		{6409E0A7-6B09-4928-B03A-2257A391FCBD}.Debug|Any CPU.Build.0 = Debug|Any CPU
		{6409E0A7-6B09-4928-B03A-2257A391FCBD}.Debug|Any CPU.Deploy.0 = Debug|Any CPU
		{6409E0A7-6B09-4928-B03A-2257A391FCBD}.Debug|ARM.ActiveCfg = Debug|ARM
		{6409E0A7-6B09-4928-B03A-2257A391FCBD}.Debug|ARM.Build.0 = Debug|ARM
		{6409E0A7-6B09-4928-B03A-2257A391FCBD}.Debug|ARM.Deploy.0 = Debug|ARM
		{6409E0A7-6B09-4928-B03A-2257A391FCBD}.Debug|x64.ActiveCfg = Debug|x64
		{6409E0A7-6B09-4928-B03A-2257A391FCBD}.Debug|x64.Build.0 = Debug|x64
		{6409E0A7-6B09-4928-B03A-2257A391FCBD}.Debug|x64.Deploy.0 = Debug|x64
		{6409E0A7-6B09-4928-B03A-2257A391FCBD}.Debug|x86.ActiveCfg = Debug|x86
		{6409E0A7-6B09-4928-B03A-2257A391FCBD}.Debug|x86.Build.0 = Debug|x86
		{6409E0A7-6B09-4928-B03A-2257A391FCBD}.Debug|x86.Deploy.0 = Debug|x86
		{6409E0A7-6B09-4928-B03A-2257A391FCBD}.Release with Documentation|Any CPU.ActiveCfg = Release|Any CPU
		{6409E0A7-6B09-4928-B03A-2257A391FCBD}.Release with Documentation|Any CPU.Build.0 = Release|Any CPU
		{6409E0A7-6B09-4928-B03A-2257A391FCBD}.Release with Documentation|Any CPU.Deploy.0 = Release|Any CPU
		{6409E0A7-6B09-4928-B03A-2257A391FCBD}.Release with Documentation|ARM.ActiveCfg = Release|ARM
		{6409E0A7-6B09-4928-B03A-2257A391FCBD}.Release with Documentation|ARM.Build.0 = Release|ARM
		{6409E0A7-6B09-4928-B03A-2257A391FCBD}.Release with Documentation|ARM.Deploy.0 = Release|ARM
		{6409E0A7-6B09-4928-B03A-2257A391FCBD}.Release with Documentation|x64.ActiveCfg = Release|x64
		{6409E0A7-6B09-4928-B03A-2257A391FCBD}.Release with Documentation|x64.Build.0 = Release|x64
		{6409E0A7-6B09-4928-B03A-2257A391FCBD}.Release with Documentation|x64.Deploy.0 = Release|x64
		{6409E0A7-6B09-4928-B03A-2257A391FCBD}.Release with Documentation|x86.ActiveCfg = Release|x86
		{6409E0A7-6B09-4928-B03A-2257A391FCBD}.Release with Documentation|x86.Build.0 = Release|x86
		{6409E0A7-6B09-4928-B03A-2257A391FCBD}.Release with Documentation|x86.Deploy.0 = Release|x86
		{6409E0A7-6B09-4928-B03A-2257A391FCBD}.Release|Any CPU.ActiveCfg = Release|Any CPU
		{6409E0A7-6B09-4928-B03A-2257A391FCBD}.Release|Any CPU.Build.0 = Release|Any CPU
		{6409E0A7-6B09-4928-B03A-2257A391FCBD}.Release|Any CPU.Deploy.0 = Release|Any CPU
		{6409E0A7-6B09-4928-B03A-2257A391FCBD}.Release|ARM.ActiveCfg = Release|ARM
		{6409E0A7-6B09-4928-B03A-2257A391FCBD}.Release|ARM.Build.0 = Release|ARM
		{6409E0A7-6B09-4928-B03A-2257A391FCBD}.Release|ARM.Deploy.0 = Release|ARM
		{6409E0A7-6B09-4928-B03A-2257A391FCBD}.Release|x64.ActiveCfg = Release|x64
		{6409E0A7-6B09-4928-B03A-2257A391FCBD}.Release|x64.Build.0 = Release|x64
		{6409E0A7-6B09-4928-B03A-2257A391FCBD}.Release|x64.Deploy.0 = Release|x64
		{6409E0A7-6B09-4928-B03A-2257A391FCBD}.Release|x86.ActiveCfg = Release|x86
		{6409E0A7-6B09-4928-B03A-2257A391FCBD}.Release|x86.Build.0 = Release|x86
		{6409E0A7-6B09-4928-B03A-2257A391FCBD}.Release|x86.Deploy.0 = Release|x86
		{BA46155F-1B44-4DE5-A625-BB351D14AD91}.Debug|Any CPU.ActiveCfg = Debug|Any CPU
		{BA46155F-1B44-4DE5-A625-BB351D14AD91}.Debug|Any CPU.Build.0 = Debug|Any CPU
		{BA46155F-1B44-4DE5-A625-BB351D14AD91}.Debug|Any CPU.Deploy.0 = Debug|Any CPU
		{BA46155F-1B44-4DE5-A625-BB351D14AD91}.Debug|ARM.ActiveCfg = Debug|ARM
		{BA46155F-1B44-4DE5-A625-BB351D14AD91}.Debug|ARM.Build.0 = Debug|ARM
		{BA46155F-1B44-4DE5-A625-BB351D14AD91}.Debug|ARM.Deploy.0 = Debug|ARM
		{BA46155F-1B44-4DE5-A625-BB351D14AD91}.Debug|x64.ActiveCfg = Debug|Any CPU
		{BA46155F-1B44-4DE5-A625-BB351D14AD91}.Debug|x86.ActiveCfg = Debug|x86
		{BA46155F-1B44-4DE5-A625-BB351D14AD91}.Debug|x86.Build.0 = Debug|x86
		{BA46155F-1B44-4DE5-A625-BB351D14AD91}.Debug|x86.Deploy.0 = Debug|x86
		{BA46155F-1B44-4DE5-A625-BB351D14AD91}.Release with Documentation|Any CPU.ActiveCfg = Release|Any CPU
		{BA46155F-1B44-4DE5-A625-BB351D14AD91}.Release with Documentation|Any CPU.Build.0 = Release|Any CPU
		{BA46155F-1B44-4DE5-A625-BB351D14AD91}.Release with Documentation|Any CPU.Deploy.0 = Release|Any CPU
		{BA46155F-1B44-4DE5-A625-BB351D14AD91}.Release with Documentation|ARM.ActiveCfg = Release|ARM
		{BA46155F-1B44-4DE5-A625-BB351D14AD91}.Release with Documentation|ARM.Build.0 = Release|ARM
		{BA46155F-1B44-4DE5-A625-BB351D14AD91}.Release with Documentation|ARM.Deploy.0 = Release|ARM
		{BA46155F-1B44-4DE5-A625-BB351D14AD91}.Release with Documentation|x64.ActiveCfg = Release|Any CPU
		{BA46155F-1B44-4DE5-A625-BB351D14AD91}.Release with Documentation|x86.ActiveCfg = Release|x86
		{BA46155F-1B44-4DE5-A625-BB351D14AD91}.Release with Documentation|x86.Build.0 = Release|x86
		{BA46155F-1B44-4DE5-A625-BB351D14AD91}.Release with Documentation|x86.Deploy.0 = Release|x86
		{BA46155F-1B44-4DE5-A625-BB351D14AD91}.Release|Any CPU.ActiveCfg = Release|Any CPU
		{BA46155F-1B44-4DE5-A625-BB351D14AD91}.Release|Any CPU.Build.0 = Release|Any CPU
		{BA46155F-1B44-4DE5-A625-BB351D14AD91}.Release|Any CPU.Deploy.0 = Release|Any CPU
		{BA46155F-1B44-4DE5-A625-BB351D14AD91}.Release|ARM.ActiveCfg = Release|ARM
		{BA46155F-1B44-4DE5-A625-BB351D14AD91}.Release|ARM.Build.0 = Release|ARM
		{BA46155F-1B44-4DE5-A625-BB351D14AD91}.Release|ARM.Deploy.0 = Release|ARM
		{BA46155F-1B44-4DE5-A625-BB351D14AD91}.Release|x64.ActiveCfg = Release|Any CPU
		{BA46155F-1B44-4DE5-A625-BB351D14AD91}.Release|x86.ActiveCfg = Release|x86
		{BA46155F-1B44-4DE5-A625-BB351D14AD91}.Release|x86.Build.0 = Release|x86
		{BA46155F-1B44-4DE5-A625-BB351D14AD91}.Release|x86.Deploy.0 = Release|x86
		{A8BFFD15-10E5-42F1-A3C5-E9DC90A47D12}.Debug|Any CPU.ActiveCfg = Debug|Any CPU
		{A8BFFD15-10E5-42F1-A3C5-E9DC90A47D12}.Debug|Any CPU.Build.0 = Debug|Any CPU
		{A8BFFD15-10E5-42F1-A3C5-E9DC90A47D12}.Debug|Any CPU.Deploy.0 = Debug|Any CPU
		{A8BFFD15-10E5-42F1-A3C5-E9DC90A47D12}.Debug|ARM.ActiveCfg = Debug|ARM
		{A8BFFD15-10E5-42F1-A3C5-E9DC90A47D12}.Debug|ARM.Build.0 = Debug|ARM
		{A8BFFD15-10E5-42F1-A3C5-E9DC90A47D12}.Debug|ARM.Deploy.0 = Debug|ARM
		{A8BFFD15-10E5-42F1-A3C5-E9DC90A47D12}.Debug|x64.ActiveCfg = Debug|Any CPU
		{A8BFFD15-10E5-42F1-A3C5-E9DC90A47D12}.Debug|x86.ActiveCfg = Debug|x86
		{A8BFFD15-10E5-42F1-A3C5-E9DC90A47D12}.Debug|x86.Build.0 = Debug|x86
		{A8BFFD15-10E5-42F1-A3C5-E9DC90A47D12}.Debug|x86.Deploy.0 = Debug|x86
		{A8BFFD15-10E5-42F1-A3C5-E9DC90A47D12}.Release with Documentation|Any CPU.ActiveCfg = Release|Any CPU
		{A8BFFD15-10E5-42F1-A3C5-E9DC90A47D12}.Release with Documentation|Any CPU.Build.0 = Release|Any CPU
		{A8BFFD15-10E5-42F1-A3C5-E9DC90A47D12}.Release with Documentation|Any CPU.Deploy.0 = Release|Any CPU
		{A8BFFD15-10E5-42F1-A3C5-E9DC90A47D12}.Release with Documentation|ARM.ActiveCfg = Release|ARM
		{A8BFFD15-10E5-42F1-A3C5-E9DC90A47D12}.Release with Documentation|ARM.Build.0 = Release|ARM
		{A8BFFD15-10E5-42F1-A3C5-E9DC90A47D12}.Release with Documentation|ARM.Deploy.0 = Release|ARM
		{A8BFFD15-10E5-42F1-A3C5-E9DC90A47D12}.Release with Documentation|x64.ActiveCfg = Release|Any CPU
		{A8BFFD15-10E5-42F1-A3C5-E9DC90A47D12}.Release with Documentation|x86.ActiveCfg = Release|x86
		{A8BFFD15-10E5-42F1-A3C5-E9DC90A47D12}.Release with Documentation|x86.Build.0 = Release|x86
		{A8BFFD15-10E5-42F1-A3C5-E9DC90A47D12}.Release with Documentation|x86.Deploy.0 = Release|x86
		{A8BFFD15-10E5-42F1-A3C5-E9DC90A47D12}.Release|Any CPU.ActiveCfg = Release|Any CPU
		{A8BFFD15-10E5-42F1-A3C5-E9DC90A47D12}.Release|Any CPU.Build.0 = Release|Any CPU
		{A8BFFD15-10E5-42F1-A3C5-E9DC90A47D12}.Release|Any CPU.Deploy.0 = Release|Any CPU
		{A8BFFD15-10E5-42F1-A3C5-E9DC90A47D12}.Release|ARM.ActiveCfg = Release|ARM
		{A8BFFD15-10E5-42F1-A3C5-E9DC90A47D12}.Release|ARM.Build.0 = Release|ARM
		{A8BFFD15-10E5-42F1-A3C5-E9DC90A47D12}.Release|ARM.Deploy.0 = Release|ARM
		{A8BFFD15-10E5-42F1-A3C5-E9DC90A47D12}.Release|x64.ActiveCfg = Release|Any CPU
		{A8BFFD15-10E5-42F1-A3C5-E9DC90A47D12}.Release|x86.ActiveCfg = Release|x86
		{A8BFFD15-10E5-42F1-A3C5-E9DC90A47D12}.Release|x86.Build.0 = Release|x86
		{A8BFFD15-10E5-42F1-A3C5-E9DC90A47D12}.Release|x86.Deploy.0 = Release|x86
	EndGlobalSection
	GlobalSection(SolutionProperties) = preSolution
		HideSolutionNode = FALSE
	EndGlobalSection
	GlobalSection(NestedProjects) = preSolution
		{6409E0A7-6B09-4928-B03A-2257A391FCBD} = {5D107164-A3D8-44DB-B4DD-34F1C39D2C56}
		{BA46155F-1B44-4DE5-A625-BB351D14AD91} = {5D107164-A3D8-44DB-B4DD-34F1C39D2C56}
		{A8BFFD15-10E5-42F1-A3C5-E9DC90A47D12} = {5D107164-A3D8-44DB-B4DD-34F1C39D2C56}
	EndGlobalSection
EndGlobal
