
Microsoft Visual Studio Solution File, Format Version 12.00
# Visual Studio Version 16
VisualStudioVersion = 16.0.29102.190
MinimumVisualStudioVersion = 10.0.40219.1
Project("{9A19103F-16F7-4668-BE54-9A1E7A4F7556}") = "ZXing.Net", "Source\lib\netstandard\ZXing.Net.csproj", "{832C3EF1-56B8-4164-B140-4A2D01DB3CA2}"
EndProject
Project("{2150E333-8FDC-42A3-9474-1A3956D46DE8}") = "Bindings", "Bindings", "{E3647B3A-B903-402A-B7F7-711A4A1512B9}"
EndProject
Project("{9A19103F-16F7-4668-BE54-9A1E7A4F7556}") = "ZXing.CoreCompat.System.Drawing.V2", "Source\Bindings\ZXing.CoreCompat.System.Drawing.V2\ZXing.CoreCompat.System.Drawing.V2.csproj", "{8D0214CE-67A9-4DE5-A177-BCBD0420D1EF}"
EndProject
Project("{FAE04EC0-301F-11D3-BF4B-00C04F79EFBC}") = "zxing.net2.0", "Source\lib\zxing.net2.0.csproj", "{41B69545-AAB6-42A6-96A0-6F6817E654A3}"
EndProject
Project("{FAE04EC0-301F-11D3-BF4B-00C04F79EFBC}") = "zxing.net2.0.unsigned", "Source\lib\zxing.net2.0.unsigned.csproj", "{1D1268BD-EA2D-4A2E-AF87-E01943225666}"
EndProject
Project("{FAE04EC0-301F-11D3-BF4B-00C04F79EFBC}") = "zxing.net3.5", "Source\lib\zxing.net3.5.csproj", "{E9498F6A-0FA7-4E34-BD38-9C54DC800941}"
EndProject
Project("{FAE04EC0-301F-11D3-BF4B-00C04F79EFBC}") = "zxing.net4.0", "Source\lib\zxing.net4.0.csproj", "{6431CF13-7A7B-4602-B96A-47CDA6F0B008}"
EndProject
Project("{FAE04EC0-301F-11D3-BF4B-00C04F79EFBC}") = "zxing.net4.0.presentation", "Source\lib\zxing.net4.0.presentation.csproj", "{EA513204-63F3-4C50-992D-08FF430B6F70}"
EndProject
Project("{FAE04EC0-301F-11D3-BF4B-00C04F79EFBC}") = "zxing.net4.0.unsigned", "Source\lib\zxing.net4.0.unsigned.csproj", "{0006F7E7-7BF1-4B31-A196-EF082A76BF12}"
EndProject
Project("{FAE04EC0-301F-11D3-BF4B-00C04F79EFBC}") = "zxing.net4.5", "Source\lib\zxing.net4.5.csproj", "{24074395-0196-4204-B516-CB6DBA2FC4B9}"
EndProject
Project("{FAE04EC0-301F-11D3-BF4B-00C04F79EFBC}") = "zxing.net4.5.presentation", "Source\lib\zxing.net4.5.presentation.csproj", "{D038EDF8-2DB4-4E21-B369-12C115583A81}"
EndProject
Project("{FAE04EC0-301F-11D3-BF4B-00C04F79EFBC}") = "zxing.net4.6", "Source\lib\zxing.net4.6.csproj", "{E028CBEC-BD08-4A0F-B4BB-C7EC413A16C1}"
EndProject
Project("{FAE04EC0-301F-11D3-BF4B-00C04F79EFBC}") = "zxing.net4.6.presentation", "Source\lib\zxing.net4.6.presentation.csproj", "{2C7ED1D1-AE0E-4244-87A3-C3CC13DD0659}"
EndProject
Project("{FAE04EC0-301F-11D3-BF4B-00C04F79EFBC}") = "zxing.net4.7", "Source\lib\zxing.net4.7.csproj", "{2C074E8F-E879-4C9E-B2C3-8F80C0DB641D}"
EndProject
Project("{FAE04EC0-301F-11D3-BF4B-00C04F79EFBC}") = "zxing.net4.7.presentation", "Source\lib\zxing.net4.7.presentation.csproj", "{D98D11B0-744E-4197-9DA4-D3EE96890219}"
EndProject
Project("{FAE04EC0-301F-11D3-BF4B-00C04F79EFBC}") = "zxing.unity", "Source\lib\zxing.unity.csproj", "{FD386CF5-E9CD-442C-A44C-B7D996E68CCC}"
EndProject
Project("{2150E333-8FDC-42A3-9474-1A3956D46DE8}") = "Clients", "Clients", "{751F738A-6DBF-4E2B-8FCD-D381E46D979D}"
EndProject
Project("{FAE04EC0-301F-11D3-BF4B-00C04F79EFBC}") = "AForgeDemo", "Clients\AForgeDemo\AForgeDemo.csproj", "{4FE53DF1-45BB-4443-A1AE-B41D3B4D5FF1}"
EndProject
Project("{FAE04EC0-301F-11D3-BF4B-00C04F79EFBC}") = "CommandLineDecoder", "Clients\CommandLineDecoder\CommandLineDecoder.csproj", "{7B604F37-11C5-499F-9CE2-943BAFB60552}"
EndProject
Project("{FAE04EC0-301F-11D3-BF4B-00C04F79EFBC}") = "CommandLineEncoder", "Clients\CommandLineEncoder\CommandLineEncoder.csproj", "{F37668D8-6423-4019-90D9-3DA81EEC6A1A}"
EndProject
Project("{FAE04EC0-301F-11D3-BF4B-00C04F79EFBC}") = "EmguCVDemo", "Clients\EmguCVDemo\EmguCVDemo.csproj", "{9870BA86-B9DC-472C-ACA5-EC45C6B066D5}"
EndProject
Project("{FAE04EC0-301F-11D3-BF4B-00C04F79EFBC}") = "OpenCVDemo", "Clients\OpenCVDemo\OpenCVDemo.csproj", "{8E24C71F-308A-43B7-9CC4-CBB561913310}"
EndProject
Project("{FAE04EC0-301F-11D3-BF4B-00C04F79EFBC}") = "ServiceDemo", "Clients\ServiceDemo\ServiceDemo\ServiceDemo.csproj", "{02B5CDF3-298C-4558-B553-30DDE7CFC2B9}"
EndProject
Project("{FAE04EC0-301F-11D3-BF4B-00C04F79EFBC}") = "UnityDemo", "Clients\UnityDemo\UnityDemo.csproj", "{58A7C872-B3E6-47CF-8A32-6CAB847BDCE9}"
EndProject
Project("{FAE04EC0-301F-11D3-BF4B-00C04F79EFBC}") = "WindowsFormsDemo", "Clients\WindowsFormsDemo\WindowsFormsDemo.csproj", "{D21445EE-13AF-418B-9576-83414990B3A7}"
EndProject
Project("{FAE04EC0-301F-11D3-BF4B-00C04F79EFBC}") = "WPFDemo", "Clients\WPFDemo\WPFDemo\WPFDemo.csproj", "{AF488075-40E9-48B1-8C5B-2FC5356C9233}"
EndProject
Project("{2150E333-8FDC-42A3-9474-1A3956D46DE8}") = "Icons", "Icons", "{3F13AD7D-6FC4-4430-A1B2-0463447F09C3}"
	ProjectSection(SolutionItems) = preProject
		Icons\logo.ai = Icons\logo.ai
		Icons\logo.jpg = Icons\logo.jpg
		Icons\logo_logo with text.svg = Icons\logo_logo with text.svg
		Icons\logo_logo without text.svg = Icons\logo_logo without text.svg
	EndProjectSection
EndProject
Project("{2150E333-8FDC-42A3-9474-1A3956D46DE8}") = "Documentation", "Documentation", "{7D5D173D-0A00-4F57-9F02-0739E4C70555}"
EndProject
Project("{2150E333-8FDC-42A3-9474-1A3956D46DE8}") = "Solution Items", "Solution Items", "{5BC41753-E42D-4373-9339-824C7784D49D}"
	ProjectSection(SolutionItems) = preProject
		build_deployment.cmd = build_deployment.cmd
		build_deployment_copy_operations.txt = build_deployment_copy_operations.txt
		build_deployment_files.txt = build_deployment_files.txt
		build_deployment_source_export.txt = build_deployment_source_export.txt
		build_deployment_strong_named_files.txt = build_deployment_strong_named_files.txt
		CODE_OF_CONDUCT.md = CODE_OF_CONDUCT.md
		COPYING = COPYING
		log4net.config = log4net.config
		nuget.config = nuget.config
		THANKS = THANKS
		TODO.txt = TODO.txt
		zxing.nunit = zxing.nunit
		zxing.nuspec = zxing.nuspec
	EndProjectSection
EndProject
Project("{9A19103F-16F7-4668-BE54-9A1E7A4F7556}") = "ZXing.CoreCompat.System.Drawing", "Source\Bindings\ZXing.CoreCompat.System.Drawing\ZXing.CoreCompat.System.Drawing.csproj", "{7F8EBF72-9B97-46E3-827D-99D829ADFCCD}"
EndProject
Project("{9A19103F-16F7-4668-BE54-9A1E7A4F7556}") = "ZXing.ImageSharp", "Source\Bindings\ZXing.ImageSharp\ZXing.ImageSharp.csproj", "{BFF94FCF-B51F-4AD2-8CA1-5290A7B11074}"
EndProject
Project("{FAE04EC0-301F-11D3-BF4B-00C04F79EFBC}") = "ZXing.Kinect.V1", "Source\Bindings\ZXing.Kinect\ZXing.Kinect.V1.csproj", "{45E9F18A-DEFA-4244-A64B-4AA9D8E9574A}"
EndProject
Project("{FAE04EC0-301F-11D3-BF4B-00C04F79EFBC}") = "ZXing.Kinect.V2", "Source\Bindings\ZXing.Kinect\ZXing.Kinect.V2.csproj", "{8C0AF5B7-AB42-4224-9E40-E7298CB5A059}"
EndProject
Project("{9A19103F-16F7-4668-BE54-9A1E7A4F7556}") = "ZXing.Magick", "Source\Bindings\ZXing.Magick\ZXing.Magick.csproj", "{B93F4DB5-F660-4265-AD78-C576BB92A097}"
EndProject
Project("{9A19103F-16F7-4668-BE54-9A1E7A4F7556}") = "ZXing.OpenCVSharp.V2", "Source\Bindings\ZXing.OpenCVSharp.V2\ZXing.OpenCVSharp.V2.csproj", "{7084F770-64B3-40F6-B64B-5A2B41D49995}"
EndProject
Project("{9A19103F-16F7-4668-BE54-9A1E7A4F7556}") = "ZXing.OpenCVSharp.V3", "Source\Bindings\ZXing.OpenCVSharp.V3\ZXing.OpenCVSharp.V3.csproj", "{BF3C76EA-2C3C-494C-BA31-B28179A8BF53}"
EndProject
Project("{9A19103F-16F7-4668-BE54-9A1E7A4F7556}") = "ZXing.SkiaSharp", "Source\Bindings\ZXing.SkiaSharp\ZXing.SkiaSharp.csproj", "{66F2CF1D-59DA-45E6-BB00-ECAB29A98A04}"
EndProject
Project("{FAE04EC0-301F-11D3-BF4B-00C04F79EFBC}") = "zxing.interop", "Source\interop\zxing.interop.csproj", "{3955595F-CB1E-4947-B741-9F305605298D}"
EndProject
Project("{FAE04EC0-301F-11D3-BF4B-00C04F79EFBC}") = "zxing.test", "Source\test\src\zxing.test.csproj", "{D90C151C-5F70-4890-9B10-97955EC809ED}"
EndProject
Project("{FAE04EC0-301F-11D3-BF4B-00C04F79EFBC}") = "zxing.net4.8", "Source\lib\zxing.net4.8.csproj", "{D3751126-7345-4459-994D-8E3A8B5A1B1E}"
EndProject
Project("{FAE04EC0-301F-11D3-BF4B-00C04F79EFBC}") = "zxing.net4.8.presentation", "Source\lib\zxing.net4.8.presentation.csproj", "{23F0D07E-D1B2-4161-915C-439585AA42A1}"
EndProject
Project("{9A19103F-16F7-4668-BE54-9A1E7A4F7556}") = "ZXing.Eto.Forms", "Source\Bindings\ZXing.Eto.Forms\ZXing.Eto.Forms.csproj", "{58834EE9-9B15-49ED-8B0F-6845611DF89D}"
EndProject
Project("{9A19103F-16F7-4668-BE54-9A1E7A4F7556}") = "ZXing.OpenCVSharp.V4", "Source\Bindings\ZXing.OpenCVSharp.V4\ZXing.OpenCVSharp.V4.csproj", "{45A4B337-470A-43D7-86BF-D29BF8D9C1E3}"
EndProject
Project("{9A19103F-16F7-4668-BE54-9A1E7A4F7556}") = "ZXing.Windows.Compatibility", "Source\Bindings\ZXing.Windows.Compatibility\ZXing.Windows.Compatibility.csproj", "{FEBB79A3-73DB-42B3-AC7F-B94AF2E44FD6}"
EndProject
Project("{9A19103F-16F7-4668-BE54-9A1E7A4F7556}") = "ZXing.ZKWeb.System.Drawing", "Source\Bindings\ZXing.ZKWeb.System.Drawing\ZXing.ZKWeb.System.Drawing.csproj", "{810E2213-3AC9-4CA4-804A-3E1C405A599A}"
EndProject
Global
	GlobalSection(SolutionConfigurationPlatforms) = preSolution
		Debug - Reduced|Any CPU = Debug - Reduced|Any CPU
		Debug - Reduced|x86 = Debug - Reduced|x86
		Debug|Any CPU = Debug|Any CPU
		Debug|x86 = Debug|x86
		Release with Documentation|Any CPU = Release with Documentation|Any CPU
		Release with Documentation|x86 = Release with Documentation|x86
		Release|Any CPU = Release|Any CPU
		Release|x86 = Release|x86
	EndGlobalSection
	GlobalSection(ProjectConfigurationPlatforms) = postSolution
		{832C3EF1-56B8-4164-B140-4A2D01DB3CA2}.Debug - Reduced|Any CPU.ActiveCfg = Debug|Any CPU
		{832C3EF1-56B8-4164-B140-4A2D01DB3CA2}.Debug - Reduced|x86.ActiveCfg = Debug|Any CPU
		{832C3EF1-56B8-4164-B140-4A2D01DB3CA2}.Debug|Any CPU.ActiveCfg = Debug|Any CPU
		{832C3EF1-56B8-4164-B140-4A2D01DB3CA2}.Debug|Any CPU.Build.0 = Debug|Any CPU
		{832C3EF1-56B8-4164-B140-4A2D01DB3CA2}.Debug|x86.ActiveCfg = Debug|Any CPU
		{832C3EF1-56B8-4164-B140-4A2D01DB3CA2}.Release with Documentation|Any CPU.ActiveCfg = Release|Any CPU
		{832C3EF1-56B8-4164-B140-4A2D01DB3CA2}.Release with Documentation|Any CPU.Build.0 = Release|Any CPU
		{832C3EF1-56B8-4164-B140-4A2D01DB3CA2}.Release with Documentation|x86.ActiveCfg = Release|Any CPU
		{832C3EF1-56B8-4164-B140-4A2D01DB3CA2}.Release|Any CPU.ActiveCfg = Release|Any CPU
		{832C3EF1-56B8-4164-B140-4A2D01DB3CA2}.Release|Any CPU.Build.0 = Release|Any CPU
		{832C3EF1-56B8-4164-B140-4A2D01DB3CA2}.Release|x86.ActiveCfg = Release|Any CPU
		{8D0214CE-67A9-4DE5-A177-BCBD0420D1EF}.Debug - Reduced|Any CPU.ActiveCfg = Debug|Any CPU
		{8D0214CE-67A9-4DE5-A177-BCBD0420D1EF}.Debug - Reduced|x86.ActiveCfg = Debug|Any CPU
		{8D0214CE-67A9-4DE5-A177-BCBD0420D1EF}.Debug|Any CPU.ActiveCfg = Debug|Any CPU
		{8D0214CE-67A9-4DE5-A177-BCBD0420D1EF}.Debug|Any CPU.Build.0 = Debug|Any CPU
		{8D0214CE-67A9-4DE5-A177-BCBD0420D1EF}.Debug|x86.ActiveCfg = Debug|Any CPU
		{8D0214CE-67A9-4DE5-A177-BCBD0420D1EF}.Release with Documentation|Any CPU.ActiveCfg = Release|Any CPU
		{8D0214CE-67A9-4DE5-A177-BCBD0420D1EF}.Release with Documentation|Any CPU.Build.0 = Release|Any CPU
		{8D0214CE-67A9-4DE5-A177-BCBD0420D1EF}.Release with Documentation|x86.ActiveCfg = Release|Any CPU
		{8D0214CE-67A9-4DE5-A177-BCBD0420D1EF}.Release|Any CPU.ActiveCfg = Release|Any CPU
		{8D0214CE-67A9-4DE5-A177-BCBD0420D1EF}.Release|Any CPU.Build.0 = Release|Any CPU
		{8D0214CE-67A9-4DE5-A177-BCBD0420D1EF}.Release|x86.ActiveCfg = Release|Any CPU
		{41B69545-AAB6-42A6-96A0-6F6817E654A3}.Debug - Reduced|Any CPU.ActiveCfg = Debug|Any CPU
		{41B69545-AAB6-42A6-96A0-6F6817E654A3}.Debug - Reduced|x86.ActiveCfg = Debug - Reduced|Any CPU
		{41B69545-AAB6-42A6-96A0-6F6817E654A3}.Debug|Any CPU.ActiveCfg = Debug|Any CPU
		{41B69545-AAB6-42A6-96A0-6F6817E654A3}.Debug|Any CPU.Build.0 = Debug|Any CPU
		{41B69545-AAB6-42A6-96A0-6F6817E654A3}.Debug|x86.ActiveCfg = Debug|Any CPU
		{41B69545-AAB6-42A6-96A0-6F6817E654A3}.Release with Documentation|Any CPU.ActiveCfg = Release|Any CPU
		{41B69545-AAB6-42A6-96A0-6F6817E654A3}.Release with Documentation|Any CPU.Build.0 = Release|Any CPU
		{41B69545-AAB6-42A6-96A0-6F6817E654A3}.Release with Documentation|x86.ActiveCfg = Release|Any CPU
		{41B69545-AAB6-42A6-96A0-6F6817E654A3}.Release|Any CPU.ActiveCfg = Release|Any CPU
		{41B69545-AAB6-42A6-96A0-6F6817E654A3}.Release|Any CPU.Build.0 = Release|Any CPU
		{41B69545-AAB6-42A6-96A0-6F6817E654A3}.Release|x86.ActiveCfg = Release|Any CPU
		{1D1268BD-EA2D-4A2E-AF87-E01943225666}.Debug - Reduced|Any CPU.ActiveCfg = Debug|Any CPU
		{1D1268BD-EA2D-4A2E-AF87-E01943225666}.Debug - Reduced|x86.ActiveCfg = Debug - Reduced|Any CPU
		{1D1268BD-EA2D-4A2E-AF87-E01943225666}.Debug|Any CPU.ActiveCfg = Debug|Any CPU
		{1D1268BD-EA2D-4A2E-AF87-E01943225666}.Debug|Any CPU.Build.0 = Debug|Any CPU
		{1D1268BD-EA2D-4A2E-AF87-E01943225666}.Debug|x86.ActiveCfg = Debug|Any CPU
		{1D1268BD-EA2D-4A2E-AF87-E01943225666}.Release with Documentation|Any CPU.ActiveCfg = Release|Any CPU
		{1D1268BD-EA2D-4A2E-AF87-E01943225666}.Release with Documentation|Any CPU.Build.0 = Release|Any CPU
		{1D1268BD-EA2D-4A2E-AF87-E01943225666}.Release with Documentation|x86.ActiveCfg = Release|Any CPU
		{1D1268BD-EA2D-4A2E-AF87-E01943225666}.Release|Any CPU.ActiveCfg = Release|Any CPU
		{1D1268BD-EA2D-4A2E-AF87-E01943225666}.Release|Any CPU.Build.0 = Release|Any CPU
		{1D1268BD-EA2D-4A2E-AF87-E01943225666}.Release|x86.ActiveCfg = Release|Any CPU
		{E9498F6A-0FA7-4E34-BD38-9C54DC800941}.Debug - Reduced|Any CPU.ActiveCfg = Debug|Any CPU
		{E9498F6A-0FA7-4E34-BD38-9C54DC800941}.Debug - Reduced|x86.ActiveCfg = Debug - Reduced|Any CPU
		{E9498F6A-0FA7-4E34-BD38-9C54DC800941}.Debug|Any CPU.ActiveCfg = Debug|Any CPU
		{E9498F6A-0FA7-4E34-BD38-9C54DC800941}.Debug|Any CPU.Build.0 = Debug|Any CPU
		{E9498F6A-0FA7-4E34-BD38-9C54DC800941}.Debug|x86.ActiveCfg = Debug|Any CPU
		{E9498F6A-0FA7-4E34-BD38-9C54DC800941}.Release with Documentation|Any CPU.ActiveCfg = Release|Any CPU
		{E9498F6A-0FA7-4E34-BD38-9C54DC800941}.Release with Documentation|Any CPU.Build.0 = Release|Any CPU
		{E9498F6A-0FA7-4E34-BD38-9C54DC800941}.Release with Documentation|x86.ActiveCfg = Release|Any CPU
		{E9498F6A-0FA7-4E34-BD38-9C54DC800941}.Release|Any CPU.ActiveCfg = Release|Any CPU
		{E9498F6A-0FA7-4E34-BD38-9C54DC800941}.Release|Any CPU.Build.0 = Release|Any CPU
		{E9498F6A-0FA7-4E34-BD38-9C54DC800941}.Release|x86.ActiveCfg = Release|Any CPU
		{6431CF13-7A7B-4602-B96A-47CDA6F0B008}.Debug - Reduced|Any CPU.ActiveCfg = Debug|Any CPU
		{6431CF13-7A7B-4602-B96A-47CDA6F0B008}.Debug - Reduced|Any CPU.Build.0 = Debug|Any CPU
		{6431CF13-7A7B-4602-B96A-47CDA6F0B008}.Debug - Reduced|x86.ActiveCfg = Debug - Reduced|Any CPU
		{6431CF13-7A7B-4602-B96A-47CDA6F0B008}.Debug|Any CPU.ActiveCfg = Debug|Any CPU
		{6431CF13-7A7B-4602-B96A-47CDA6F0B008}.Debug|Any CPU.Build.0 = Debug|Any CPU
		{6431CF13-7A7B-4602-B96A-47CDA6F0B008}.Debug|x86.ActiveCfg = Debug|Any CPU
		{6431CF13-7A7B-4602-B96A-47CDA6F0B008}.Release with Documentation|Any CPU.ActiveCfg = Release|Any CPU
		{6431CF13-7A7B-4602-B96A-47CDA6F0B008}.Release with Documentation|Any CPU.Build.0 = Release|Any CPU
		{6431CF13-7A7B-4602-B96A-47CDA6F0B008}.Release with Documentation|x86.ActiveCfg = Release|Any CPU
		{6431CF13-7A7B-4602-B96A-47CDA6F0B008}.Release|Any CPU.ActiveCfg = Release|Any CPU
		{6431CF13-7A7B-4602-B96A-47CDA6F0B008}.Release|Any CPU.Build.0 = Release|Any CPU
		{6431CF13-7A7B-4602-B96A-47CDA6F0B008}.Release|x86.ActiveCfg = Release|Any CPU
		{EA513204-63F3-4C50-992D-08FF430B6F70}.Debug - Reduced|Any CPU.ActiveCfg = Debug|Any CPU
		{EA513204-63F3-4C50-992D-08FF430B6F70}.Debug - Reduced|Any CPU.Build.0 = Debug|Any CPU
		{EA513204-63F3-4C50-992D-08FF430B6F70}.Debug - Reduced|x86.ActiveCfg = Debug - Reduced|Any CPU
		{EA513204-63F3-4C50-992D-08FF430B6F70}.Debug|Any CPU.ActiveCfg = Debug|Any CPU
		{EA513204-63F3-4C50-992D-08FF430B6F70}.Debug|Any CPU.Build.0 = Debug|Any CPU
		{EA513204-63F3-4C50-992D-08FF430B6F70}.Debug|x86.ActiveCfg = Debug|Any CPU
		{EA513204-63F3-4C50-992D-08FF430B6F70}.Release with Documentation|Any CPU.ActiveCfg = Release|Any CPU
		{EA513204-63F3-4C50-992D-08FF430B6F70}.Release with Documentation|Any CPU.Build.0 = Release|Any CPU
		{EA513204-63F3-4C50-992D-08FF430B6F70}.Release with Documentation|x86.ActiveCfg = Release|Any CPU
		{EA513204-63F3-4C50-992D-08FF430B6F70}.Release|Any CPU.ActiveCfg = Release|Any CPU
		{EA513204-63F3-4C50-992D-08FF430B6F70}.Release|Any CPU.Build.0 = Release|Any CPU
		{EA513204-63F3-4C50-992D-08FF430B6F70}.Release|x86.ActiveCfg = Release|Any CPU
		{0006F7E7-7BF1-4B31-A196-EF082A76BF12}.Debug - Reduced|Any CPU.ActiveCfg = Debug|Any CPU
		{0006F7E7-7BF1-4B31-A196-EF082A76BF12}.Debug - Reduced|x86.ActiveCfg = Debug - Reduced|Any CPU
		{0006F7E7-7BF1-4B31-A196-EF082A76BF12}.Debug|Any CPU.ActiveCfg = Debug|Any CPU
		{0006F7E7-7BF1-4B31-A196-EF082A76BF12}.Debug|Any CPU.Build.0 = Debug|Any CPU
		{0006F7E7-7BF1-4B31-A196-EF082A76BF12}.Debug|x86.ActiveCfg = Debug|Any CPU
		{0006F7E7-7BF1-4B31-A196-EF082A76BF12}.Release with Documentation|Any CPU.ActiveCfg = Release|Any CPU
		{0006F7E7-7BF1-4B31-A196-EF082A76BF12}.Release with Documentation|Any CPU.Build.0 = Release|Any CPU
		{0006F7E7-7BF1-4B31-A196-EF082A76BF12}.Release with Documentation|x86.ActiveCfg = Release|Any CPU
		{0006F7E7-7BF1-4B31-A196-EF082A76BF12}.Release|Any CPU.ActiveCfg = Release|Any CPU
		{0006F7E7-7BF1-4B31-A196-EF082A76BF12}.Release|Any CPU.Build.0 = Release|Any CPU
		{0006F7E7-7BF1-4B31-A196-EF082A76BF12}.Release|x86.ActiveCfg = Release|Any CPU
		{24074395-0196-4204-B516-CB6DBA2FC4B9}.Debug - Reduced|Any CPU.ActiveCfg = Debug|Any CPU
		{24074395-0196-4204-B516-CB6DBA2FC4B9}.Debug - Reduced|x86.ActiveCfg = Debug - Reduced|Any CPU
		{24074395-0196-4204-B516-CB6DBA2FC4B9}.Debug|Any CPU.ActiveCfg = Debug|Any CPU
		{24074395-0196-4204-B516-CB6DBA2FC4B9}.Debug|Any CPU.Build.0 = Debug|Any CPU
		{24074395-0196-4204-B516-CB6DBA2FC4B9}.Debug|x86.ActiveCfg = Debug|Any CPU
		{24074395-0196-4204-B516-CB6DBA2FC4B9}.Release with Documentation|Any CPU.ActiveCfg = Release|Any CPU
		{24074395-0196-4204-B516-CB6DBA2FC4B9}.Release with Documentation|Any CPU.Build.0 = Release|Any CPU
		{24074395-0196-4204-B516-CB6DBA2FC4B9}.Release with Documentation|x86.ActiveCfg = Release|Any CPU
		{24074395-0196-4204-B516-CB6DBA2FC4B9}.Release|Any CPU.ActiveCfg = Release|Any CPU
		{24074395-0196-4204-B516-CB6DBA2FC4B9}.Release|Any CPU.Build.0 = Release|Any CPU
		{24074395-0196-4204-B516-CB6DBA2FC4B9}.Release|x86.ActiveCfg = Release|Any CPU
		{D038EDF8-2DB4-4E21-B369-12C115583A81}.Debug - Reduced|Any CPU.ActiveCfg = Debug|Any CPU
		{D038EDF8-2DB4-4E21-B369-12C115583A81}.Debug - Reduced|x86.ActiveCfg = Debug - Reduced|Any CPU
		{D038EDF8-2DB4-4E21-B369-12C115583A81}.Debug|Any CPU.ActiveCfg = Debug|Any CPU
		{D038EDF8-2DB4-4E21-B369-12C115583A81}.Debug|Any CPU.Build.0 = Debug|Any CPU
		{D038EDF8-2DB4-4E21-B369-12C115583A81}.Debug|x86.ActiveCfg = Debug|Any CPU
		{D038EDF8-2DB4-4E21-B369-12C115583A81}.Release with Documentation|Any CPU.ActiveCfg = Release|Any CPU
		{D038EDF8-2DB4-4E21-B369-12C115583A81}.Release with Documentation|Any CPU.Build.0 = Release|Any CPU
		{D038EDF8-2DB4-4E21-B369-12C115583A81}.Release with Documentation|x86.ActiveCfg = Release|Any CPU
		{D038EDF8-2DB4-4E21-B369-12C115583A81}.Release|Any CPU.ActiveCfg = Release|Any CPU
		{D038EDF8-2DB4-4E21-B369-12C115583A81}.Release|Any CPU.Build.0 = Release|Any CPU
		{D038EDF8-2DB4-4E21-B369-12C115583A81}.Release|x86.ActiveCfg = Release|Any CPU
		{E028CBEC-BD08-4A0F-B4BB-C7EC413A16C1}.Debug - Reduced|Any CPU.ActiveCfg = Debug|Any CPU
		{E028CBEC-BD08-4A0F-B4BB-C7EC413A16C1}.Debug - Reduced|x86.ActiveCfg = Debug - Reduced|Any CPU
		{E028CBEC-BD08-4A0F-B4BB-C7EC413A16C1}.Debug|Any CPU.ActiveCfg = Debug|Any CPU
		{E028CBEC-BD08-4A0F-B4BB-C7EC413A16C1}.Debug|Any CPU.Build.0 = Debug|Any CPU
		{E028CBEC-BD08-4A0F-B4BB-C7EC413A16C1}.Debug|x86.ActiveCfg = Debug|Any CPU
		{E028CBEC-BD08-4A0F-B4BB-C7EC413A16C1}.Release with Documentation|Any CPU.ActiveCfg = Release|Any CPU
		{E028CBEC-BD08-4A0F-B4BB-C7EC413A16C1}.Release with Documentation|Any CPU.Build.0 = Release|Any CPU
		{E028CBEC-BD08-4A0F-B4BB-C7EC413A16C1}.Release with Documentation|x86.ActiveCfg = Release|Any CPU
		{E028CBEC-BD08-4A0F-B4BB-C7EC413A16C1}.Release|Any CPU.ActiveCfg = Release|Any CPU
		{E028CBEC-BD08-4A0F-B4BB-C7EC413A16C1}.Release|Any CPU.Build.0 = Release|Any CPU
		{E028CBEC-BD08-4A0F-B4BB-C7EC413A16C1}.Release|x86.ActiveCfg = Release|Any CPU
		{2C7ED1D1-AE0E-4244-87A3-C3CC13DD0659}.Debug - Reduced|Any CPU.ActiveCfg = Debug|Any CPU
		{2C7ED1D1-AE0E-4244-87A3-C3CC13DD0659}.Debug - Reduced|x86.ActiveCfg = Debug - Reduced|Any CPU
		{2C7ED1D1-AE0E-4244-87A3-C3CC13DD0659}.Debug|Any CPU.ActiveCfg = Debug|Any CPU
		{2C7ED1D1-AE0E-4244-87A3-C3CC13DD0659}.Debug|Any CPU.Build.0 = Debug|Any CPU
		{2C7ED1D1-AE0E-4244-87A3-C3CC13DD0659}.Debug|x86.ActiveCfg = Debug|Any CPU
		{2C7ED1D1-AE0E-4244-87A3-C3CC13DD0659}.Release with Documentation|Any CPU.ActiveCfg = Release|Any CPU
		{2C7ED1D1-AE0E-4244-87A3-C3CC13DD0659}.Release with Documentation|Any CPU.Build.0 = Release|Any CPU
		{2C7ED1D1-AE0E-4244-87A3-C3CC13DD0659}.Release with Documentation|x86.ActiveCfg = Release|Any CPU
		{2C7ED1D1-AE0E-4244-87A3-C3CC13DD0659}.Release|Any CPU.ActiveCfg = Release|Any CPU
		{2C7ED1D1-AE0E-4244-87A3-C3CC13DD0659}.Release|Any CPU.Build.0 = Release|Any CPU
		{2C7ED1D1-AE0E-4244-87A3-C3CC13DD0659}.Release|x86.ActiveCfg = Release|Any CPU
		{2C074E8F-E879-4C9E-B2C3-8F80C0DB641D}.Debug - Reduced|Any CPU.ActiveCfg = Debug|Any CPU
		{2C074E8F-E879-4C9E-B2C3-8F80C0DB641D}.Debug - Reduced|x86.ActiveCfg = Debug - Reduced|Any CPU
		{2C074E8F-E879-4C9E-B2C3-8F80C0DB641D}.Debug|Any CPU.ActiveCfg = Debug|Any CPU
		{2C074E8F-E879-4C9E-B2C3-8F80C0DB641D}.Debug|Any CPU.Build.0 = Debug|Any CPU
		{2C074E8F-E879-4C9E-B2C3-8F80C0DB641D}.Debug|x86.ActiveCfg = Debug|Any CPU
		{2C074E8F-E879-4C9E-B2C3-8F80C0DB641D}.Release with Documentation|Any CPU.ActiveCfg = Release|Any CPU
		{2C074E8F-E879-4C9E-B2C3-8F80C0DB641D}.Release with Documentation|Any CPU.Build.0 = Release|Any CPU
		{2C074E8F-E879-4C9E-B2C3-8F80C0DB641D}.Release with Documentation|x86.ActiveCfg = Release|Any CPU
		{2C074E8F-E879-4C9E-B2C3-8F80C0DB641D}.Release|Any CPU.ActiveCfg = Release|Any CPU
		{2C074E8F-E879-4C9E-B2C3-8F80C0DB641D}.Release|Any CPU.Build.0 = Release|Any CPU
		{2C074E8F-E879-4C9E-B2C3-8F80C0DB641D}.Release|x86.ActiveCfg = Release|Any CPU
		{D98D11B0-744E-4197-9DA4-D3EE96890219}.Debug - Reduced|Any CPU.ActiveCfg = Debug|Any CPU
		{D98D11B0-744E-4197-9DA4-D3EE96890219}.Debug - Reduced|x86.ActiveCfg = Debug - Reduced|Any CPU
		{D98D11B0-744E-4197-9DA4-D3EE96890219}.Debug|Any CPU.ActiveCfg = Debug|Any CPU
		{D98D11B0-744E-4197-9DA4-D3EE96890219}.Debug|Any CPU.Build.0 = Debug|Any CPU
		{D98D11B0-744E-4197-9DA4-D3EE96890219}.Debug|x86.ActiveCfg = Debug|Any CPU
		{D98D11B0-744E-4197-9DA4-D3EE96890219}.Release with Documentation|Any CPU.ActiveCfg = Release|Any CPU
		{D98D11B0-744E-4197-9DA4-D3EE96890219}.Release with Documentation|Any CPU.Build.0 = Release|Any CPU
		{D98D11B0-744E-4197-9DA4-D3EE96890219}.Release with Documentation|x86.ActiveCfg = Release|Any CPU
		{D98D11B0-744E-4197-9DA4-D3EE96890219}.Release|Any CPU.ActiveCfg = Release|Any CPU
		{D98D11B0-744E-4197-9DA4-D3EE96890219}.Release|Any CPU.Build.0 = Release|Any CPU
		{D98D11B0-744E-4197-9DA4-D3EE96890219}.Release|x86.ActiveCfg = Release|Any CPU
		{FD386CF5-E9CD-442C-A44C-B7D996E68CCC}.Debug - Reduced|Any CPU.ActiveCfg = Debug|Any CPU
		{FD386CF5-E9CD-442C-A44C-B7D996E68CCC}.Debug - Reduced|x86.ActiveCfg = Debug - Reduced|Any CPU
		{FD386CF5-E9CD-442C-A44C-B7D996E68CCC}.Debug|Any CPU.ActiveCfg = Debug|Any CPU
		{FD386CF5-E9CD-442C-A44C-B7D996E68CCC}.Debug|Any CPU.Build.0 = Debug|Any CPU
		{FD386CF5-E9CD-442C-A44C-B7D996E68CCC}.Debug|x86.ActiveCfg = Debug|Any CPU
		{FD386CF5-E9CD-442C-A44C-B7D996E68CCC}.Release with Documentation|Any CPU.ActiveCfg = Release|Any CPU
		{FD386CF5-E9CD-442C-A44C-B7D996E68CCC}.Release with Documentation|Any CPU.Build.0 = Release|Any CPU
		{FD386CF5-E9CD-442C-A44C-B7D996E68CCC}.Release with Documentation|x86.ActiveCfg = Release|Any CPU
		{FD386CF5-E9CD-442C-A44C-B7D996E68CCC}.Release|Any CPU.ActiveCfg = Release|Any CPU
		{FD386CF5-E9CD-442C-A44C-B7D996E68CCC}.Release|Any CPU.Build.0 = Release|Any CPU
		{FD386CF5-E9CD-442C-A44C-B7D996E68CCC}.Release|x86.ActiveCfg = Release|Any CPU
		{4FE53DF1-45BB-4443-A1AE-B41D3B4D5FF1}.Debug - Reduced|Any CPU.ActiveCfg = Debug|Any CPU
		{4FE53DF1-45BB-4443-A1AE-B41D3B4D5FF1}.Debug - Reduced|x86.ActiveCfg = Debug - Reduced|Any CPU
		{4FE53DF1-45BB-4443-A1AE-B41D3B4D5FF1}.Debug|Any CPU.ActiveCfg = Debug|Any CPU
		{4FE53DF1-45BB-4443-A1AE-B41D3B4D5FF1}.Debug|Any CPU.Build.0 = Debug|Any CPU
		{4FE53DF1-45BB-4443-A1AE-B41D3B4D5FF1}.Debug|x86.ActiveCfg = Debug|Any CPU
		{4FE53DF1-45BB-4443-A1AE-B41D3B4D5FF1}.Release with Documentation|Any CPU.ActiveCfg = Release|Any CPU
		{4FE53DF1-45BB-4443-A1AE-B41D3B4D5FF1}.Release with Documentation|Any CPU.Build.0 = Release|Any CPU
		{4FE53DF1-45BB-4443-A1AE-B41D3B4D5FF1}.Release with Documentation|x86.ActiveCfg = Release|Any CPU
		{4FE53DF1-45BB-4443-A1AE-B41D3B4D5FF1}.Release|Any CPU.ActiveCfg = Release|Any CPU
		{4FE53DF1-45BB-4443-A1AE-B41D3B4D5FF1}.Release|Any CPU.Build.0 = Release|Any CPU
		{4FE53DF1-45BB-4443-A1AE-B41D3B4D5FF1}.Release|x86.ActiveCfg = Release|Any CPU
		{7B604F37-11C5-499F-9CE2-943BAFB60552}.Debug - Reduced|Any CPU.ActiveCfg = Debug|Any CPU
		{7B604F37-11C5-499F-9CE2-943BAFB60552}.Debug - Reduced|x86.ActiveCfg = Debug - Reduced|Any CPU
		{7B604F37-11C5-499F-9CE2-943BAFB60552}.Debug|Any CPU.ActiveCfg = Debug|Any CPU
		{7B604F37-11C5-499F-9CE2-943BAFB60552}.Debug|Any CPU.Build.0 = Debug|Any CPU
		{7B604F37-11C5-499F-9CE2-943BAFB60552}.Debug|x86.ActiveCfg = Debug|Any CPU
		{7B604F37-11C5-499F-9CE2-943BAFB60552}.Release with Documentation|Any CPU.ActiveCfg = Release|Any CPU
		{7B604F37-11C5-499F-9CE2-943BAFB60552}.Release with Documentation|Any CPU.Build.0 = Release|Any CPU
		{7B604F37-11C5-499F-9CE2-943BAFB60552}.Release with Documentation|x86.ActiveCfg = Release|Any CPU
		{7B604F37-11C5-499F-9CE2-943BAFB60552}.Release|Any CPU.ActiveCfg = Release|Any CPU
		{7B604F37-11C5-499F-9CE2-943BAFB60552}.Release|Any CPU.Build.0 = Release|Any CPU
		{7B604F37-11C5-499F-9CE2-943BAFB60552}.Release|x86.ActiveCfg = Release|Any CPU
		{F37668D8-6423-4019-90D9-3DA81EEC6A1A}.Debug - Reduced|Any CPU.ActiveCfg = Debug|Any CPU
		{F37668D8-6423-4019-90D9-3DA81EEC6A1A}.Debug - Reduced|x86.ActiveCfg = Debug - Reduced|Any CPU
		{F37668D8-6423-4019-90D9-3DA81EEC6A1A}.Debug|Any CPU.ActiveCfg = Debug|Any CPU
		{F37668D8-6423-4019-90D9-3DA81EEC6A1A}.Debug|Any CPU.Build.0 = Debug|Any CPU
		{F37668D8-6423-4019-90D9-3DA81EEC6A1A}.Debug|x86.ActiveCfg = Debug|Any CPU
		{F37668D8-6423-4019-90D9-3DA81EEC6A1A}.Release with Documentation|Any CPU.ActiveCfg = Release|Any CPU
		{F37668D8-6423-4019-90D9-3DA81EEC6A1A}.Release with Documentation|Any CPU.Build.0 = Release|Any CPU
		{F37668D8-6423-4019-90D9-3DA81EEC6A1A}.Release with Documentation|x86.ActiveCfg = Release|Any CPU
		{F37668D8-6423-4019-90D9-3DA81EEC6A1A}.Release|Any CPU.ActiveCfg = Release|Any CPU
		{F37668D8-6423-4019-90D9-3DA81EEC6A1A}.Release|Any CPU.Build.0 = Release|Any CPU
		{F37668D8-6423-4019-90D9-3DA81EEC6A1A}.Release|x86.ActiveCfg = Release|Any CPU
		{9870BA86-B9DC-472C-ACA5-EC45C6B066D5}.Debug - Reduced|Any CPU.ActiveCfg = Debug|x86
		{9870BA86-B9DC-472C-ACA5-EC45C6B066D5}.Debug - Reduced|x86.ActiveCfg = Debug - Reduced|x86
		{9870BA86-B9DC-472C-ACA5-EC45C6B066D5}.Debug|Any CPU.ActiveCfg = Debug|x86
		{9870BA86-B9DC-472C-ACA5-EC45C6B066D5}.Debug|Any CPU.Build.0 = Debug|x86
		{9870BA86-B9DC-472C-ACA5-EC45C6B066D5}.Debug|x86.ActiveCfg = Debug|x86
		{9870BA86-B9DC-472C-ACA5-EC45C6B066D5}.Debug|x86.Build.0 = Debug|x86
		{9870BA86-B9DC-472C-ACA5-EC45C6B066D5}.Release with Documentation|Any CPU.ActiveCfg = Release|x86
		{9870BA86-B9DC-472C-ACA5-EC45C6B066D5}.Release with Documentation|Any CPU.Build.0 = Release|x86
		{9870BA86-B9DC-472C-ACA5-EC45C6B066D5}.Release with Documentation|x86.ActiveCfg = Release with Documentation|x86
		{9870BA86-B9DC-472C-ACA5-EC45C6B066D5}.Release with Documentation|x86.Build.0 = Release with Documentation|x86
		{9870BA86-B9DC-472C-ACA5-EC45C6B066D5}.Release|Any CPU.ActiveCfg = Release|x86
		{9870BA86-B9DC-472C-ACA5-EC45C6B066D5}.Release|Any CPU.Build.0 = Release|x86
		{9870BA86-B9DC-472C-ACA5-EC45C6B066D5}.Release|x86.ActiveCfg = Release|x86
		{9870BA86-B9DC-472C-ACA5-EC45C6B066D5}.Release|x86.Build.0 = Release|x86
		{8E24C71F-308A-43B7-9CC4-CBB561913310}.Debug - Reduced|Any CPU.ActiveCfg = Debug|x86
		{8E24C71F-308A-43B7-9CC4-CBB561913310}.Debug - Reduced|x86.ActiveCfg = Debug - Reduced|x86
		{8E24C71F-308A-43B7-9CC4-CBB561913310}.Debug|Any CPU.ActiveCfg = Debug|x86
		{8E24C71F-308A-43B7-9CC4-CBB561913310}.Debug|Any CPU.Build.0 = Debug|x86
		{8E24C71F-308A-43B7-9CC4-CBB561913310}.Debug|x86.ActiveCfg = Debug|x86
		{8E24C71F-308A-43B7-9CC4-CBB561913310}.Debug|x86.Build.0 = Debug|x86
		{8E24C71F-308A-43B7-9CC4-CBB561913310}.Release with Documentation|Any CPU.ActiveCfg = Release|x86
		{8E24C71F-308A-43B7-9CC4-CBB561913310}.Release with Documentation|Any CPU.Build.0 = Release|x86
		{8E24C71F-308A-43B7-9CC4-CBB561913310}.Release with Documentation|x86.ActiveCfg = Release|x86
		{8E24C71F-308A-43B7-9CC4-CBB561913310}.Release with Documentation|x86.Build.0 = Release|x86
		{8E24C71F-308A-43B7-9CC4-CBB561913310}.Release|Any CPU.ActiveCfg = Release|x86
		{8E24C71F-308A-43B7-9CC4-CBB561913310}.Release|Any CPU.Build.0 = Release|x86
		{8E24C71F-308A-43B7-9CC4-CBB561913310}.Release|x86.ActiveCfg = Release|x86
		{8E24C71F-308A-43B7-9CC4-CBB561913310}.Release|x86.Build.0 = Release|x86
		{02B5CDF3-298C-4558-B553-30DDE7CFC2B9}.Debug - Reduced|Any CPU.ActiveCfg = Debug|Any CPU
		{02B5CDF3-298C-4558-B553-30DDE7CFC2B9}.Debug - Reduced|x86.ActiveCfg = Debug - Reduced|Any CPU
		{02B5CDF3-298C-4558-B553-30DDE7CFC2B9}.Debug|Any CPU.ActiveCfg = Debug|Any CPU
		{02B5CDF3-298C-4558-B553-30DDE7CFC2B9}.Debug|Any CPU.Build.0 = Debug|Any CPU
		{02B5CDF3-298C-4558-B553-30DDE7CFC2B9}.Debug|x86.ActiveCfg = Debug|Any CPU
		{02B5CDF3-298C-4558-B553-30DDE7CFC2B9}.Release with Documentation|Any CPU.ActiveCfg = Release|Any CPU
		{02B5CDF3-298C-4558-B553-30DDE7CFC2B9}.Release with Documentation|Any CPU.Build.0 = Release|Any CPU
		{02B5CDF3-298C-4558-B553-30DDE7CFC2B9}.Release with Documentation|x86.ActiveCfg = Release|Any CPU
		{02B5CDF3-298C-4558-B553-30DDE7CFC2B9}.Release|Any CPU.ActiveCfg = Release|Any CPU
		{02B5CDF3-298C-4558-B553-30DDE7CFC2B9}.Release|Any CPU.Build.0 = Release|Any CPU
		{02B5CDF3-298C-4558-B553-30DDE7CFC2B9}.Release|x86.ActiveCfg = Release|Any CPU
		{58A7C872-B3E6-47CF-8A32-6CAB847BDCE9}.Debug - Reduced|Any CPU.ActiveCfg = Debug|Any CPU
		{58A7C872-B3E6-47CF-8A32-6CAB847BDCE9}.Debug - Reduced|x86.ActiveCfg = Debug - Reduced|Any CPU
		{58A7C872-B3E6-47CF-8A32-6CAB847BDCE9}.Debug|Any CPU.ActiveCfg = Debug|Any CPU
		{58A7C872-B3E6-47CF-8A32-6CAB847BDCE9}.Debug|Any CPU.Build.0 = Debug|Any CPU
		{58A7C872-B3E6-47CF-8A32-6CAB847BDCE9}.Debug|x86.ActiveCfg = Debug|Any CPU
		{58A7C872-B3E6-47CF-8A32-6CAB847BDCE9}.Release with Documentation|Any CPU.ActiveCfg = Release|Any CPU
		{58A7C872-B3E6-47CF-8A32-6CAB847BDCE9}.Release with Documentation|Any CPU.Build.0 = Release|Any CPU
		{58A7C872-B3E6-47CF-8A32-6CAB847BDCE9}.Release with Documentation|x86.ActiveCfg = Release with Documentation|Any CPU
		{58A7C872-B3E6-47CF-8A32-6CAB847BDCE9}.Release|Any CPU.ActiveCfg = Release|Any CPU
		{58A7C872-B3E6-47CF-8A32-6CAB847BDCE9}.Release|Any CPU.Build.0 = Release|Any CPU
		{58A7C872-B3E6-47CF-8A32-6CAB847BDCE9}.Release|x86.ActiveCfg = Release|Any CPU
		{D21445EE-13AF-418B-9576-83414990B3A7}.Debug - Reduced|Any CPU.ActiveCfg = Debug|Any CPU
		{D21445EE-13AF-418B-9576-83414990B3A7}.Debug - Reduced|Any CPU.Build.0 = Debug|Any CPU
		{D21445EE-13AF-418B-9576-83414990B3A7}.Debug - Reduced|x86.ActiveCfg = Debug - Reduced|Any CPU
		{D21445EE-13AF-418B-9576-83414990B3A7}.Debug|Any CPU.ActiveCfg = Debug|Any CPU
		{D21445EE-13AF-418B-9576-83414990B3A7}.Debug|Any CPU.Build.0 = Debug|Any CPU
		{D21445EE-13AF-418B-9576-83414990B3A7}.Debug|x86.ActiveCfg = Debug|Any CPU
		{D21445EE-13AF-418B-9576-83414990B3A7}.Release with Documentation|Any CPU.ActiveCfg = Release|Any CPU
		{D21445EE-13AF-418B-9576-83414990B3A7}.Release with Documentation|Any CPU.Build.0 = Release|Any CPU
		{D21445EE-13AF-418B-9576-83414990B3A7}.Release with Documentation|x86.ActiveCfg = Release with Documentation|Any CPU
		{D21445EE-13AF-418B-9576-83414990B3A7}.Release|Any CPU.ActiveCfg = Release|Any CPU
		{D21445EE-13AF-418B-9576-83414990B3A7}.Release|Any CPU.Build.0 = Release|Any CPU
		{D21445EE-13AF-418B-9576-83414990B3A7}.Release|x86.ActiveCfg = Release|Any CPU
		{AF488075-40E9-48B1-8C5B-2FC5356C9233}.Debug - Reduced|Any CPU.ActiveCfg = Debug|Any CPU
		{AF488075-40E9-48B1-8C5B-2FC5356C9233}.Debug - Reduced|x86.ActiveCfg = Debug - Reduced|Any CPU
		{AF488075-40E9-48B1-8C5B-2FC5356C9233}.Debug|Any CPU.ActiveCfg = Debug|Any CPU
		{AF488075-40E9-48B1-8C5B-2FC5356C9233}.Debug|Any CPU.Build.0 = Debug|Any CPU
		{AF488075-40E9-48B1-8C5B-2FC5356C9233}.Debug|x86.ActiveCfg = Debug|Any CPU
		{AF488075-40E9-48B1-8C5B-2FC5356C9233}.Release with Documentation|Any CPU.ActiveCfg = Release|Any CPU
		{AF488075-40E9-48B1-8C5B-2FC5356C9233}.Release with Documentation|Any CPU.Build.0 = Release|Any CPU
		{AF488075-40E9-48B1-8C5B-2FC5356C9233}.Release with Documentation|x86.ActiveCfg = Release|Any CPU
		{AF488075-40E9-48B1-8C5B-2FC5356C9233}.Release|Any CPU.ActiveCfg = Release|Any CPU
		{AF488075-40E9-48B1-8C5B-2FC5356C9233}.Release|Any CPU.Build.0 = Release|Any CPU
		{AF488075-40E9-48B1-8C5B-2FC5356C9233}.Release|x86.ActiveCfg = Release|Any CPU
		{7F8EBF72-9B97-46E3-827D-99D829ADFCCD}.Debug - Reduced|Any CPU.ActiveCfg = Debug|Any CPU
		{7F8EBF72-9B97-46E3-827D-99D829ADFCCD}.Debug - Reduced|x86.ActiveCfg = Debug|Any CPU
		{7F8EBF72-9B97-46E3-827D-99D829ADFCCD}.Debug|Any CPU.ActiveCfg = Debug|Any CPU
		{7F8EBF72-9B97-46E3-827D-99D829ADFCCD}.Debug|Any CPU.Build.0 = Debug|Any CPU
		{7F8EBF72-9B97-46E3-827D-99D829ADFCCD}.Debug|x86.ActiveCfg = Debug|Any CPU
		{7F8EBF72-9B97-46E3-827D-99D829ADFCCD}.Release with Documentation|Any CPU.ActiveCfg = Release|Any CPU
		{7F8EBF72-9B97-46E3-827D-99D829ADFCCD}.Release with Documentation|Any CPU.Build.0 = Release|Any CPU
		{7F8EBF72-9B97-46E3-827D-99D829ADFCCD}.Release with Documentation|x86.ActiveCfg = Release|Any CPU
		{7F8EBF72-9B97-46E3-827D-99D829ADFCCD}.Release|Any CPU.ActiveCfg = Release|Any CPU
		{7F8EBF72-9B97-46E3-827D-99D829ADFCCD}.Release|Any CPU.Build.0 = Release|Any CPU
		{7F8EBF72-9B97-46E3-827D-99D829ADFCCD}.Release|x86.ActiveCfg = Release|Any CPU
		{BFF94FCF-B51F-4AD2-8CA1-5290A7B11074}.Debug - Reduced|Any CPU.ActiveCfg = Debug|Any CPU
		{BFF94FCF-B51F-4AD2-8CA1-5290A7B11074}.Debug - Reduced|x86.ActiveCfg = Debug|Any CPU
		{BFF94FCF-B51F-4AD2-8CA1-5290A7B11074}.Debug|Any CPU.ActiveCfg = Debug|Any CPU
		{BFF94FCF-B51F-4AD2-8CA1-5290A7B11074}.Debug|Any CPU.Build.0 = Debug|Any CPU
		{BFF94FCF-B51F-4AD2-8CA1-5290A7B11074}.Debug|x86.ActiveCfg = Debug|Any CPU
		{BFF94FCF-B51F-4AD2-8CA1-5290A7B11074}.Release with Documentation|Any CPU.ActiveCfg = Release|Any CPU
		{BFF94FCF-B51F-4AD2-8CA1-5290A7B11074}.Release with Documentation|Any CPU.Build.0 = Release|Any CPU
		{BFF94FCF-B51F-4AD2-8CA1-5290A7B11074}.Release with Documentation|x86.ActiveCfg = Release|Any CPU
		{BFF94FCF-B51F-4AD2-8CA1-5290A7B11074}.Release|Any CPU.ActiveCfg = Release|Any CPU
		{BFF94FCF-B51F-4AD2-8CA1-5290A7B11074}.Release|Any CPU.Build.0 = Release|Any CPU
		{BFF94FCF-B51F-4AD2-8CA1-5290A7B11074}.Release|x86.ActiveCfg = Release|Any CPU
		{45E9F18A-DEFA-4244-A64B-4AA9D8E9574A}.Debug - Reduced|Any CPU.ActiveCfg = Debug|Any CPU
		{45E9F18A-DEFA-4244-A64B-4AA9D8E9574A}.Debug - Reduced|x86.ActiveCfg = Debug - Reduced|Any CPU
		{45E9F18A-DEFA-4244-A64B-4AA9D8E9574A}.Debug|Any CPU.ActiveCfg = Debug|Any CPU
		{45E9F18A-DEFA-4244-A64B-4AA9D8E9574A}.Debug|Any CPU.Build.0 = Debug|Any CPU
		{45E9F18A-DEFA-4244-A64B-4AA9D8E9574A}.Debug|x86.ActiveCfg = Debug|Any CPU
		{45E9F18A-DEFA-4244-A64B-4AA9D8E9574A}.Release with Documentation|Any CPU.ActiveCfg = Release|Any CPU
		{45E9F18A-DEFA-4244-A64B-4AA9D8E9574A}.Release with Documentation|Any CPU.Build.0 = Release|Any CPU
		{45E9F18A-DEFA-4244-A64B-4AA9D8E9574A}.Release with Documentation|x86.ActiveCfg = Release|Any CPU
		{45E9F18A-DEFA-4244-A64B-4AA9D8E9574A}.Release|Any CPU.ActiveCfg = Release|Any CPU
		{45E9F18A-DEFA-4244-A64B-4AA9D8E9574A}.Release|Any CPU.Build.0 = Release|Any CPU
		{45E9F18A-DEFA-4244-A64B-4AA9D8E9574A}.Release|x86.ActiveCfg = Release|Any CPU
		{8C0AF5B7-AB42-4224-9E40-E7298CB5A059}.Debug - Reduced|Any CPU.ActiveCfg = Debug|Any CPU
		{8C0AF5B7-AB42-4224-9E40-E7298CB5A059}.Debug - Reduced|x86.ActiveCfg = Debug - Reduced|Any CPU
		{8C0AF5B7-AB42-4224-9E40-E7298CB5A059}.Debug|Any CPU.ActiveCfg = Debug|Any CPU
		{8C0AF5B7-AB42-4224-9E40-E7298CB5A059}.Debug|Any CPU.Build.0 = Debug|Any CPU
		{8C0AF5B7-AB42-4224-9E40-E7298CB5A059}.Debug|x86.ActiveCfg = Debug|Any CPU
		{8C0AF5B7-AB42-4224-9E40-E7298CB5A059}.Release with Documentation|Any CPU.ActiveCfg = Release|Any CPU
		{8C0AF5B7-AB42-4224-9E40-E7298CB5A059}.Release with Documentation|Any CPU.Build.0 = Release|Any CPU
		{8C0AF5B7-AB42-4224-9E40-E7298CB5A059}.Release with Documentation|x86.ActiveCfg = Release|Any CPU
		{8C0AF5B7-AB42-4224-9E40-E7298CB5A059}.Release|Any CPU.ActiveCfg = Release|Any CPU
		{8C0AF5B7-AB42-4224-9E40-E7298CB5A059}.Release|Any CPU.Build.0 = Release|Any CPU
		{8C0AF5B7-AB42-4224-9E40-E7298CB5A059}.Release|x86.ActiveCfg = Release|Any CPU
		{B93F4DB5-F660-4265-AD78-C576BB92A097}.Debug - Reduced|Any CPU.ActiveCfg = Debug|Any CPU
		{B93F4DB5-F660-4265-AD78-C576BB92A097}.Debug - Reduced|x86.ActiveCfg = Debug|Any CPU
		{B93F4DB5-F660-4265-AD78-C576BB92A097}.Debug|Any CPU.ActiveCfg = Debug|Any CPU
		{B93F4DB5-F660-4265-AD78-C576BB92A097}.Debug|Any CPU.Build.0 = Debug|Any CPU
		{B93F4DB5-F660-4265-AD78-C576BB92A097}.Debug|x86.ActiveCfg = Debug|Any CPU
		{B93F4DB5-F660-4265-AD78-C576BB92A097}.Release with Documentation|Any CPU.ActiveCfg = Release|Any CPU
		{B93F4DB5-F660-4265-AD78-C576BB92A097}.Release with Documentation|Any CPU.Build.0 = Release|Any CPU
		{B93F4DB5-F660-4265-AD78-C576BB92A097}.Release with Documentation|x86.ActiveCfg = Release|Any CPU
		{B93F4DB5-F660-4265-AD78-C576BB92A097}.Release|Any CPU.ActiveCfg = Release|Any CPU
		{B93F4DB5-F660-4265-AD78-C576BB92A097}.Release|Any CPU.Build.0 = Release|Any CPU
		{B93F4DB5-F660-4265-AD78-C576BB92A097}.Release|x86.ActiveCfg = Release|Any CPU
		{7084F770-64B3-40F6-B64B-5A2B41D49995}.Debug - Reduced|Any CPU.ActiveCfg = Debug|Any CPU
		{7084F770-64B3-40F6-B64B-5A2B41D49995}.Debug - Reduced|x86.ActiveCfg = Debug|Any CPU
		{7084F770-64B3-40F6-B64B-5A2B41D49995}.Debug|Any CPU.ActiveCfg = Debug|Any CPU
		{7084F770-64B3-40F6-B64B-5A2B41D49995}.Debug|Any CPU.Build.0 = Debug|Any CPU
		{7084F770-64B3-40F6-B64B-5A2B41D49995}.Debug|x86.ActiveCfg = Debug|Any CPU
		{7084F770-64B3-40F6-B64B-5A2B41D49995}.Release with Documentation|Any CPU.ActiveCfg = Release|Any CPU
		{7084F770-64B3-40F6-B64B-5A2B41D49995}.Release with Documentation|Any CPU.Build.0 = Release|Any CPU
		{7084F770-64B3-40F6-B64B-5A2B41D49995}.Release with Documentation|x86.ActiveCfg = Release|Any CPU
		{7084F770-64B3-40F6-B64B-5A2B41D49995}.Release|Any CPU.ActiveCfg = Release|Any CPU
		{7084F770-64B3-40F6-B64B-5A2B41D49995}.Release|Any CPU.Build.0 = Release|Any CPU
		{7084F770-64B3-40F6-B64B-5A2B41D49995}.Release|x86.ActiveCfg = Release|Any CPU
		{BF3C76EA-2C3C-494C-BA31-B28179A8BF53}.Debug - Reduced|Any CPU.ActiveCfg = Debug|Any CPU
		{BF3C76EA-2C3C-494C-BA31-B28179A8BF53}.Debug - Reduced|x86.ActiveCfg = Debug|Any CPU
		{BF3C76EA-2C3C-494C-BA31-B28179A8BF53}.Debug|Any CPU.ActiveCfg = Debug|Any CPU
		{BF3C76EA-2C3C-494C-BA31-B28179A8BF53}.Debug|Any CPU.Build.0 = Debug|Any CPU
		{BF3C76EA-2C3C-494C-BA31-B28179A8BF53}.Debug|x86.ActiveCfg = Debug|Any CPU
		{BF3C76EA-2C3C-494C-BA31-B28179A8BF53}.Release with Documentation|Any CPU.ActiveCfg = Release|Any CPU
		{BF3C76EA-2C3C-494C-BA31-B28179A8BF53}.Release with Documentation|Any CPU.Build.0 = Release|Any CPU
		{BF3C76EA-2C3C-494C-BA31-B28179A8BF53}.Release with Documentation|x86.ActiveCfg = Release|Any CPU
		{BF3C76EA-2C3C-494C-BA31-B28179A8BF53}.Release|Any CPU.ActiveCfg = Release|Any CPU
		{BF3C76EA-2C3C-494C-BA31-B28179A8BF53}.Release|Any CPU.Build.0 = Release|Any CPU
		{BF3C76EA-2C3C-494C-BA31-B28179A8BF53}.Release|x86.ActiveCfg = Release|Any CPU
		{66F2CF1D-59DA-45E6-BB00-ECAB29A98A04}.Debug - Reduced|Any CPU.ActiveCfg = Debug|Any CPU
		{66F2CF1D-59DA-45E6-BB00-ECAB29A98A04}.Debug - Reduced|x86.ActiveCfg = Debug|Any CPU
		{66F2CF1D-59DA-45E6-BB00-ECAB29A98A04}.Debug|Any CPU.ActiveCfg = Debug|Any CPU
		{66F2CF1D-59DA-45E6-BB00-ECAB29A98A04}.Debug|Any CPU.Build.0 = Debug|Any CPU
		{66F2CF1D-59DA-45E6-BB00-ECAB29A98A04}.Debug|x86.ActiveCfg = Debug|Any CPU
		{66F2CF1D-59DA-45E6-BB00-ECAB29A98A04}.Release with Documentation|Any CPU.ActiveCfg = Release|Any CPU
		{66F2CF1D-59DA-45E6-BB00-ECAB29A98A04}.Release with Documentation|Any CPU.Build.0 = Release|Any CPU
		{66F2CF1D-59DA-45E6-BB00-ECAB29A98A04}.Release with Documentation|x86.ActiveCfg = Release|Any CPU
		{66F2CF1D-59DA-45E6-BB00-ECAB29A98A04}.Release|Any CPU.ActiveCfg = Release|Any CPU
		{66F2CF1D-59DA-45E6-BB00-ECAB29A98A04}.Release|Any CPU.Build.0 = Release|Any CPU
		{66F2CF1D-59DA-45E6-BB00-ECAB29A98A04}.Release|x86.ActiveCfg = Release|Any CPU
		{3955595F-CB1E-4947-B741-9F305605298D}.Debug - Reduced|Any CPU.ActiveCfg = Debug|Any CPU
		{3955595F-CB1E-4947-B741-9F305605298D}.Debug - Reduced|x86.ActiveCfg = Debug - Reduced|Any CPU
		{3955595F-CB1E-4947-B741-9F305605298D}.Debug|Any CPU.ActiveCfg = Debug|Any CPU
		{3955595F-CB1E-4947-B741-9F305605298D}.Debug|Any CPU.Build.0 = Debug|Any CPU
		{3955595F-CB1E-4947-B741-9F305605298D}.Debug|x86.ActiveCfg = Debug|Any CPU
		{3955595F-CB1E-4947-B741-9F305605298D}.Release with Documentation|Any CPU.ActiveCfg = Release|Any CPU
		{3955595F-CB1E-4947-B741-9F305605298D}.Release with Documentation|Any CPU.Build.0 = Release|Any CPU
		{3955595F-CB1E-4947-B741-9F305605298D}.Release with Documentation|x86.ActiveCfg = Release|Any CPU
		{3955595F-CB1E-4947-B741-9F305605298D}.Release|Any CPU.ActiveCfg = Release|Any CPU
		{3955595F-CB1E-4947-B741-9F305605298D}.Release|Any CPU.Build.0 = Release|Any CPU
		{3955595F-CB1E-4947-B741-9F305605298D}.Release|x86.ActiveCfg = Release|Any CPU
		{D90C151C-5F70-4890-9B10-97955EC809ED}.Debug - Reduced|Any CPU.ActiveCfg = Debug|Any CPU
		{D90C151C-5F70-4890-9B10-97955EC809ED}.Debug - Reduced|Any CPU.Build.0 = Debug|Any CPU
		{D90C151C-5F70-4890-9B10-97955EC809ED}.Debug - Reduced|x86.ActiveCfg = Debug - Reduced|Any CPU
		{D90C151C-5F70-4890-9B10-97955EC809ED}.Debug|Any CPU.ActiveCfg = Debug|Any CPU
		{D90C151C-5F70-4890-9B10-97955EC809ED}.Debug|Any CPU.Build.0 = Debug|Any CPU
		{D90C151C-5F70-4890-9B10-97955EC809ED}.Debug|x86.ActiveCfg = Debug|Any CPU
		{D90C151C-5F70-4890-9B10-97955EC809ED}.Release with Documentation|Any CPU.ActiveCfg = Release|Any CPU
		{D90C151C-5F70-4890-9B10-97955EC809ED}.Release with Documentation|Any CPU.Build.0 = Release|Any CPU
		{D90C151C-5F70-4890-9B10-97955EC809ED}.Release with Documentation|x86.ActiveCfg = Release|Any CPU
		{D90C151C-5F70-4890-9B10-97955EC809ED}.Release|Any CPU.ActiveCfg = Release|Any CPU
		{D90C151C-5F70-4890-9B10-97955EC809ED}.Release|Any CPU.Build.0 = Release|Any CPU
		{D90C151C-5F70-4890-9B10-97955EC809ED}.Release|x86.ActiveCfg = Release|Any CPU
		{D3751126-7345-4459-994D-8E3A8B5A1B1E}.Debug - Reduced|Any CPU.ActiveCfg = Debug|Any CPU
		{D3751126-7345-4459-994D-8E3A8B5A1B1E}.Debug - Reduced|x86.ActiveCfg = Debug - Reduced|Any CPU
		{D3751126-7345-4459-994D-8E3A8B5A1B1E}.Debug - Reduced|x86.Build.0 = Debug - Reduced|Any CPU
		{D3751126-7345-4459-994D-8E3A8B5A1B1E}.Debug|Any CPU.ActiveCfg = Debug|Any CPU
		{D3751126-7345-4459-994D-8E3A8B5A1B1E}.Debug|Any CPU.Build.0 = Debug|Any CPU
		{D3751126-7345-4459-994D-8E3A8B5A1B1E}.Debug|x86.ActiveCfg = Debug|Any CPU
		{D3751126-7345-4459-994D-8E3A8B5A1B1E}.Debug|x86.Build.0 = Debug|Any CPU
		{D3751126-7345-4459-994D-8E3A8B5A1B1E}.Release with Documentation|Any CPU.ActiveCfg = Release|Any CPU
		{D3751126-7345-4459-994D-8E3A8B5A1B1E}.Release with Documentation|Any CPU.Build.0 = Release|Any CPU
		{D3751126-7345-4459-994D-8E3A8B5A1B1E}.Release with Documentation|x86.ActiveCfg = Release|Any CPU
		{D3751126-7345-4459-994D-8E3A8B5A1B1E}.Release with Documentation|x86.Build.0 = Release|Any CPU
		{D3751126-7345-4459-994D-8E3A8B5A1B1E}.Release|Any CPU.ActiveCfg = Release|Any CPU
		{D3751126-7345-4459-994D-8E3A8B5A1B1E}.Release|Any CPU.Build.0 = Release|Any CPU
		{D3751126-7345-4459-994D-8E3A8B5A1B1E}.Release|x86.ActiveCfg = Release|Any CPU
		{D3751126-7345-4459-994D-8E3A8B5A1B1E}.Release|x86.Build.0 = Release|Any CPU
		{23F0D07E-D1B2-4161-915C-439585AA42A1}.Debug - Reduced|Any CPU.ActiveCfg = Debug|Any CPU
		{23F0D07E-D1B2-4161-915C-439585AA42A1}.Debug - Reduced|x86.ActiveCfg = Debug - Reduced|Any CPU
		{23F0D07E-D1B2-4161-915C-439585AA42A1}.Debug - Reduced|x86.Build.0 = Debug - Reduced|Any CPU
		{23F0D07E-D1B2-4161-915C-439585AA42A1}.Debug|Any CPU.ActiveCfg = Debug|Any CPU
		{23F0D07E-D1B2-4161-915C-439585AA42A1}.Debug|Any CPU.Build.0 = Debug|Any CPU
		{23F0D07E-D1B2-4161-915C-439585AA42A1}.Debug|x86.ActiveCfg = Debug|Any CPU
		{23F0D07E-D1B2-4161-915C-439585AA42A1}.Debug|x86.Build.0 = Debug|Any CPU
		{23F0D07E-D1B2-4161-915C-439585AA42A1}.Release with Documentation|Any CPU.ActiveCfg = Release|Any CPU
		{23F0D07E-D1B2-4161-915C-439585AA42A1}.Release with Documentation|Any CPU.Build.0 = Release|Any CPU
		{23F0D07E-D1B2-4161-915C-439585AA42A1}.Release with Documentation|x86.ActiveCfg = Release|Any CPU
		{23F0D07E-D1B2-4161-915C-439585AA42A1}.Release with Documentation|x86.Build.0 = Release|Any CPU
		{23F0D07E-D1B2-4161-915C-439585AA42A1}.Release|Any CPU.ActiveCfg = Release|Any CPU
		{23F0D07E-D1B2-4161-915C-439585AA42A1}.Release|Any CPU.Build.0 = Release|Any CPU
		{23F0D07E-D1B2-4161-915C-439585AA42A1}.Release|x86.ActiveCfg = Release|Any CPU
		{23F0D07E-D1B2-4161-915C-439585AA42A1}.Release|x86.Build.0 = Release|Any CPU
		{9268BE70-88C4-4806-B307-EF27163A8CD6}.Debug - Reduced|Any CPU.ActiveCfg = Debug|Any CPU
		{9268BE70-88C4-4806-B307-EF27163A8CD6}.Debug - Reduced|x86.ActiveCfg = Debug|Any CPU
		{9268BE70-88C4-4806-B307-EF27163A8CD6}.Debug - Reduced|x86.Build.0 = Debug|Any CPU
		{9268BE70-88C4-4806-B307-EF27163A8CD6}.Debug|Any CPU.ActiveCfg = Debug|Any CPU
		{9268BE70-88C4-4806-B307-EF27163A8CD6}.Debug|Any CPU.Build.0 = Debug|Any CPU
		{9268BE70-88C4-4806-B307-EF27163A8CD6}.Debug|x86.ActiveCfg = Debug|Any CPU
		{9268BE70-88C4-4806-B307-EF27163A8CD6}.Debug|x86.Build.0 = Debug|Any CPU
		{9268BE70-88C4-4806-B307-EF27163A8CD6}.Release with Documentation|Any CPU.ActiveCfg = Release|Any CPU
		{9268BE70-88C4-4806-B307-EF27163A8CD6}.Release with Documentation|Any CPU.Build.0 = Release|Any CPU
		{9268BE70-88C4-4806-B307-EF27163A8CD6}.Release with Documentation|x86.ActiveCfg = Release|Any CPU
		{9268BE70-88C4-4806-B307-EF27163A8CD6}.Release with Documentation|x86.Build.0 = Release|Any CPU
		{9268BE70-88C4-4806-B307-EF27163A8CD6}.Release|Any CPU.ActiveCfg = Release|Any CPU
		{9268BE70-88C4-4806-B307-EF27163A8CD6}.Release|Any CPU.Build.0 = Release|Any CPU
		{9268BE70-88C4-4806-B307-EF27163A8CD6}.Release|x86.ActiveCfg = Release|Any CPU
		{9268BE70-88C4-4806-B307-EF27163A8CD6}.Release|x86.Build.0 = Release|Any CPU
		{58834EE9-9B15-49ED-8B0F-6845611DF89D}.Debug - Reduced|Any CPU.ActiveCfg = Debug|Any CPU
		{58834EE9-9B15-49ED-8B0F-6845611DF89D}.Debug - Reduced|x86.ActiveCfg = Debug|Any CPU
		{58834EE9-9B15-49ED-8B0F-6845611DF89D}.Debug - Reduced|x86.Build.0 = Debug|Any CPU
		{58834EE9-9B15-49ED-8B0F-6845611DF89D}.Debug|Any CPU.ActiveCfg = Debug|Any CPU
		{58834EE9-9B15-49ED-8B0F-6845611DF89D}.Debug|Any CPU.Build.0 = Debug|Any CPU
		{58834EE9-9B15-49ED-8B0F-6845611DF89D}.Debug|x86.ActiveCfg = Debug|Any CPU
		{58834EE9-9B15-49ED-8B0F-6845611DF89D}.Debug|x86.Build.0 = Debug|Any CPU
		{58834EE9-9B15-49ED-8B0F-6845611DF89D}.Release with Documentation|Any CPU.ActiveCfg = Release|Any CPU
		{58834EE9-9B15-49ED-8B0F-6845611DF89D}.Release with Documentation|Any CPU.Build.0 = Release|Any CPU
		{58834EE9-9B15-49ED-8B0F-6845611DF89D}.Release with Documentation|x86.ActiveCfg = Release|Any CPU
		{58834EE9-9B15-49ED-8B0F-6845611DF89D}.Release with Documentation|x86.Build.0 = Release|Any CPU
		{58834EE9-9B15-49ED-8B0F-6845611DF89D}.Release|Any CPU.ActiveCfg = Release|Any CPU
		{58834EE9-9B15-49ED-8B0F-6845611DF89D}.Release|Any CPU.Build.0 = Release|Any CPU
		{58834EE9-9B15-49ED-8B0F-6845611DF89D}.Release|x86.ActiveCfg = Release|Any CPU
		{58834EE9-9B15-49ED-8B0F-6845611DF89D}.Release|x86.Build.0 = Release|Any CPU
		{45A4B337-470A-43D7-86BF-D29BF8D9C1E3}.Debug - Reduced|Any CPU.ActiveCfg = Debug|Any CPU
		{45A4B337-470A-43D7-86BF-D29BF8D9C1E3}.Debug - Reduced|x86.ActiveCfg = Debug|Any CPU
		{45A4B337-470A-43D7-86BF-D29BF8D9C1E3}.Debug - Reduced|x86.Build.0 = Debug|Any CPU
		{45A4B337-470A-43D7-86BF-D29BF8D9C1E3}.Debug|Any CPU.ActiveCfg = Debug|Any CPU
		{45A4B337-470A-43D7-86BF-D29BF8D9C1E3}.Debug|Any CPU.Build.0 = Debug|Any CPU
		{45A4B337-470A-43D7-86BF-D29BF8D9C1E3}.Debug|x86.ActiveCfg = Debug|Any CPU
		{45A4B337-470A-43D7-86BF-D29BF8D9C1E3}.Debug|x86.Build.0 = Debug|Any CPU
		{45A4B337-470A-43D7-86BF-D29BF8D9C1E3}.Release with Documentation|Any CPU.ActiveCfg = Release|Any CPU
		{45A4B337-470A-43D7-86BF-D29BF8D9C1E3}.Release with Documentation|Any CPU.Build.0 = Release|Any CPU
		{45A4B337-470A-43D7-86BF-D29BF8D9C1E3}.Release with Documentation|x86.ActiveCfg = Release|Any CPU
		{45A4B337-470A-43D7-86BF-D29BF8D9C1E3}.Release with Documentation|x86.Build.0 = Release|Any CPU
		{45A4B337-470A-43D7-86BF-D29BF8D9C1E3}.Release|Any CPU.ActiveCfg = Release|Any CPU
		{45A4B337-470A-43D7-86BF-D29BF8D9C1E3}.Release|Any CPU.Build.0 = Release|Any CPU
		{45A4B337-470A-43D7-86BF-D29BF8D9C1E3}.Release|x86.ActiveCfg = Release|Any CPU
		{45A4B337-470A-43D7-86BF-D29BF8D9C1E3}.Release|x86.Build.0 = Release|Any CPU
		{FEBB79A3-73DB-42B3-AC7F-B94AF2E44FD6}.Debug - Reduced|Any CPU.ActiveCfg = Debug|Any CPU
		{FEBB79A3-73DB-42B3-AC7F-B94AF2E44FD6}.Debug - Reduced|x86.ActiveCfg = Debug|Any CPU
		{FEBB79A3-73DB-42B3-AC7F-B94AF2E44FD6}.Debug - Reduced|x86.Build.0 = Debug|Any CPU
		{FEBB79A3-73DB-42B3-AC7F-B94AF2E44FD6}.Debug|Any CPU.ActiveCfg = Debug|Any CPU
		{FEBB79A3-73DB-42B3-AC7F-B94AF2E44FD6}.Debug|Any CPU.Build.0 = Debug|Any CPU
		{FEBB79A3-73DB-42B3-AC7F-B94AF2E44FD6}.Debug|x86.ActiveCfg = Debug|Any CPU
		{FEBB79A3-73DB-42B3-AC7F-B94AF2E44FD6}.Debug|x86.Build.0 = Debug|Any CPU
		{FEBB79A3-73DB-42B3-AC7F-B94AF2E44FD6}.Release with Documentation|Any CPU.ActiveCfg = Release|Any CPU
		{FEBB79A3-73DB-42B3-AC7F-B94AF2E44FD6}.Release with Documentation|Any CPU.Build.0 = Release|Any CPU
		{FEBB79A3-73DB-42B3-AC7F-B94AF2E44FD6}.Release with Documentation|x86.ActiveCfg = Release|Any CPU
		{FEBB79A3-73DB-42B3-AC7F-B94AF2E44FD6}.Release with Documentation|x86.Build.0 = Release|Any CPU
		{FEBB79A3-73DB-42B3-AC7F-B94AF2E44FD6}.Release|Any CPU.ActiveCfg = Release|Any CPU
		{FEBB79A3-73DB-42B3-AC7F-B94AF2E44FD6}.Release|Any CPU.Build.0 = Release|Any CPU
		{FEBB79A3-73DB-42B3-AC7F-B94AF2E44FD6}.Release|x86.ActiveCfg = Release|Any CPU
		{FEBB79A3-73DB-42B3-AC7F-B94AF2E44FD6}.Release|x86.Build.0 = Release|Any CPU
		{810E2213-3AC9-4CA4-804A-3E1C405A599A}.Debug - Reduced|Any CPU.ActiveCfg = Debug|Any CPU
		{810E2213-3AC9-4CA4-804A-3E1C405A599A}.Debug - Reduced|x86.ActiveCfg = Debug|Any CPU
		{810E2213-3AC9-4CA4-804A-3E1C405A599A}.Debug - Reduced|x86.Build.0 = Debug|Any CPU
		{810E2213-3AC9-4CA4-804A-3E1C405A599A}.Debug|Any CPU.ActiveCfg = Debug|Any CPU
		{810E2213-3AC9-4CA4-804A-3E1C405A599A}.Debug|Any CPU.Build.0 = Debug|Any CPU
		{810E2213-3AC9-4CA4-804A-3E1C405A599A}.Debug|x86.ActiveCfg = Debug|Any CPU
		{810E2213-3AC9-4CA4-804A-3E1C405A599A}.Debug|x86.Build.0 = Debug|Any CPU
		{810E2213-3AC9-4CA4-804A-3E1C405A599A}.Release with Documentation|Any CPU.ActiveCfg = Release|Any CPU
		{810E2213-3AC9-4CA4-804A-3E1C405A599A}.Release with Documentation|Any CPU.Build.0 = Release|Any CPU
		{810E2213-3AC9-4CA4-804A-3E1C405A599A}.Release with Documentation|x86.ActiveCfg = Release|Any CPU
		{810E2213-3AC9-4CA4-804A-3E1C405A599A}.Release with Documentation|x86.Build.0 = Release|Any CPU
		{810E2213-3AC9-4CA4-804A-3E1C405A599A}.Release|Any CPU.ActiveCfg = Release|Any CPU
		{810E2213-3AC9-4CA4-804A-3E1C405A599A}.Release|Any CPU.Build.0 = Release|Any CPU
		{810E2213-3AC9-4CA4-804A-3E1C405A599A}.Release|x86.ActiveCfg = Release|Any CPU
		{810E2213-3AC9-4CA4-804A-3E1C405A599A}.Release|x86.Build.0 = Release|Any CPU
	EndGlobalSection
	GlobalSection(SolutionProperties) = preSolution
		HideSolutionNode = FALSE
	EndGlobalSection
	GlobalSection(NestedProjects) = preSolution
		{8D0214CE-67A9-4DE5-A177-BCBD0420D1EF} = {E3647B3A-B903-402A-B7F7-711A4A1512B9}
		{4FE53DF1-45BB-4443-A1AE-B41D3B4D5FF1} = {751F738A-6DBF-4E2B-8FCD-D381E46D979D}
		{7B604F37-11C5-499F-9CE2-943BAFB60552} = {751F738A-6DBF-4E2B-8FCD-D381E46D979D}
		{F37668D8-6423-4019-90D9-3DA81EEC6A1A} = {751F738A-6DBF-4E2B-8FCD-D381E46D979D}
		{9870BA86-B9DC-472C-ACA5-EC45C6B066D5} = {751F738A-6DBF-4E2B-8FCD-D381E46D979D}
		{8E24C71F-308A-43B7-9CC4-CBB561913310} = {751F738A-6DBF-4E2B-8FCD-D381E46D979D}
		{02B5CDF3-298C-4558-B553-30DDE7CFC2B9} = {751F738A-6DBF-4E2B-8FCD-D381E46D979D}
		{58A7C872-B3E6-47CF-8A32-6CAB847BDCE9} = {751F738A-6DBF-4E2B-8FCD-D381E46D979D}
		{D21445EE-13AF-418B-9576-83414990B3A7} = {751F738A-6DBF-4E2B-8FCD-D381E46D979D}
		{AF488075-40E9-48B1-8C5B-2FC5356C9233} = {751F738A-6DBF-4E2B-8FCD-D381E46D979D}
		{7F8EBF72-9B97-46E3-827D-99D829ADFCCD} = {E3647B3A-B903-402A-B7F7-711A4A1512B9}
		{BFF94FCF-B51F-4AD2-8CA1-5290A7B11074} = {E3647B3A-B903-402A-B7F7-711A4A1512B9}
		{45E9F18A-DEFA-4244-A64B-4AA9D8E9574A} = {E3647B3A-B903-402A-B7F7-711A4A1512B9}
		{8C0AF5B7-AB42-4224-9E40-E7298CB5A059} = {E3647B3A-B903-402A-B7F7-711A4A1512B9}
		{B93F4DB5-F660-4265-AD78-C576BB92A097} = {E3647B3A-B903-402A-B7F7-711A4A1512B9}
		{7084F770-64B3-40F6-B64B-5A2B41D49995} = {E3647B3A-B903-402A-B7F7-711A4A1512B9}
		{BF3C76EA-2C3C-494C-BA31-B28179A8BF53} = {E3647B3A-B903-402A-B7F7-711A4A1512B9}
		{66F2CF1D-59DA-45E6-BB00-ECAB29A98A04} = {E3647B3A-B903-402A-B7F7-711A4A1512B9}
		{58834EE9-9B15-49ED-8B0F-6845611DF89D} = {E3647B3A-B903-402A-B7F7-711A4A1512B9}
		{45A4B337-470A-43D7-86BF-D29BF8D9C1E3} = {E3647B3A-B903-402A-B7F7-711A4A1512B9}
		{FEBB79A3-73DB-42B3-AC7F-B94AF2E44FD6} = {E3647B3A-B903-402A-B7F7-711A4A1512B9}
		{810E2213-3AC9-4CA4-804A-3E1C405A599A} = {E3647B3A-B903-402A-B7F7-711A4A1512B9}
	EndGlobalSection
	GlobalSection(ExtensibilityGlobals) = postSolution
		SolutionGuid = {73A9B453-AE71-4A98-B68A-2389573CD311}
	EndGlobalSection
EndGlobal
