
Microsoft Visual Studio Solution File, Format Version 11.00
# Visual Studio 2010
Project("{2150E333-8FDC-42A3-9474-1A3956D46DE8}") = "Solution", "Solution", "{2D5E0A30-FC6C-493C-A756-D5E889809407}"
	ProjectSection(SolutionItems) = preProject
		THANKS = THANKS
		TODO.txt = TODO.txt
		zxing.nunit = zxing.nunit
	EndProjectSection
EndProject
Project("{2150E333-8FDC-42A3-9474-1A3956D46DE8}") = "Clients", "Clients", "{DE3B6078-DB3E-4A14-9AD6-5CC97E4A67ED}"
EndProject
Project("{FAE04EC0-301F-11D3-BF4B-00C04F79EFBC}") = "zxing.wp7.0", "Source\lib\zxing.wp7.0.csproj", "{7144C757-8CA7-4433-8C6F-072C24C43C62}"
EndProject
Project("{FAE04EC0-301F-11D3-BF4B-00C04F79EFBC}") = "zxing.wp7.1", "Source\lib\zxing.wp7.1.csproj", "{EC6F52B8-AF75-4FA2-85C1-82BF77861FFF}"
EndProject
Project("{FAE04EC0-301F-11D3-BF4B-00C04F79EFBC}") = "WindowsPhoneDemo", "Clients\WindowsPhoneDemo\WindowsPhoneDemo.csproj", "{5D7A75D4-21D5-4690-947F-D0578E9FF757}"
EndProject
Global
	GlobalSection(SolutionConfigurationPlatforms) = preSolution
		Debug|Any CPU = Debug|Any CPU
		Debug|Mixed Platforms = Debug|Mixed Platforms
		Debug|x86 = Debug|x86
		Release|Any CPU = Release|Any CPU
		Release|Mixed Platforms = Release|Mixed Platforms
		Release|x86 = Release|x86
	EndGlobalSection
	GlobalSection(ProjectConfigurationPlatforms) = postSolution
		{7144C757-8CA7-4433-8C6F-072C24C43C62}.Debug|Any CPU.ActiveCfg = Debug|Any CPU
		{7144C757-8CA7-4433-8C6F-072C24C43C62}.Debug|Any CPU.Build.0 = Debug|Any CPU
		{7144C757-8CA7-4433-8C6F-072C24C43C62}.Debug|Mixed Platforms.ActiveCfg = Debug|Any CPU
		{7144C757-8CA7-4433-8C6F-072C24C43C62}.Debug|Mixed Platforms.Build.0 = Debug|Any CPU
		{7144C757-8CA7-4433-8C6F-072C24C43C62}.Debug|x86.ActiveCfg = Debug|Any CPU
		{7144C757-8CA7-4433-8C6F-072C24C43C62}.Release|Any CPU.ActiveCfg = Release|Any CPU
		{7144C757-8CA7-4433-8C6F-072C24C43C62}.Release|Any CPU.Build.0 = Release|Any CPU
		{7144C757-8CA7-4433-8C6F-072C24C43C62}.Release|Mixed Platforms.ActiveCfg = Release|Any CPU
		{7144C757-8CA7-4433-8C6F-072C24C43C62}.Release|Mixed Platforms.Build.0 = Release|Any CPU
		{7144C757-8CA7-4433-8C6F-072C24C43C62}.Release|x86.ActiveCfg = Release|Any CPU
		{EC6F52B8-AF75-4FA2-85C1-82BF77861FFF}.Debug|Any CPU.ActiveCfg = Debug|Any CPU
		{EC6F52B8-AF75-4FA2-85C1-82BF77861FFF}.Debug|Any CPU.Build.0 = Debug|Any CPU
		{EC6F52B8-AF75-4FA2-85C1-82BF77861FFF}.Debug|Mixed Platforms.ActiveCfg = Debug|Any CPU
		{EC6F52B8-AF75-4FA2-85C1-82BF77861FFF}.Debug|Mixed Platforms.Build.0 = Debug|Any CPU
		{EC6F52B8-AF75-4FA2-85C1-82BF77861FFF}.Debug|x86.ActiveCfg = Debug|Any CPU
		{EC6F52B8-AF75-4FA2-85C1-82BF77861FFF}.Release|Any CPU.ActiveCfg = Release|Any CPU
		{EC6F52B8-AF75-4FA2-85C1-82BF77861FFF}.Release|Any CPU.Build.0 = Release|Any CPU
		{EC6F52B8-AF75-4FA2-85C1-82BF77861FFF}.Release|Mixed Platforms.ActiveCfg = Release|Any CPU
		{EC6F52B8-AF75-4FA2-85C1-82BF77861FFF}.Release|Mixed Platforms.Build.0 = Release|Any CPU
		{EC6F52B8-AF75-4FA2-85C1-82BF77861FFF}.Release|x86.ActiveCfg = Release|Any CPU
		{5D7A75D4-21D5-4690-947F-D0578E9FF757}.Debug|Any CPU.ActiveCfg = Debug|Any CPU
		{5D7A75D4-21D5-4690-947F-D0578E9FF757}.Debug|Any CPU.Build.0 = Debug|Any CPU
		{5D7A75D4-21D5-4690-947F-D0578E9FF757}.Debug|Any CPU.Deploy.0 = Debug|Any CPU
		{5D7A75D4-21D5-4690-947F-D0578E9FF757}.Debug|Mixed Platforms.ActiveCfg = Debug|Any CPU
		{5D7A75D4-21D5-4690-947F-D0578E9FF757}.Debug|Mixed Platforms.Build.0 = Debug|Any CPU
		{5D7A75D4-21D5-4690-947F-D0578E9FF757}.Debug|Mixed Platforms.Deploy.0 = Debug|Any CPU
		{5D7A75D4-21D5-4690-947F-D0578E9FF757}.Debug|x86.ActiveCfg = Debug|Any CPU
		{5D7A75D4-21D5-4690-947F-D0578E9FF757}.Release|Any CPU.ActiveCfg = Release|Any CPU
		{5D7A75D4-21D5-4690-947F-D0578E9FF757}.Release|Any CPU.Build.0 = Release|Any CPU
		{5D7A75D4-21D5-4690-947F-D0578E9FF757}.Release|Any CPU.Deploy.0 = Release|Any CPU
		{5D7A75D4-21D5-4690-947F-D0578E9FF757}.Release|Mixed Platforms.ActiveCfg = Release|Any CPU
		{5D7A75D4-21D5-4690-947F-D0578E9FF757}.Release|Mixed Platforms.Build.0 = Release|Any CPU
		{5D7A75D4-21D5-4690-947F-D0578E9FF757}.Release|Mixed Platforms.Deploy.0 = Release|Any CPU
		{5D7A75D4-21D5-4690-947F-D0578E9FF757}.Release|x86.ActiveCfg = Release|Any CPU
	EndGlobalSection
	GlobalSection(SolutionProperties) = preSolution
		HideSolutionNode = FALSE
	EndGlobalSection
	GlobalSection(NestedProjects) = preSolution
		{5D7A75D4-21D5-4690-947F-D0578E9FF757} = {DE3B6078-DB3E-4A14-9AD6-5CC97E4A67ED}
	EndGlobalSection
EndGlobal
